{
  "version": 4,
  "terraform_version": "1.0.9",
  "serial": 45,
  "lineage": "d344aedc-ac09-b6b6-cd25-e278d187665d",
  "outputs": {},
  "resources": [
    {
      "mode": "data",
      "type": "aws_acm_certificate",
      "name": "acm_certificate",
      "provider": "provider[\"registry.terraform.io/hashicorp/aws\"].virgina",
      "instances": [
        {
          "schema_version": 0,
          "attributes": {
            "arn": "arn:aws:acm:us-east-1:496124100072:certificate/7089d8ae-123a-49a0-9547-5fc074df9256",
            "domain": "deervision.studio",
            "id": "2021-10-20 08:25:29.124448449 +0000 UTC",
            "key_types": null,
            "most_recent": false,
            "statuses": [
              "ISSUED"
            ],
            "tags": {},
            "types": null
          },
          "sensitive_attributes": []
        }
      ]
    },
    {
      "mode": "data",
      "type": "aws_ami",
      "name": "ubuntu",
      "provider": "provider[\"registry.terraform.io/hashicorp/aws\"]",
      "instances": [
        {
          "schema_version": 0,
          "attributes": {
            "architecture": "x86_64",
            "arn": "arn:aws:ec2:eu-central-1::image/ami-0358b49d1ab873c60",
            "block_device_mappings": [
              {
                "device_name": "/dev/sda1",
                "ebs": {
                  "delete_on_termination": "true",
                  "encrypted": "false",
                  "iops": "0",
                  "snapshot_id": "snap-0068aa0941bee3086",
                  "volume_size": "8",
                  "volume_type": "gp2"
                },
                "no_device": "",
                "virtual_name": ""
              },
              {
                "device_name": "/dev/sdb",
                "ebs": {},
                "no_device": "",
                "virtual_name": "ephemeral0"
              },
              {
                "device_name": "/dev/sdc",
                "ebs": {},
                "no_device": "",
                "virtual_name": "ephemeral1"
              }
            ],
            "creation_date": "2021-10-16T00:09:47.000Z",
            "description": "Canonical, Ubuntu, 20.04 LTS, amd64 focal image build on 2021-10-15",
            "executable_users": null,
            "filter": [
              {
                "name": "name",
                "values": [
                  "ubuntu/images/hvm-ssd/ubuntu-focal-20.04-amd64-server-*"
                ]
              },
              {
                "name": "virtualization-type",
                "values": [
                  "hvm"
                ]
              }
            ],
            "hypervisor": "xen",
            "id": "ami-0358b49d1ab873c60",
            "image_id": "ami-0358b49d1ab873c60",
            "image_location": "099720109477/ubuntu/images/hvm-ssd/ubuntu-focal-20.04-amd64-server-20211015",
            "image_owner_alias": null,
            "image_type": "machine",
            "kernel_id": null,
            "most_recent": true,
            "name": "ubuntu/images/hvm-ssd/ubuntu-focal-20.04-amd64-server-20211015",
            "name_regex": null,
            "owner_id": "099720109477",
            "owners": [
              "099720109477"
            ],
            "platform": null,
            "product_codes": [],
            "public": true,
            "ramdisk_id": null,
            "root_device_name": "/dev/sda1",
            "root_device_type": "ebs",
            "root_snapshot_id": "snap-0068aa0941bee3086",
            "sriov_net_support": "simple",
            "state": "available",
            "state_reason": {
              "code": "UNSET",
              "message": "UNSET"
            },
            "tags": {},
            "virtualization_type": "hvm"
          },
          "sensitive_attributes": []
        }
      ]
    },
    {
      "mode": "data",
      "type": "aws_iam_role",
      "name": "AWSServiceRoleForAutoScaling",
      "provider": "provider[\"registry.terraform.io/hashicorp/aws\"]",
      "instances": [
        {
          "schema_version": 0,
          "attributes": {
            "arn": "arn:aws:iam::496124100072:role/aws-service-role/autoscaling.amazonaws.com/AWSServiceRoleForAutoScaling",
            "assume_role_policy": "{\"Version\":\"2012-10-17\",\"Statement\":[{\"Effect\":\"Allow\",\"Principal\":{\"Service\":\"autoscaling.amazonaws.com\"},\"Action\":\"sts:AssumeRole\"}]}",
            "assume_role_policy_document": null,
            "create_date": "2018-12-01T20:36:47Z",
            "description": "Default Service-Linked Role enables access to AWS Services and Resources used or managed by Auto Scaling",
            "id": "AWSServiceRoleForAutoScaling",
            "max_session_duration": 3600,
            "name": "AWSServiceRoleForAutoScaling",
            "path": "/aws-service-role/autoscaling.amazonaws.com/",
            "permissions_boundary": "",
            "role_id": null,
            "role_name": null,
            "tags": {},
            "unique_id": "AROAJN4T75RSOCV5OHIUC"
          },
          "sensitive_attributes": []
        }
      ]
    },
    {
      "mode": "data",
      "type": "aws_iam_user",
      "name": "user",
      "provider": "provider[\"registry.terraform.io/hashicorp/aws\"]",
      "instances": [
        {
          "schema_version": 0,
          "attributes": {
            "arn": "arn:aws:iam::496124100072:user/deer-vision-user",
            "id": "AIDAXHA2M7XUK6ZCIWK4T",
            "path": "/",
            "permissions_boundary": "",
            "user_id": "AIDAXHA2M7XUK6ZCIWK4T",
            "user_name": "deer-vision-user"
          },
          "sensitive_attributes": []
        }
      ]
    },
    {
      "mode": "data",
      "type": "aws_route53_zone",
      "name": "route53_zone_queried",
      "provider": "provider[\"registry.terraform.io/hashicorp/aws\"]",
      "instances": [
        {
          "schema_version": 0,
          "attributes": {
            "caller_reference": "RISWorkflow-RD:6c883474-82d5-49f7-bf8e-14f6720f7a5e",
            "comment": "HostedZone created by Route53 Registrar",
            "id": "Z10410503O09RPLKKA1SK",
            "linked_service_description": null,
            "linked_service_principal": null,
            "name": "deervision.studio.",
            "name_servers": [
              "ns-349.awsdns-43.com",
              "ns-1226.awsdns-25.org",
              "ns-633.awsdns-15.net",
              "ns-1653.awsdns-14.co.uk"
            ],
            "private_zone": false,
            "resource_record_set_count": 5,
            "tags": {},
            "vpc_id": null,
            "zone_id": "Z10410503O09RPLKKA1SK"
          },
          "sensitive_attributes": []
        }
      ]
    },
    {
      "mode": "managed",
      "type": "aws_cloudfront_distribution",
      "name": "s3_distribution",
      "provider": "provider[\"registry.terraform.io/hashicorp/aws\"]",
      "instances": [
        {
          "schema_version": 1,
          "attributes": {
            "active_trusted_signers": {
              "enabled": "false",
              "items.#": "0"
            },
            "aliases": [
              "deervision.studio"
            ],
            "arn": "arn:aws:cloudfront::496124100072:distribution/E2FMKW303R10B1",
            "cache_behavior": [],
            "caller_reference": "terraform-20211020081846385400000001",
            "comment": "Managed by Terraform",
            "custom_error_response": [
              {
                "error_caching_min_ttl": 0,
                "error_code": 404,
                "response_code": 200,
                "response_page_path": "/index.html"
              }
            ],
            "default_cache_behavior": [
              {
                "allowed_methods": [
                  "DELETE",
                  "GET",
                  "HEAD",
                  "OPTIONS",
                  "PATCH",
                  "POST",
                  "PUT"
                ],
                "cached_methods": [
                  "GET",
                  "HEAD"
                ],
                "compress": true,
                "default_ttl": 3600,
                "field_level_encryption_id": "",
                "forwarded_values": [
                  {
                    "cookies": [
                      {
                        "forward": "none",
                        "whitelisted_names": []
                      }
                    ],
                    "headers": [],
                    "query_string": false,
                    "query_string_cache_keys": []
                  }
                ],
                "lambda_function_association": [],
                "max_ttl": 86400,
                "min_ttl": 0,
                "smooth_streaming": false,
                "target_origin_id": "website",
                "trusted_signers": [],
                "viewer_protocol_policy": "redirect-to-https"
              }
            ],
            "default_root_object": "index.html",
            "domain_name": "d2falsxm8wrpcf.cloudfront.net",
            "enabled": true,
            "etag": "EWWB9APX62KIE",
            "hosted_zone_id": "Z2FDTNDATAQYW2",
            "http_version": "http2",
            "id": "E2FMKW303R10B1",
            "in_progress_validation_batches": 0,
            "is_ipv6_enabled": true,
            "last_modified_time": "2021-10-20 08:18:46.941 +0000 UTC",
            "logging_config": [],
            "ordered_cache_behavior": [],
            "origin": [
              {
                "custom_header": [],
                "custom_origin_config": [],
                "domain_name": "deervision-frontend.s3.eu-central-1.amazonaws.com",
                "origin_id": "website",
                "origin_path": "",
                "s3_origin_config": []
              }
            ],
            "origin_group": [],
            "price_class": "PriceClass_100",
            "restrictions": [
              {
                "geo_restriction": [
                  {
                    "locations": [],
                    "restriction_type": "none"
                  }
                ]
              }
            ],
            "retain_on_delete": false,
            "status": "Deployed",
            "tags": {},
            "viewer_certificate": [
              {
                "acm_certificate_arn": "arn:aws:acm:us-east-1:496124100072:certificate/7089d8ae-123a-49a0-9547-5fc074df9256",
                "cloudfront_default_certificate": false,
                "iam_certificate_id": "",
                "minimum_protocol_version": "TLSv1.2_2019",
                "ssl_support_method": "sni-only"
              }
            ],
            "wait_for_deployment": true,
            "web_acl_id": ""
          },
          "sensitive_attributes": [],
          "private": "eyJzY2hlbWFfdmVyc2lvbiI6IjEifQ==",
          "dependencies": [
            "aws_s3_bucket.storage_frontend",
            "data.aws_acm_certificate.acm_certificate"
          ]
        }
      ]
    },
    {
      "mode": "managed",
      "type": "aws_cloudwatch_log_group",
      "name": "cloudwatch_log_group",
      "provider": "provider[\"registry.terraform.io/hashicorp/aws\"]",
      "instances": [
        {
          "schema_version": 0,
          "attributes": {
            "arn": "arn:aws:logs:eu-central-1:496124100072:log-group:deervisionLogsGroup:*",
            "id": "deervisionLogsGroup",
            "kms_key_id": "",
            "name": "deervisionLogsGroup",
            "name_prefix": null,
            "retention_in_days": 60,
            "tags": {
              "Application": "deervision"
            }
          },
          "sensitive_attributes": [],
          "private": "bnVsbA=="
        }
      ]
    },
    {
      "mode": "managed",
      "type": "aws_codedeploy_app",
      "name": "codedeploy_app",
      "provider": "provider[\"registry.terraform.io/hashicorp/aws\"]",
      "instances": [
        {
          "schema_version": 0,
          "attributes": {
            "compute_platform": "Server",
            "id": "5acfecbe-299e-49f2-a41f-63afcb0b96d4:deervisionApp",
            "name": "deervisionApp",
            "unique_id": null
          },
          "sensitive_attributes": [],
          "private": "bnVsbA=="
        }
      ]
    },
    {
      "mode": "managed",
      "type": "aws_codedeploy_deployment_group",
      "name": "deployment_group",
      "provider": "provider[\"registry.terraform.io/hashicorp/aws\"]",
      "instances": [
        {
          "schema_version": 0,
          "attributes": {
            "alarm_configuration": [],
            "app_name": "deervisionApp",
            "auto_rollback_configuration": [],
            "autoscaling_groups": [],
            "blue_green_deployment_config": [],
            "deployment_config_name": "CodeDeployDefault.AllAtOnce",
            "deployment_group_name": "deervisionDeploymentGroup",
            "deployment_style": [
              {
                "deployment_option": "WITHOUT_TRAFFIC_CONTROL",
                "deployment_type": "IN_PLACE"
              }
            ],
            "ec2_tag_filter": [],
            "ec2_tag_set": [
              {
                "ec2_tag_filter": [
                  {
                    "key": "Application",
                    "type": "KEY_AND_VALUE",
                    "value": "deervision"
                  }
                ]
              }
            ],
            "ecs_service": [],
            "id": "ec762d8a-4842-41a7-af4a-7ad587cbac22",
            "load_balancer_info": [],
            "on_premises_instance_tag_filter": [],
            "service_role_arn": "arn:aws:iam::496124100072:role/deervisionCodeDeployRole",
            "trigger_configuration": []
          },
          "sensitive_attributes": [],
          "private": "bnVsbA==",
          "dependencies": [
            "aws_codedeploy_app.codedeploy_app",
            "aws_iam_role.deployment_role"
          ]
        }
      ]
    },
    {
      "mode": "managed",
      "type": "aws_efs_file_system",
      "name": "efs",
      "provider": "provider[\"registry.terraform.io/hashicorp/aws\"]",
      "instances": [
        {
          "schema_version": 0,
          "attributes": {
            "arn": "arn:aws:elasticfilesystem:eu-central-1:496124100072:file-system/fs-093f81e1c2e4bd270",
            "creation_token": "deervisionEfsToken",
            "dns_name": "fs-093f81e1c2e4bd270.efs.eu-central-1.amazonaws.com",
            "encrypted": false,
            "id": "fs-093f81e1c2e4bd270",
            "kms_key_id": "",
            "lifecycle_policy": [],
            "performance_mode": "generalPurpose",
            "provisioned_throughput_in_mibps": 0,
            "reference_name": null,
            "tags": {
              "Application": "deervision",
              "Name": "deervisionEfsName"
            },
            "throughput_mode": "bursting"
          },
          "sensitive_attributes": [],
          "private": "bnVsbA=="
        }
      ]
    },
    {
      "mode": "managed",
      "type": "aws_efs_mount_target",
      "name": "efs_mount_target",
      "provider": "provider[\"registry.terraform.io/hashicorp/aws\"]",
      "instances": [
        {
          "index_key": 0,
          "schema_version": 0,
          "attributes": {
            "availability_zone_id": "euc1-az2",
            "availability_zone_name": "eu-central-1a",
            "dns_name": "fs-093f81e1c2e4bd270.efs.eu-central-1.amazonaws.com",
            "file_system_arn": "arn:aws:elasticfilesystem:eu-central-1:496124100072:file-system/fs-093f81e1c2e4bd270",
            "file_system_id": "fs-093f81e1c2e4bd270",
            "id": "fsmt-04f1557df6c1241c2",
            "ip_address": "10.0.0.108",
            "mount_target_dns_name": "eu-central-1a.fs-093f81e1c2e4bd270.efs.eu-central-1.amazonaws.com",
            "network_interface_id": "eni-0129af1574e80eee1",
            "owner_id": "496124100072",
            "security_groups": [
              "sg-04a11fbb24fc2f683"
            ],
            "subnet_id": "subnet-0c8ad57af2ef6100f"
          },
          "sensitive_attributes": [],
          "private": "bnVsbA==",
          "dependencies": [
            "aws_subnet.public_subnet",
            "aws_vpc.vpc",
            "aws_efs_file_system.efs",
            "aws_security_group.efs_sg",
            "aws_security_group.instance_sg"
          ]
        },
        {
          "index_key": 1,
          "schema_version": 0,
          "attributes": {
            "availability_zone_id": "euc1-az3",
            "availability_zone_name": "eu-central-1b",
            "dns_name": "fs-093f81e1c2e4bd270.efs.eu-central-1.amazonaws.com",
            "file_system_arn": "arn:aws:elasticfilesystem:eu-central-1:496124100072:file-system/fs-093f81e1c2e4bd270",
            "file_system_id": "fs-093f81e1c2e4bd270",
            "id": "fsmt-07048802e31ebe272",
            "ip_address": "10.0.1.171",
            "mount_target_dns_name": "eu-central-1b.fs-093f81e1c2e4bd270.efs.eu-central-1.amazonaws.com",
            "network_interface_id": "eni-051faa6e48c6cac0a",
            "owner_id": "496124100072",
            "security_groups": [
              "sg-04a11fbb24fc2f683"
            ],
            "subnet_id": "subnet-0ff9765b26b378ccf"
          },
          "sensitive_attributes": [],
          "private": "bnVsbA==",
          "dependencies": [
            "aws_efs_file_system.efs",
            "aws_security_group.efs_sg",
            "aws_security_group.instance_sg",
            "aws_subnet.public_subnet",
            "aws_vpc.vpc"
          ]
        },
        {
          "index_key": 2,
          "schema_version": 0,
          "attributes": {
            "availability_zone_id": "euc1-az1",
            "availability_zone_name": "eu-central-1c",
            "dns_name": "fs-093f81e1c2e4bd270.efs.eu-central-1.amazonaws.com",
            "file_system_arn": "arn:aws:elasticfilesystem:eu-central-1:496124100072:file-system/fs-093f81e1c2e4bd270",
            "file_system_id": "fs-093f81e1c2e4bd270",
            "id": "fsmt-0de7bea878ac72f40",
            "ip_address": "10.0.2.24",
            "mount_target_dns_name": "eu-central-1c.fs-093f81e1c2e4bd270.efs.eu-central-1.amazonaws.com",
            "network_interface_id": "eni-009f2a4bbc7121a17",
            "owner_id": "496124100072",
            "security_groups": [
              "sg-04a11fbb24fc2f683"
            ],
            "subnet_id": "subnet-0c96c82e9ab3ab6be"
          },
          "sensitive_attributes": [],
          "private": "bnVsbA==",
          "dependencies": [
            "aws_efs_file_system.efs",
            "aws_security_group.efs_sg",
            "aws_security_group.instance_sg",
            "aws_subnet.public_subnet",
            "aws_vpc.vpc"
          ]
        }
      ]
    },
    {
      "mode": "managed",
      "type": "aws_eip",
      "name": "eip",
      "provider": "provider[\"registry.terraform.io/hashicorp/aws\"]",
      "instances": [
        {
          "schema_version": 0,
          "attributes": {
            "allocation_id": null,
            "associate_with_private_ip": null,
            "association_id": "eipassoc-0d012af4f40b930dd",
            "customer_owned_ip": "",
            "customer_owned_ipv4_pool": "",
            "domain": "vpc",
            "id": "eipalloc-c78d64c6",
            "instance": "i-0e2d5870a59ac1d1b",
            "network_interface": "eni-0fc2ecba4da4f85fc",
            "private_dns": "ip-10-0-0-151.eu-central-1.compute.internal",
            "private_ip": "10.0.0.151",
            "public_dns": "ec2-3-126-239-192.eu-central-1.compute.amazonaws.com",
            "public_ip": "3.126.239.192",
            "public_ipv4_pool": "amazon",
            "tags": {},
            "timeouts": null,
            "vpc": true
          },
          "sensitive_attributes": [],
          "private": "eyJlMmJmYjczMC1lY2FhLTExZTYtOGY4OC0zNDM2M2JjN2M0YzAiOnsiZGVsZXRlIjoxODAwMDAwMDAwMDAsInJlYWQiOjkwMDAwMDAwMDAwMCwidXBkYXRlIjozMDAwMDAwMDAwMDB9fQ==",
          "dependencies": [
            "aws_efs_file_system.efs",
            "aws_iam_instance_profile.instance_profile",
            "aws_instance.instance",
            "aws_kms_key.ebs_kms_key",
            "aws_security_group.instance_sg",
            "aws_subnet.public_subnet",
            "data.aws_ami.ubuntu"
          ]
        }
      ]
    },
    {
      "mode": "managed",
      "type": "aws_iam_instance_profile",
      "name": "instance_profile",
      "provider": "provider[\"registry.terraform.io/hashicorp/aws\"]",
      "instances": [
        {
          "schema_version": 0,
          "attributes": {
            "arn": "arn:aws:iam::496124100072:instance-profile/deervisionInstanceProfile",
            "create_date": "2021-10-20T08:18:46Z",
            "id": "deervisionInstanceProfile",
            "name": "deervisionInstanceProfile",
            "name_prefix": null,
            "path": "/",
            "role": "deervisionInstanceRole",
            "roles": [
              "deervisionInstanceRole"
            ],
            "unique_id": "AIPAXHA2M7XUIEAL4ACZS"
          },
          "sensitive_attributes": [],
          "private": "bnVsbA==",
          "dependencies": [
            "aws_iam_role.instance_role"
          ]
        }
      ]
    },
    {
      "mode": "managed",
      "type": "aws_iam_role",
      "name": "deployment_role",
      "provider": "provider[\"registry.terraform.io/hashicorp/aws\"]",
      "instances": [
        {
          "schema_version": 0,
          "attributes": {
            "arn": "arn:aws:iam::496124100072:role/deervisionCodeDeployRole",
            "assume_role_policy": "{\"Version\":\"2012-10-17\",\"Statement\":[{\"Sid\":\"\",\"Effect\":\"Allow\",\"Principal\":{\"Service\":\"codedeploy.amazonaws.com\"},\"Action\":\"sts:AssumeRole\"}]}",
            "create_date": "2021-10-20T08:10:45Z",
            "description": "Allow CodeDeploy service to access autoscale, EC2 and SNS",
            "force_detach_policies": false,
            "id": "deervisionCodeDeployRole",
            "max_session_duration": 3600,
            "name": "deervisionCodeDeployRole",
            "name_prefix": null,
            "path": "/",
            "permissions_boundary": null,
            "tags": {
              "Application": "deervision"
            },
            "unique_id": "AROAXHA2M7XUP2JMLN3DD"
          },
          "sensitive_attributes": [],
          "private": "bnVsbA=="
        }
      ]
    },
    {
      "mode": "managed",
      "type": "aws_iam_role",
      "name": "instance_role",
      "provider": "provider[\"registry.terraform.io/hashicorp/aws\"]",
      "instances": [
        {
          "schema_version": 0,
          "attributes": {
            "arn": "arn:aws:iam::496124100072:role/deervisionInstanceRole",
            "assume_role_policy": "{\"Version\":\"2012-10-17\",\"Statement\":[{\"Sid\":\"\",\"Effect\":\"Allow\",\"Principal\":{\"Service\":\"ec2.amazonaws.com\"},\"Action\":\"sts:AssumeRole\"}]}",
            "create_date": "2021-10-20T08:10:45Z",
            "description": "Allow EC2 instances to access to S3/SNS/SQS (code deploy agent) and Route53 (let's encrypt)",
            "force_detach_policies": false,
            "id": "deervisionInstanceRole",
            "max_session_duration": 3600,
            "name": "deervisionInstanceRole",
            "name_prefix": null,
            "path": "/",
            "permissions_boundary": null,
            "tags": {
              "Application": "deervision"
            },
            "unique_id": "AROAXHA2M7XUIG5EDFECO"
          },
          "sensitive_attributes": [],
          "private": "bnVsbA=="
        }
      ]
    },
    {
      "mode": "managed",
      "type": "aws_iam_role_policy_attachment",
      "name": "AWSCodeDeployRole",
      "provider": "provider[\"registry.terraform.io/hashicorp/aws\"]",
      "instances": [
        {
          "schema_version": 0,
          "attributes": {
            "id": "deervisionCodeDeployRole-20211020081047164900000005",
            "policy_arn": "arn:aws:iam::aws:policy/service-role/AWSCodeDeployRole",
            "role": "deervisionCodeDeployRole"
          },
          "sensitive_attributes": [],
          "private": "bnVsbA==",
          "dependencies": [
            "aws_iam_role.deployment_role"
          ]
        }
      ]
    },
    {
      "mode": "managed",
      "type": "aws_iam_role_policy_attachment",
      "name": "AmazonEC2RoleforAWSCodeDeploy",
      "provider": "provider[\"registry.terraform.io/hashicorp/aws\"]",
      "instances": [
        {
          "schema_version": 0,
          "attributes": {
            "id": "deervisionInstanceRole-20211020081046723900000004",
            "policy_arn": "arn:aws:iam::aws:policy/service-role/AmazonEC2RoleforAWSCodeDeploy",
            "role": "deervisionInstanceRole"
          },
          "sensitive_attributes": [],
          "private": "bnVsbA==",
          "dependencies": [
            "aws_iam_role.instance_role"
          ]
        }
      ]
    },
    {
      "mode": "managed",
      "type": "aws_iam_role_policy_attachment",
      "name": "AmazonRoute53FullAccess",
      "provider": "provider[\"registry.terraform.io/hashicorp/aws\"]",
      "instances": [
        {
          "schema_version": 0,
          "attributes": {
            "id": "deervisionInstanceRole-20211020081046717000000003",
            "policy_arn": "arn:aws:iam::aws:policy/AmazonRoute53FullAccess",
            "role": "deervisionInstanceRole"
          },
          "sensitive_attributes": [],
          "private": "bnVsbA==",
          "dependencies": [
            "aws_iam_role.instance_role"
          ]
        }
      ]
    },
    {
      "mode": "managed",
      "type": "aws_iam_role_policy_attachment",
      "name": "AutoScalingNotificationAccessRole",
      "provider": "provider[\"registry.terraform.io/hashicorp/aws\"]",
      "instances": [
        {
          "schema_version": 0,
          "attributes": {
            "id": "deervisionInstanceRole-20211020081046713300000002",
            "policy_arn": "arn:aws:iam::aws:policy/service-role/AutoScalingNotificationAccessRole",
            "role": "deervisionInstanceRole"
          },
          "sensitive_attributes": [],
          "private": "bnVsbA==",
          "dependencies": [
            "aws_iam_role.instance_role"
          ]
        }
      ]
    },
    {
      "mode": "managed",
      "type": "aws_iam_role_policy_attachment",
      "name": "CloudWatchAgentAdminPolicy",
      "provider": "provider[\"registry.terraform.io/hashicorp/aws\"]",
      "instances": [
        {
          "schema_version": 0,
          "attributes": {
            "id": "deervisionInstanceRole-20211020081046712100000001",
            "policy_arn": "arn:aws:iam::aws:policy/CloudWatchAgentAdminPolicy",
            "role": "deervisionInstanceRole"
          },
          "sensitive_attributes": [],
          "private": "bnVsbA==",
          "dependencies": [
            "aws_iam_role.instance_role"
          ]
        }
      ]
    },
    {
      "mode": "managed",
      "type": "aws_instance",
      "name": "instance",
      "provider": "provider[\"registry.terraform.io/hashicorp/aws\"]",
      "instances": [
        {
          "schema_version": 1,
          "attributes": {
            "ami": "ami-0358b49d1ab873c60",
            "arn": "arn:aws:ec2:eu-central-1:496124100072:instance/i-0e2d5870a59ac1d1b",
            "associate_public_ip_address": true,
            "availability_zone": "eu-central-1a",
            "cpu_core_count": 1,
            "cpu_threads_per_core": 1,
            "credit_specification": [
              {
                "cpu_credits": "standard"
              }
            ],
            "disable_api_termination": false,
            "ebs_block_device": [
              {
                "delete_on_termination": true,
                "device_name": "/dev/sda1",
                "encrypted": true,
                "iops": 100,
                "kms_key_id": "arn:aws:kms:eu-central-1:496124100072:key/5a3ebba7-084e-4c3f-b352-c319db636bfd",
                "snapshot_id": "snap-0068aa0941bee3086",
                "volume_id": "vol-0db2e65f4a396fddc",
                "volume_size": 8,
                "volume_type": "gp2"
              }
            ],
            "ebs_optimized": false,
            "ephemeral_block_device": [],
            "get_password_data": false,
            "hibernation": false,
            "host_id": null,
            "iam_instance_profile": "deervisionInstanceProfile",
            "id": "i-0e2d5870a59ac1d1b",
            "instance_initiated_shutdown_behavior": null,
            "instance_state": "running",
            "instance_type": "t2.micro",
            "ipv6_address_count": 0,
            "ipv6_addresses": [],
            "key_name": "deervision",
            "metadata_options": [
              {
                "http_endpoint": "enabled",
                "http_put_response_hop_limit": 1,
                "http_tokens": "optional"
              }
            ],
            "monitoring": false,
            "network_interface": [],
            "network_interface_id": null,
            "outpost_arn": "",
            "password_data": "",
            "placement_group": "",
            "primary_network_interface_id": "eni-0fc2ecba4da4f85fc",
            "private_dns": "ip-10-0-0-151.eu-central-1.compute.internal",
            "private_ip": "10.0.0.151",
            "public_dns": "ec2-3-120-193-249.eu-central-1.compute.amazonaws.com",
            "public_ip": "3.120.193.249",
            "root_block_device": [
              {
                "delete_on_termination": true,
                "device_name": "/dev/sda1",
                "encrypted": true,
                "iops": 100,
                "kms_key_id": "arn:aws:kms:eu-central-1:496124100072:key/5a3ebba7-084e-4c3f-b352-c319db636bfd",
                "volume_id": "vol-0db2e65f4a396fddc",
                "volume_size": 8,
                "volume_type": "gp2"
              }
            ],
            "security_groups": [],
            "source_dest_check": true,
            "subnet_id": "subnet-0c8ad57af2ef6100f",
            "tags": {
              "Application": "deervision",
              "Name": "deervisionInstance"
            },
            "tenancy": "default",
            "timeouts": null,
            "user_data": "3517075aebcb7d5f63a0b9b936a5ccb553529288",
            "user_data_base64": null,
            "volume_tags": {},
            "vpc_security_group_ids": [
              "sg-0698162f7c3484fce"
            ]
          },
          "sensitive_attributes": [],
          "private": "eyJlMmJmYjczMC1lY2FhLTExZTYtOGY4OC0zNDM2M2JjN2M0YzAiOnsiY3JlYXRlIjo2MDAwMDAwMDAwMDAsImRlbGV0ZSI6MTIwMDAwMDAwMDAwMCwidXBkYXRlIjo2MDAwMDAwMDAwMDB9LCJzY2hlbWFfdmVyc2lvbiI6IjEifQ==",
          "dependencies": [
            "aws_efs_file_system.efs",
            "aws_iam_instance_profile.instance_profile",
            "aws_kms_key.ebs_kms_key",
            "aws_security_group.instance_sg",
            "aws_subnet.public_subnet",
            "data.aws_ami.ubuntu"
          ]
        }
      ]
    },
    {
      "mode": "managed",
      "type": "aws_internet_gateway",
      "name": "igw",
      "provider": "provider[\"registry.terraform.io/hashicorp/aws\"]",
      "instances": [
        {
          "schema_version": 0,
          "attributes": {
            "arn": "arn:aws:ec2:eu-central-1:496124100072:internet-gateway/igw-0b0669cddd4f51a2f",
            "id": "igw-0b0669cddd4f51a2f",
            "owner_id": "496124100072",
            "tags": {
              "Application": "deervision",
              "Name": "deervisionIGW"
            },
            "vpc_id": "vpc-09f704b6ef8b68c5e"
          },
          "sensitive_attributes": [],
          "private": "bnVsbA==",
          "dependencies": [
            "aws_vpc.vpc"
          ]
        }
      ]
    },
    {
      "mode": "managed",
      "type": "aws_kms_alias",
      "name": "ebs_kms_key_alias",
      "provider": "provider[\"registry.terraform.io/hashicorp/aws\"]",
      "instances": [
        {
          "schema_version": 0,
          "attributes": {
            "arn": "arn:aws:kms:eu-central-1:496124100072:alias/deervisionEbsKmsKey",
            "id": "alias/deervisionEbsKmsKey",
            "name": "alias/deervisionEbsKmsKey",
            "name_prefix": null,
            "target_key_arn": "arn:aws:kms:eu-central-1:496124100072:key/5a3ebba7-084e-4c3f-b352-c319db636bfd",
            "target_key_id": "5a3ebba7-084e-4c3f-b352-c319db636bfd"
          },
          "sensitive_attributes": [],
          "private": "bnVsbA==",
          "dependencies": [
            "aws_kms_key.ebs_kms_key",
            "data.aws_iam_role.AWSServiceRoleForAutoScaling",
            "data.aws_iam_user.user"
          ]
        }
      ]
    },
    {
      "mode": "managed",
      "type": "aws_kms_key",
      "name": "ebs_kms_key",
      "provider": "provider[\"registry.terraform.io/hashicorp/aws\"]",
      "instances": [
        {
          "schema_version": 0,
          "attributes": {
            "arn": "arn:aws:kms:eu-central-1:496124100072:key/5a3ebba7-084e-4c3f-b352-c319db636bfd",
            "customer_master_key_spec": "SYMMETRIC_DEFAULT",
            "deletion_window_in_days": null,
            "description": "deervision EBS KMS Key",
            "enable_key_rotation": false,
            "id": "5a3ebba7-084e-4c3f-b352-c319db636bfd",
            "is_enabled": true,
            "key_id": "5a3ebba7-084e-4c3f-b352-c319db636bfd",
            "key_usage": "ENCRYPT_DECRYPT",
            "policy": "{\"Id\":\"key-default-1\",\"Statement\":[{\"Action\":\"kms:*\",\"Effect\":\"Allow\",\"Principal\":{\"AWS\":[\"arn:aws:iam::496124100072:role/aws-service-role/autoscaling.amazonaws.com/AWSServiceRoleForAutoScaling\",\"arn:aws:iam::496124100072:user/deer-vision-user\"]},\"Resource\":\"*\",\"Sid\":\"Enable IAM User Permissions\"}],\"Version\":\"2012-10-17\"}",
            "tags": {
              "Application": "deervision"
            }
          },
          "sensitive_attributes": [],
          "private": "bnVsbA==",
          "dependencies": [
            "data.aws_iam_role.AWSServiceRoleForAutoScaling",
            "data.aws_iam_user.user"
          ]
        }
      ]
    },
    {
      "mode": "managed",
      "type": "aws_network_acl",
      "name": "network_acl",
      "provider": "provider[\"registry.terraform.io/hashicorp/aws\"]",
      "instances": [
        {
          "schema_version": 0,
          "attributes": {
            "arn": "arn:aws:ec2:eu-central-1:496124100072:network-acl/acl-0eddefa39dfb89bc3",
            "egress": [
              {
                "action": "allow",
                "cidr_block": "0.0.0.0/0",
                "from_port": 1024,
                "icmp_code": 0,
                "icmp_type": 0,
                "ipv6_cidr_block": "",
                "protocol": "6",
                "rule_no": 100,
                "to_port": 65535
              },
              {
                "action": "allow",
                "cidr_block": "0.0.0.0/0",
                "from_port": 443,
                "icmp_code": 0,
                "icmp_type": 0,
                "ipv6_cidr_block": "",
                "protocol": "6",
                "rule_no": 110,
                "to_port": 443
              },
              {
                "action": "allow",
                "cidr_block": "0.0.0.0/0",
                "from_port": 80,
                "icmp_code": 0,
                "icmp_type": 0,
                "ipv6_cidr_block": "",
                "protocol": "6",
                "rule_no": 120,
                "to_port": 80
              }
            ],
            "id": "acl-0eddefa39dfb89bc3",
            "ingress": [
              {
                "action": "allow",
                "cidr_block": "0.0.0.0/0",
                "from_port": 1024,
                "icmp_code": 0,
                "icmp_type": 0,
                "ipv6_cidr_block": "",
                "protocol": "6",
                "rule_no": 130,
                "to_port": 65535
              },
              {
                "action": "allow",
                "cidr_block": "0.0.0.0/0",
                "from_port": 22,
                "icmp_code": 0,
                "icmp_type": 0,
                "ipv6_cidr_block": "",
                "protocol": "6",
                "rule_no": 120,
                "to_port": 22
              },
              {
                "action": "allow",
                "cidr_block": "0.0.0.0/0",
                "from_port": 443,
                "icmp_code": 0,
                "icmp_type": 0,
                "ipv6_cidr_block": "",
                "protocol": "6",
                "rule_no": 100,
                "to_port": 443
              },
              {
                "action": "allow",
                "cidr_block": "0.0.0.0/0",
                "from_port": 80,
                "icmp_code": 0,
                "icmp_type": 0,
                "ipv6_cidr_block": "",
                "protocol": "6",
                "rule_no": 110,
                "to_port": 80
              }
            ],
            "owner_id": "496124100072",
            "subnet_id": null,
            "subnet_ids": [
              "subnet-0c8ad57af2ef6100f",
              "subnet-0c96c82e9ab3ab6be",
              "subnet-0ff9765b26b378ccf"
            ],
            "tags": {
              "Application": "deervision",
              "Name": "deervisionNetworkACL"
            },
            "vpc_id": "vpc-09f704b6ef8b68c5e"
          },
          "sensitive_attributes": [],
          "private": "bnVsbA==",
          "dependencies": [
            "aws_vpc.vpc",
            "aws_subnet.public_subnet"
          ]
        }
      ]
    },
    {
      "mode": "managed",
      "type": "aws_route53_record",
      "name": "dns_record_backend",
      "provider": "provider[\"registry.terraform.io/hashicorp/aws\"]",
      "instances": [
        {
          "schema_version": 2,
          "attributes": {
            "alias": [],
            "allow_overwrite": null,
            "failover_routing_policy": [],
            "fqdn": "backend.deervision.studio",
            "geolocation_routing_policy": [],
            "health_check_id": "",
            "id": "Z10410503O09RPLKKA1SK_backend_A",
            "latency_routing_policy": [],
            "multivalue_answer_routing_policy": null,
            "name": "backend",
            "records": [
              "3.126.239.192"
            ],
            "set_identifier": "",
            "ttl": 60,
            "type": "A",
            "weighted_routing_policy": [],
            "zone_id": "Z10410503O09RPLKKA1SK"
          },
          "sensitive_attributes": [],
          "private": "eyJzY2hlbWFfdmVyc2lvbiI6IjIifQ==",
          "dependencies": [
            "aws_instance.instance",
            "aws_security_group.instance_sg",
            "data.aws_iam_user.user",
            "aws_iam_role.instance_role",
            "aws_kms_key.ebs_kms_key",
            "aws_subnet.public_subnet",
            "aws_vpc.vpc",
            "data.aws_ami.ubuntu",
            "aws_efs_file_system.efs",
            "aws_eip.eip",
            "aws_iam_instance_profile.instance_profile",
            "data.aws_iam_role.AWSServiceRoleForAutoScaling",
            "data.aws_route53_zone.route53_zone_queried"
          ]
        }
      ]
    },
    {
      "mode": "managed",
      "type": "aws_route53_record",
      "name": "dns_record_front",
      "provider": "provider[\"registry.terraform.io/hashicorp/aws\"]",
      "instances": [
        {
          "schema_version": 2,
          "attributes": {
            "alias": [
              {
                "evaluate_target_health": true,
                "name": "d2falsxm8wrpcf.cloudfront.net",
                "zone_id": "Z2FDTNDATAQYW2"
              }
            ],
            "allow_overwrite": null,
            "failover_routing_policy": [],
            "fqdn": "deervision.studio",
            "geolocation_routing_policy": [],
            "health_check_id": "",
            "id": "Z10410503O09RPLKKA1SK__A",
            "latency_routing_policy": [],
            "multivalue_answer_routing_policy": null,
            "name": "",
            "records": [],
            "set_identifier": "",
            "ttl": 0,
            "type": "A",
            "weighted_routing_policy": [],
            "zone_id": "Z10410503O09RPLKKA1SK"
          },
          "sensitive_attributes": [],
          "private": "eyJzY2hlbWFfdmVyc2lvbiI6IjIifQ==",
          "dependencies": [
            "aws_cloudfront_distribution.s3_distribution",
            "aws_s3_bucket.storage_frontend",
            "data.aws_acm_certificate.acm_certificate",
            "data.aws_route53_zone.route53_zone_queried"
          ]
        }
      ]
    },
    {
      "mode": "managed",
      "type": "aws_route_table",
      "name": "route",
      "provider": "provider[\"registry.terraform.io/hashicorp/aws\"]",
      "instances": [
        {
          "schema_version": 0,
          "attributes": {
            "id": "rtb-0aa6714c32719f46b",
            "owner_id": "496124100072",
            "propagating_vgws": [],
            "route": [
              {
                "cidr_block": "0.0.0.0/0",
                "egress_only_gateway_id": "",
                "gateway_id": "igw-0b0669cddd4f51a2f",
                "instance_id": "",
                "ipv6_cidr_block": "",
                "nat_gateway_id": "",
                "network_interface_id": "",
                "transit_gateway_id": "",
                "vpc_peering_connection_id": ""
              }
            ],
            "tags": {
              "Application": "deervision",
              "Name": "deervisionRoute"
            },
            "vpc_id": "vpc-09f704b6ef8b68c5e"
          },
          "sensitive_attributes": [],
          "private": "bnVsbA==",
          "dependencies": [
            "aws_internet_gateway.igw",
            "aws_vpc.vpc"
          ]
        }
      ]
    },
    {
      "mode": "managed",
      "type": "aws_route_table_association",
      "name": "route_association",
      "provider": "provider[\"registry.terraform.io/hashicorp/aws\"]",
      "instances": [
        {
          "index_key": 0,
          "schema_version": 0,
          "attributes": {
            "gateway_id": null,
            "id": "rtbassoc-09a3ded528f47cdb1",
            "route_table_id": "rtb-0aa6714c32719f46b",
            "subnet_id": "subnet-0c8ad57af2ef6100f"
          },
          "sensitive_attributes": [],
          "private": "bnVsbA==",
          "dependencies": [
            "aws_internet_gateway.igw",
            "aws_route_table.route",
            "aws_subnet.public_subnet",
            "aws_vpc.vpc"
          ]
        },
        {
          "index_key": 1,
          "schema_version": 0,
          "attributes": {
            "gateway_id": null,
            "id": "rtbassoc-0c8fc66c7cb176c06",
            "route_table_id": "rtb-0aa6714c32719f46b",
            "subnet_id": "subnet-0ff9765b26b378ccf"
          },
          "sensitive_attributes": [],
          "private": "bnVsbA==",
          "dependencies": [
            "aws_internet_gateway.igw",
            "aws_route_table.route",
            "aws_subnet.public_subnet",
            "aws_vpc.vpc"
          ]
        },
        {
          "index_key": 2,
          "schema_version": 0,
          "attributes": {
            "gateway_id": null,
            "id": "rtbassoc-0a6e7a5ffc08d39f9",
            "route_table_id": "rtb-0aa6714c32719f46b",
            "subnet_id": "subnet-0c96c82e9ab3ab6be"
          },
          "sensitive_attributes": [],
          "private": "bnVsbA==",
          "dependencies": [
            "aws_vpc.vpc",
            "aws_internet_gateway.igw",
            "aws_route_table.route",
            "aws_subnet.public_subnet"
          ]
        }
      ]
    },
    {
      "mode": "managed",
      "type": "aws_s3_bucket",
      "name": "storage_backend",
      "provider": "provider[\"registry.terraform.io/hashicorp/aws\"]",
      "instances": [
        {
          "schema_version": 0,
          "attributes": {
            "acceleration_status": "",
            "acl": "private",
            "arn": "arn:aws:s3:::deervision-backend",
            "bucket": "deervision-backend",
            "bucket_domain_name": "deervision-backend.s3.amazonaws.com",
            "bucket_prefix": null,
            "bucket_regional_domain_name": "deervision-backend.s3.eu-central-1.amazonaws.com",
            "cors_rule": [],
            "force_destroy": false,
            "grant": [],
            "hosted_zone_id": "Z21DNDUVLTQW6Q",
            "id": "deervision-backend",
            "lifecycle_rule": [],
            "logging": [],
            "object_lock_configuration": [],
            "policy": null,
            "region": "eu-central-1",
            "replication_configuration": [],
            "request_payer": "BucketOwner",
            "server_side_encryption_configuration": [],
            "tags": {
              "Application": "deervision",
              "Name": "deervisionBackend"
            },
            "versioning": [
              {
                "enabled": false,
                "mfa_delete": false
              }
            ],
            "website": [],
            "website_domain": null,
            "website_endpoint": null
          },
          "sensitive_attributes": [],
          "private": "bnVsbA=="
        }
      ]
    },
    {
      "mode": "managed",
      "type": "aws_s3_bucket",
      "name": "storage_frontend",
      "provider": "provider[\"registry.terraform.io/hashicorp/aws\"]",
      "instances": [
        {
          "schema_version": 0,
          "attributes": {
            "acceleration_status": "",
            "acl": "public-read",
            "arn": "arn:aws:s3:::deervision-frontend",
            "bucket": "deervision-frontend",
            "bucket_domain_name": "deervision-frontend.s3.amazonaws.com",
            "bucket_prefix": null,
            "bucket_regional_domain_name": "deervision-frontend.s3.eu-central-1.amazonaws.com",
            "cors_rule": [
              {
                "allowed_headers": [
                  "*"
                ],
                "allowed_methods": [
                  "GET",
                  "POST"
                ],
                "allowed_origins": [
                  "*"
                ],
                "expose_headers": [],
                "max_age_seconds": 3000
              }
            ],
            "force_destroy": false,
            "grant": [],
            "hosted_zone_id": "Z21DNDUVLTQW6Q",
            "id": "deervision-frontend",
            "lifecycle_rule": [],
            "logging": [],
            "object_lock_configuration": [],
            "policy": "{\"Statement\":[{\"Action\":\"s3:GetObject\",\"Effect\":\"Allow\",\"Principal\":{\"AWS\":\"*\"},\"Resource\":\"arn:aws:s3:::deervision-frontend/*\",\"Sid\":\"PublicReadForGetBucketObjects\"}],\"Version\":\"2008-10-17\"}",
            "region": "eu-central-1",
            "replication_configuration": [],
            "request_payer": "BucketOwner",
            "server_side_encryption_configuration": [],
            "tags": {
              "Name": "deervisionFrontend"
            },
            "versioning": [
              {
                "enabled": false,
                "mfa_delete": false
              }
            ],
            "website": [
              {
                "error_document": "error404.html",
                "index_document": "index.html",
                "redirect_all_requests_to": "",
                "routing_rules": ""
              }
            ],
            "website_domain": "s3-website.eu-central-1.amazonaws.com",
            "website_endpoint": "deervision-frontend.s3-website.eu-central-1.amazonaws.com"
          },
          "sensitive_attributes": [],
          "private": "bnVsbA=="
        }
      ]
    },
    {
      "mode": "managed",
      "type": "aws_s3_bucket_public_access_block",
      "name": "storage_access_backend",
      "provider": "provider[\"registry.terraform.io/hashicorp/aws\"]",
      "instances": [
        {
          "schema_version": 0,
          "attributes": {
            "block_public_acls": true,
            "block_public_policy": true,
            "bucket": "deervision-backend",
            "id": "deervision-backend",
            "ignore_public_acls": true,
            "restrict_public_buckets": true
          },
          "sensitive_attributes": [],
          "private": "bnVsbA==",
          "dependencies": [
            "aws_s3_bucket.storage_backend"
          ]
        }
      ]
    },
    {
      "mode": "managed",
      "type": "aws_security_group",
      "name": "efs_sg",
      "provider": "provider[\"registry.terraform.io/hashicorp/aws\"]",
      "instances": [
        {
          "schema_version": 1,
          "attributes": {
            "arn": "arn:aws:ec2:eu-central-1:496124100072:security-group/sg-04a11fbb24fc2f683",
            "description": "Deer Vision EFS Security Group",
            "egress": [],
            "id": "sg-04a11fbb24fc2f683",
            "ingress": [
              {
                "cidr_blocks": [],
                "description": "Instances can access to EFS",
                "from_port": 0,
                "ipv6_cidr_blocks": [],
                "prefix_list_ids": [],
                "protocol": "-1",
                "security_groups": [
                  "sg-0698162f7c3484fce"
                ],
                "self": false,
                "to_port": 0
              }
            ],
            "name": "deervisionEfsSG",
            "name_prefix": null,
            "owner_id": "496124100072",
            "revoke_rules_on_delete": false,
            "tags": {
              "Application": "deervision",
              "Name": "deervisionInstanceSG"
            },
            "timeouts": null,
            "vpc_id": "vpc-09f704b6ef8b68c5e"
          },
          "sensitive_attributes": [],
          "private": "eyJlMmJmYjczMC1lY2FhLTExZTYtOGY4OC0zNDM2M2JjN2M0YzAiOnsiY3JlYXRlIjo2MDAwMDAwMDAwMDAsImRlbGV0ZSI6NjAwMDAwMDAwMDAwfSwic2NoZW1hX3ZlcnNpb24iOiIxIn0=",
          "dependencies": [
            "aws_security_group.instance_sg",
            "aws_vpc.vpc"
          ]
        }
      ]
    },
    {
      "mode": "managed",
      "type": "aws_security_group",
      "name": "instance_sg",
      "provider": "provider[\"registry.terraform.io/hashicorp/aws\"]",
      "instances": [
        {
          "schema_version": 1,
          "attributes": {
            "arn": "arn:aws:ec2:eu-central-1:496124100072:security-group/sg-0698162f7c3484fce",
            "description": "Deer Vision Instance Security Group",
            "egress": [
              {
                "cidr_blocks": [
                  "0.0.0.0/0"
                ],
                "description": "Connection from EC2 to Internet",
                "from_port": 0,
                "ipv6_cidr_blocks": [],
                "prefix_list_ids": [],
                "protocol": "-1",
                "security_groups": [],
                "self": false,
                "to_port": 0
              }
            ],
            "id": "sg-0698162f7c3484fce",
            "ingress": [
              {
                "cidr_blocks": [
                  "0.0.0.0/0"
                ],
                "description": "HTTPS requests from Internet",
                "from_port": 443,
                "ipv6_cidr_blocks": [],
                "prefix_list_ids": [],
                "protocol": "tcp",
                "security_groups": [],
                "self": false,
                "to_port": 443
              },
              {
                "cidr_blocks": [
                  "0.0.0.0/0"
                ],
                "description": "SSH",
                "from_port": 22,
                "ipv6_cidr_blocks": [],
                "prefix_list_ids": [],
                "protocol": "tcp",
                "security_groups": [],
                "self": false,
                "to_port": 22
              },
              {
                "cidr_blocks": [
                  "10.0.0.0/16"
                ],
                "description": "EFS",
                "from_port": 2049,
                "ipv6_cidr_blocks": [],
                "prefix_list_ids": [],
                "protocol": "tcp",
                "security_groups": [],
                "self": false,
                "to_port": 2049
              }
            ],
            "name": "deervisionInstanceSG",
            "name_prefix": null,
            "owner_id": "496124100072",
            "revoke_rules_on_delete": false,
            "tags": {
              "Application": "deervision",
              "Name": "deervisionInstanceSG"
            },
            "timeouts": null,
            "vpc_id": "vpc-09f704b6ef8b68c5e"
          },
          "sensitive_attributes": [],
          "private": "eyJlMmJmYjczMC1lY2FhLTExZTYtOGY4OC0zNDM2M2JjN2M0YzAiOnsiY3JlYXRlIjo2MDAwMDAwMDAwMDAsImRlbGV0ZSI6NjAwMDAwMDAwMDAwfSwic2NoZW1hX3ZlcnNpb24iOiIxIn0=",
          "dependencies": [
            "aws_vpc.vpc"
          ]
        }
      ]
    },
    {
      "mode": "managed",
      "type": "aws_subnet",
      "name": "public_subnet",
      "provider": "provider[\"registry.terraform.io/hashicorp/aws\"]",
      "instances": [
        {
          "index_key": 0,
          "schema_version": 1,
          "attributes": {
            "arn": "arn:aws:ec2:eu-central-1:496124100072:subnet/subnet-0c8ad57af2ef6100f",
            "assign_ipv6_address_on_creation": false,
            "availability_zone": "eu-central-1a",
            "availability_zone_id": "euc1-az2",
            "cidr_block": "10.0.0.0/24",
            "id": "subnet-0c8ad57af2ef6100f",
            "ipv6_cidr_block": "",
            "ipv6_cidr_block_association_id": "",
            "map_public_ip_on_launch": true,
            "outpost_arn": "",
            "owner_id": "496124100072",
            "tags": {
              "Application": "deervision"
            },
            "timeouts": null,
            "vpc_id": "vpc-09f704b6ef8b68c5e"
          },
          "sensitive_attributes": [],
          "private": "eyJlMmJmYjczMC1lY2FhLTExZTYtOGY4OC0zNDM2M2JjN2M0YzAiOnsiY3JlYXRlIjo2MDAwMDAwMDAwMDAsImRlbGV0ZSI6MTIwMDAwMDAwMDAwMH0sInNjaGVtYV92ZXJzaW9uIjoiMSJ9",
          "dependencies": [
            "aws_vpc.vpc"
          ]
        },
        {
          "index_key": 1,
          "schema_version": 1,
          "attributes": {
            "arn": "arn:aws:ec2:eu-central-1:496124100072:subnet/subnet-0ff9765b26b378ccf",
            "assign_ipv6_address_on_creation": false,
            "availability_zone": "eu-central-1b",
            "availability_zone_id": "euc1-az3",
            "cidr_block": "10.0.1.0/24",
            "id": "subnet-0ff9765b26b378ccf",
            "ipv6_cidr_block": "",
            "ipv6_cidr_block_association_id": "",
            "map_public_ip_on_launch": true,
            "outpost_arn": "",
            "owner_id": "496124100072",
            "tags": {
              "Application": "deervision"
            },
            "timeouts": null,
            "vpc_id": "vpc-09f704b6ef8b68c5e"
          },
          "sensitive_attributes": [],
          "private": "eyJlMmJmYjczMC1lY2FhLTExZTYtOGY4OC0zNDM2M2JjN2M0YzAiOnsiY3JlYXRlIjo2MDAwMDAwMDAwMDAsImRlbGV0ZSI6MTIwMDAwMDAwMDAwMH0sInNjaGVtYV92ZXJzaW9uIjoiMSJ9",
          "dependencies": [
            "aws_vpc.vpc"
          ]
        },
        {
          "index_key": 2,
          "schema_version": 1,
          "attributes": {
            "arn": "arn:aws:ec2:eu-central-1:496124100072:subnet/subnet-0c96c82e9ab3ab6be",
            "assign_ipv6_address_on_creation": false,
            "availability_zone": "eu-central-1c",
            "availability_zone_id": "euc1-az1",
            "cidr_block": "10.0.2.0/24",
            "id": "subnet-0c96c82e9ab3ab6be",
            "ipv6_cidr_block": "",
            "ipv6_cidr_block_association_id": "",
            "map_public_ip_on_launch": true,
            "outpost_arn": "",
            "owner_id": "496124100072",
            "tags": {
              "Application": "deervision"
            },
            "timeouts": null,
            "vpc_id": "vpc-09f704b6ef8b68c5e"
          },
          "sensitive_attributes": [],
          "private": "eyJlMmJmYjczMC1lY2FhLTExZTYtOGY4OC0zNDM2M2JjN2M0YzAiOnsiY3JlYXRlIjo2MDAwMDAwMDAwMDAsImRlbGV0ZSI6MTIwMDAwMDAwMDAwMH0sInNjaGVtYV92ZXJzaW9uIjoiMSJ9",
          "dependencies": [
            "aws_vpc.vpc"
          ]
        }
      ]
    },
    {
      "mode": "managed",
      "type": "aws_vpc",
      "name": "vpc",
      "provider": "provider[\"registry.terraform.io/hashicorp/aws\"]",
      "instances": [
        {
          "schema_version": 1,
          "attributes": {
            "arn": "arn:aws:ec2:eu-central-1:496124100072:vpc/vpc-09f704b6ef8b68c5e",
            "assign_generated_ipv6_cidr_block": false,
            "cidr_block": "10.0.0.0/16",
            "default_network_acl_id": "acl-0169c3c3cd2a28eab",
            "default_route_table_id": "rtb-0b0b5d9b65bae72a2",
            "default_security_group_id": "sg-05d9d609c086f8a80",
            "dhcp_options_id": "dopt-79c48912",
            "enable_classiclink": null,
            "enable_classiclink_dns_support": null,
            "enable_dns_hostnames": true,
            "enable_dns_support": true,
            "id": "vpc-09f704b6ef8b68c5e",
            "instance_tenancy": "default",
            "ipv6_association_id": "",
            "ipv6_cidr_block": "",
            "main_route_table_id": "rtb-0b0b5d9b65bae72a2",
            "owner_id": "496124100072",
            "tags": {
              "Application": "deervision",
              "Name": "deervisionVPC"
            }
          },
          "sensitive_attributes": [],
          "private": "eyJzY2hlbWFfdmVyc2lvbiI6IjEifQ=="
        }
      ]
    }
  ]
}
