{
  "version": 4,
  "terraform_version": "1.6.4",
  "serial": 865,
  "lineage": "d344aedc-ac09-b6b6-cd25-e278d187665d",
  "outputs": {},
  "resources": [
    {
      "mode": "data",
      "type": "aws_acm_certificate",
      "name": "acm_certificate",
      "provider": "provider[\"registry.terraform.io/hashicorp/aws\"].virgina",
      "instances": [
        {
          "schema_version": 0,
          "attributes": {
            "arn": "arn:aws:acm:us-east-1:496124100072:certificate/e80b4a3f-2a93-4884-9bc4-7814a134aa01",
            "certificate": "-----BEGIN CERTIFICATE-----\nMIIF5jCCBM6gAwIBAgIQBOBOUKz4jRVEkw/7KUTGDTANBgkqhkiG9w0BAQsFADA8\nMQswCQYDVQQGEwJVUzEPMA0GA1UEChMGQW1hem9uMRwwGgYDVQQDExNBbWF6b24g\nUlNBIDIwNDggTTAyMB4XDTIzMDkyMTAwMDAwMFoXDTI0MTAxOTIzNTk1OVowHDEa\nMBgGA1UEAxMRZGVlcnZpc2lvbi5zdHVkaW8wggEiMA0GCSqGSIb3DQEBAQUAA4IB\nDwAwggEKAoIBAQCVW3LWORmw8/kUvaHbnmsSNOx/qsbHzcZ1EdIJPr3A1H5eXkOu\nJ0b2T7mmO/5shxAbfHJVhxeXYOLmB3KA6tYc0HGosA2lCAHwnNqEa6ezzds77RTT\nykkXqdOR53drIny685N3FeNk+v+7CM3FsfYPGAaIBxXiJb10WJRjRu1f7fDR+pts\nrd5EPZvjJEbjGHENeD2hA3YKKWqifuAyrZHRyLixef5N6tNSJBNWzacTxnhr8EaS\nywOXZ9QBcvN5o8IjDvrLZ3vmbDo9bHZwcy4qCE8QSvtGTuSWQxkW1sVflFauzfxW\nCClOEq9pSr6xoMttEHZF4u+1SttrWjSqZMefAgMBAAGjggMCMIIC/jAfBgNVHSME\nGDAWgBTAMVLNWlDDgnx0cc7L6Zz5euuC4jAdBgNVHQ4EFgQUMf9yAxFZ4RMItu1p\nnxw4EQZlsDIwMwYDVR0RBCwwKoIRZGVlcnZpc2lvbi5zdHVkaW+CFXd3dy5kZWVy\ndmlzaW9uLnN0dWRpbzATBgNVHSAEDDAKMAgGBmeBDAECATAOBgNVHQ8BAf8EBAMC\nBaAwHQYDVR0lBBYwFAYIKwYBBQUHAwEGCCsGAQUFBwMCMDsGA1UdHwQ0MDIwMKAu\noCyGKmh0dHA6Ly9jcmwucjJtMDIuYW1hem9udHJ1c3QuY29tL3IybTAyLmNybDB1\nBggrBgEFBQcBAQRpMGcwLQYIKwYBBQUHMAGGIWh0dHA6Ly9vY3NwLnIybTAyLmFt\nYXpvbnRydXN0LmNvbTA2BggrBgEFBQcwAoYqaHR0cDovL2NydC5yMm0wMi5hbWF6\nb250cnVzdC5jb20vcjJtMDIuY2VyMAwGA1UdEwEB/wQCMAAwggF/BgorBgEEAdZ5\nAgQCBIIBbwSCAWsBaQB3AO7N0GTV2xrOxVy3nbTNE6Iyh0Z8vOzew1FIWUZxH7Wb\nAAABirbQFGgAAAQDAEgwRgIhAO/yEV0vM6N96yDRft5ina/VbNWnSc2j+n1KFkTa\nMuswAiEAo5Uk54pz3LRLzhtit81l+1Tdy7hW9ershSqP2HaU+hsAdgBIsONr2qZH\nNA/lagL6nTDrHFIBy1bdLIHZu7+rOdiEcwAAAYq20BSvAAAEAwBHMEUCIHLTTQhF\nK0oSTdruqZMqE235Hf8DdccFC385/OWroQdUAiEA7bx0ghwAbuI+ZTtcGyciERUE\n7RAOZ5eO7eyZSxEbP5AAdgDatr9rP7W2Ip+bwrtca+hwkXFsu1GEhTS9pD0wSNf7\nqwAAAYq20BSgAAAEAwBHMEUCIEFK7fyIfIVEyA9y1faolrR1qPWU/l59jOL9/2XZ\n7HtaAiEA5R0uLRKEhNaEyFTAR6uc4YRJZ7eQiwe3UiPEeu0911IwDQYJKoZIhvcN\nAQELBQADggEBALc9mIw5OKSc5BCqOgK9vRcMDSRYAQY1TJdwKmx1SO3ls0mGw6xy\nyQXY7sdLTaAX9xLbhceo6dpXpAbY72NaDussLH+ZRPumXX9kQHnoOaYh5v8sjQZr\nmLQ4U4UWlkVfLmjFwwLszpOL1YTZHiRhlU4VUghsU5Vu+0pkKrwv3/sCYA+lnGUh\nDHRD9Z/9WybhQT0Uu/pMU2VQKS4d7fyLffcfDYNNPUwZis+i0jqzr/RW8Ht4Abz0\ntR7Y8e9Kc3fvQVlWVGX8879ZCMYCokWriVjivTLOKc7yyKujhby0GU6gujclw7E3\nYr0aKG20hMON2VaOnJNjG9kAv60u0SUjVqE=\n-----END CERTIFICATE-----\n",
            "certificate_chain": "-----BEGIN CERTIFICATE-----\nMIIEXjCCA0agAwIBAgITB3MSSkvL1E7HtTvq8ZSELToPoTANBgkqhkiG9w0BAQsF\nADA5MQswCQYDVQQGEwJVUzEPMA0GA1UEChMGQW1hem9uMRkwFwYDVQQDExBBbWF6\nb24gUm9vdCBDQSAxMB4XDTIyMDgyMzIyMjUzMFoXDTMwMDgyMzIyMjUzMFowPDEL\nMAkGA1UEBhMCVVMxDzANBgNVBAoTBkFtYXpvbjEcMBoGA1UEAxMTQW1hem9uIFJT\nQSAyMDQ4IE0wMjCCASIwDQYJKoZIhvcNAQEBBQADggEPADCCAQoCggEBALtDGMZa\nqHneKei1by6+pUPPLljTB143Si6VpEWPc6mSkFhZb/6qrkZyoHlQLbDYnI2D7hD0\nsdzEqfnuAjIsuXQLG3A8TvX6V3oFNBFVe8NlLJHvBseKY88saLwufxkZVwk74g4n\nWlNMXzla9Y5F3wwRHwMVH443xGz6UtGSZSqQ94eFx5X7Tlqt8whi8qCaKdZ5rNak\n+r9nUThOeClqFd4oXych//Rc7Y0eX1KNWHYSI1Nk31mYgiK3JvH063g+K9tHA63Z\neTgKgndlh+WI+zv7i44HepRZjA1FYwYZ9Vv/9UkC5Yz8/yU65fgjaE+wVHM4e/Yy\nC2osrPWE7gJ+dXMCAwEAAaOCAVowggFWMBIGA1UdEwEB/wQIMAYBAf8CAQAwDgYD\nVR0PAQH/BAQDAgGGMB0GA1UdJQQWMBQGCCsGAQUFBwMBBggrBgEFBQcDAjAdBgNV\nHQ4EFgQUwDFSzVpQw4J8dHHOy+mc+XrrguIwHwYDVR0jBBgwFoAUhBjMhTTsvAyU\nlC4IWZzHshBOCggwewYIKwYBBQUHAQEEbzBtMC8GCCsGAQUFBzABhiNodHRwOi8v\nb2NzcC5yb290Y2ExLmFtYXpvbnRydXN0LmNvbTA6BggrBgEFBQcwAoYuaHR0cDov\nL2NydC5yb290Y2ExLmFtYXpvbnRydXN0LmNvbS9yb290Y2ExLmNlcjA/BgNVHR8E\nODA2MDSgMqAwhi5odHRwOi8vY3JsLnJvb3RjYTEuYW1hem9udHJ1c3QuY29tL3Jv\nb3RjYTEuY3JsMBMGA1UdIAQMMAowCAYGZ4EMAQIBMA0GCSqGSIb3DQEBCwUAA4IB\nAQAtTi6Fs0Azfi+iwm7jrz+CSxHH+uHl7Law3MQSXVtR8RV53PtR6r/6gNpqlzdo\nZq4FKbADi1v9Bun8RY8D51uedRfjsbeodizeBB8nXmeyD33Ep7VATj4ozcd31YFV\nfgRhvTSxNrrTlNpWkUk0m3BMPv8sg381HhA6uEYokE5q9uws/3YkKqRiEz3TsaWm\nJqIRZhMbgAfp7O7FUwFIb7UIspogZSKxPIWJpxiPo3TcBambbVtQOcNRWz5qCQdD\nslI2yayq0n2TXoHyNCLEH8rpsJRVILFsg0jc7BaFrMnF462+ajSehgj12IidNeRN\n4zl+EoNaWdpnWndvSpAEkq2P\n-----END CERTIFICATE-----\n-----BEGIN CERTIFICATE-----\nMIIEkjCCA3qgAwIBAgITBn+USionzfP6wq4rAfkI7rnExjANBgkqhkiG9w0BAQsF\nADCBmDELMAkGA1UEBhMCVVMxEDAOBgNVBAgTB0FyaXpvbmExEzARBgNVBAcTClNj\nb3R0c2RhbGUxJTAjBgNVBAoTHFN0YXJmaWVsZCBUZWNobm9sb2dpZXMsIEluYy4x\nOzA5BgNVBAMTMlN0YXJmaWVsZCBTZXJ2aWNlcyBSb290IENlcnRpZmljYXRlIEF1\ndGhvcml0eSAtIEcyMB4XDTE1MDUyNTEyMDAwMFoXDTM3MTIzMTAxMDAwMFowOTEL\nMAkGA1UEBhMCVVMxDzANBgNVBAoTBkFtYXpvbjEZMBcGA1UEAxMQQW1hem9uIFJv\nb3QgQ0EgMTCCASIwDQYJKoZIhvcNAQEBBQADggEPADCCAQoCggEBALJ4gHHKeNXj\nca9HgFB0fW7Y14h29Jlo91ghYPl0hAEvrAIthtOgQ3pOsqTQNroBvo3bSMgHFzZM\n9O6II8c+6zf1tRn4SWiw3te5djgdYZ6k/oI2peVKVuRF4fn9tBb6dNqcmzU5L/qw\nIFAGbHrQgLKm+a/sRxmPUDgH3KKHOVj4utWp+UhnMJbulHheb4mjUcAwhmahRWa6\nVOujw5H5SNz/0egwLX0tdHA114gk957EWW67c4cX8jJGKLhD+rcdqsq08p8kDi1L\n93FcXmn/6pUCyziKrlA4b9v7LWIbxcceVOF34GfID5yHI9Y/QCB/IIDEgEw+OyQm\njgSubJrIqg0CAwEAAaOCATEwggEtMA8GA1UdEwEB/wQFMAMBAf8wDgYDVR0PAQH/\nBAQDAgGGMB0GA1UdDgQWBBSEGMyFNOy8DJSULghZnMeyEE4KCDAfBgNVHSMEGDAW\ngBScXwDfqgHXMCs4iKK4bUqc8hGRgzB4BggrBgEFBQcBAQRsMGowLgYIKwYBBQUH\nMAGGImh0dHA6Ly9vY3NwLnJvb3RnMi5hbWF6b250cnVzdC5jb20wOAYIKwYBBQUH\nMAKGLGh0dHA6Ly9jcnQucm9vdGcyLmFtYXpvbnRydXN0LmNvbS9yb290ZzIuY2Vy\nMD0GA1UdHwQ2MDQwMqAwoC6GLGh0dHA6Ly9jcmwucm9vdGcyLmFtYXpvbnRydXN0\nLmNvbS9yb290ZzIuY3JsMBEGA1UdIAQKMAgwBgYEVR0gADANBgkqhkiG9w0BAQsF\nAAOCAQEAYjdCXLwQtT6LLOkMm2xF4gcAevnFWAu5CIw+7bMlPLVvUOTNNWqnkzSW\nMiGpSESrnO09tKpzbeR/FoCJbM8oAxiDR3mjEH4wW6w7sGDgd9QIpuEdfF7Au/ma\neyKdpwAJfqxGF4PcnCZXmTA5YpaP7dreqsXMGz7KQ2hsVxa81Q4gLv7/wmpdLqBK\nbRRYh5TmOTFffHPLkIhqhBGWJ6bt2YFGpn6jcgAKUj6DiAdjd4lpFw85hdKrCEVN\n0FE6/V1dN2RMfjCyVSRCnTawXZwXgWHxyvkQAiSr6w10kY17RSlQOYiypok1JR4U\nakcjMS9cmvqtmg5iUaQqqcT5NJ0hGA==\n-----END CERTIFICATE-----\n-----BEGIN CERTIFICATE-----\nMIIEdTCCA12gAwIBAgIJAKcOSkw0grd/MA0GCSqGSIb3DQEBCwUAMGgxCzAJBgNV\nBAYTAlVTMSUwIwYDVQQKExxTdGFyZmllbGQgVGVjaG5vbG9naWVzLCBJbmMuMTIw\nMAYDVQQLEylTdGFyZmllbGQgQ2xhc3MgMiBDZXJ0aWZpY2F0aW9uIEF1dGhvcml0\neTAeFw0wOTA5MDIwMDAwMDBaFw0zNDA2MjgxNzM5MTZaMIGYMQswCQYDVQQGEwJV\nUzEQMA4GA1UECBMHQXJpem9uYTETMBEGA1UEBxMKU2NvdHRzZGFsZTElMCMGA1UE\nChMcU3RhcmZpZWxkIFRlY2hub2xvZ2llcywgSW5jLjE7MDkGA1UEAxMyU3RhcmZp\nZWxkIFNlcnZpY2VzIFJvb3QgQ2VydGlmaWNhdGUgQXV0aG9yaXR5IC0gRzIwggEi\nMA0GCSqGSIb3DQEBAQUAA4IBDwAwggEKAoIBAQDVDDrEKvlO4vW+GZdfjohTsR8/\ny8+fIBNtKTrID30892t2OGPZNmCom15cAICyL1l/9of5JUOG52kbUpqQ4XHj2C0N\nTm/2yEnZtvMaVq4rtnQU68/7JuMauh2WLmo7WJSJR1b/JaCTcFOD2oR0FMNnngRo\nOt+OQFodSk7PQ5E751bWAHDLUu57fa4657wx+UX2wmDPE1kCK4DMNEffud6QZW0C\nzyyRpqbn3oUYSXxmTqM6bam17jQuug0DuDPfR+uxa40l2ZvOgdFFRjKWcIfeAg5J\nQ4W2bHO7ZOphQazJ1FTfhy/HIrImzJ9ZVGif/L4qL8RVHHVAYBeFAlU5i38FAgMB\nAAGjgfAwge0wDwYDVR0TAQH/BAUwAwEB/zAOBgNVHQ8BAf8EBAMCAYYwHQYDVR0O\nBBYEFJxfAN+qAdcwKziIorhtSpzyEZGDMB8GA1UdIwQYMBaAFL9ft9HO3R+G9FtV\nrNzXEMIOqYjnME8GCCsGAQUFBwEBBEMwQTAcBggrBgEFBQcwAYYQaHR0cDovL28u\nc3MyLnVzLzAhBggrBgEFBQcwAoYVaHR0cDovL3guc3MyLnVzL3guY2VyMCYGA1Ud\nHwQfMB0wG6AZoBeGFWh0dHA6Ly9zLnNzMi51cy9yLmNybDARBgNVHSAECjAIMAYG\nBFUdIAAwDQYJKoZIhvcNAQELBQADggEBACMd44pXyn3pF3lM8R5V/cxTbj5HD9/G\nVfKyBDbtgB9TxF00KGu+x1X8Z+rLP3+QsjPNG1gQggL4+C/1E2DUBc7xgQjB3ad1\nl08YuW3e95ORCLp+QCztweq7dp4zBncdDQh/U90bZKuCJ/Fp1U1ervShw3WnWEQt\n8jxwmKy6abaVd38PMV4s/KCHOkdp8Hlf9BRUpJVeEXgSYCfOn8J3/yNTd126/+pZ\n59vPr5KW7ySaNRB6nJHGDn2Z9j8Z3/VyVOEVqQdZe4O/Ui5GjLIAZHYcSNPYeehu\nVsyuLAOQ1xk4meTKCRlb/weWsKh/NEnfVqn3sF/tM+2MR7cwA130A4w=\n-----END CERTIFICATE-----\n",
            "domain": "deervision.studio",
            "id": "arn:aws:acm:us-east-1:496124100072:certificate/e80b4a3f-2a93-4884-9bc4-7814a134aa01",
            "key_types": null,
            "most_recent": false,
            "status": "ISSUED",
            "statuses": [
              "ISSUED"
            ],
            "tags": {},
            "types": null
          },
          "sensitive_attributes": []
        }
      ]
    },
    {
      "mode": "data",
      "type": "aws_ami",
      "name": "ubuntu",
      "provider": "provider[\"registry.terraform.io/hashicorp/aws\"]",
      "instances": [
        {
          "schema_version": 0,
          "attributes": {
            "architecture": "x86_64",
            "arn": "arn:aws:ec2:eu-central-1::image/ami-055cb71dff2d966de",
            "block_device_mappings": [
              {
                "device_name": "/dev/sda1",
                "ebs": {
                  "delete_on_termination": "true",
                  "encrypted": "false",
                  "iops": "0",
                  "snapshot_id": "snap-07e8db0a6e1a40b9e",
                  "throughput": "0",
                  "volume_size": "8",
                  "volume_type": "gp2"
                },
                "no_device": "",
                "virtual_name": ""
              },
              {
                "device_name": "/dev/sdb",
                "ebs": {},
                "no_device": "",
                "virtual_name": "ephemeral0"
              },
              {
                "device_name": "/dev/sdc",
                "ebs": {},
                "no_device": "",
                "virtual_name": "ephemeral1"
              }
            ],
            "boot_mode": "",
            "creation_date": "2023-11-22T13:27:48.000Z",
            "deprecation_time": "",
            "description": "",
            "ena_support": true,
            "executable_users": null,
            "filter": [
              {
                "name": "image-id",
                "values": [
                  "ami-055cb71dff2d966de"
                ]
              }
            ],
            "hypervisor": "xen",
            "id": "ami-055cb71dff2d966de",
            "image_id": "ami-055cb71dff2d966de",
            "image_location": "496124100072/ubuntu_20231122",
            "image_owner_alias": "",
            "image_type": "machine",
            "imds_support": "",
            "include_deprecated": false,
            "kernel_id": "",
            "most_recent": true,
            "name": "ubuntu_20231122",
            "name_regex": null,
            "owner_id": "496124100072",
            "owners": [
              "self"
            ],
            "platform": "",
            "platform_details": "Linux/UNIX",
            "product_codes": [],
            "public": false,
            "ramdisk_id": "",
            "root_device_name": "/dev/sda1",
            "root_device_type": "ebs",
            "root_snapshot_id": "snap-07e8db0a6e1a40b9e",
            "sriov_net_support": "simple",
            "state": "available",
            "state_reason": {
              "code": "UNSET",
              "message": "UNSET"
            },
            "tags": {},
            "timeouts": null,
            "tpm_support": "",
            "usage_operation": "RunInstances",
            "virtualization_type": "hvm"
          },
          "sensitive_attributes": []
        }
      ]
    },
    {
      "mode": "data",
      "type": "aws_iam_policy_document",
      "name": "storage_frontend_policy_document",
      "provider": "provider[\"registry.terraform.io/hashicorp/aws\"]",
      "instances": [
        {
          "schema_version": 0,
          "attributes": {
            "id": "1723717465",
            "json": "{\n  \"Version\": \"2012-10-17\",\n  \"Statement\": [\n    {\n      \"Sid\": \"PublicReadForGetBucketObjects\",\n      \"Effect\": \"Allow\",\n      \"Action\": \"s3:GetObject\",\n      \"Resource\": [\n        \"arn:aws:s3:::deervision-frontend/*\",\n        \"arn:aws:s3:::deervision-frontend\"\n      ],\n      \"Principal\": {\n        \"AWS\": \"*\"\n      }\n    }\n  ]\n}",
            "override_policy_documents": null,
            "policy_id": null,
            "source_policy_documents": null,
            "statement": [
              {
                "actions": [
                  "s3:GetObject"
                ],
                "condition": [],
                "effect": "Allow",
                "not_actions": [],
                "not_principals": [],
                "not_resources": [],
                "principals": [
                  {
                    "identifiers": [
                      "*"
                    ],
                    "type": "AWS"
                  }
                ],
                "resources": [
                  "arn:aws:s3:::deervision-frontend",
                  "arn:aws:s3:::deervision-frontend/*"
                ],
                "sid": "PublicReadForGetBucketObjects"
              }
            ],
            "version": "2012-10-17"
          },
          "sensitive_attributes": []
        }
      ]
    },
    {
      "mode": "data",
      "type": "aws_route53_zone",
      "name": "route53_zone_queried",
      "provider": "provider[\"registry.terraform.io/hashicorp/aws\"]",
      "instances": [
        {
          "schema_version": 0,
          "attributes": {
            "arn": "arn:aws:route53:::hostedzone/Z10410503O09RPLKKA1SK",
            "caller_reference": "RISWorkflow-RD:6c883474-82d5-49f7-bf8e-14f6720f7a5e",
            "comment": "HostedZone created by Route53 Registrar",
            "id": "Z10410503O09RPLKKA1SK",
            "linked_service_description": null,
            "linked_service_principal": null,
            "name": "deervision.studio",
            "name_servers": [
              "ns-349.awsdns-43.com",
              "ns-1226.awsdns-25.org",
              "ns-633.awsdns-15.net",
              "ns-1653.awsdns-14.co.uk"
            ],
            "primary_name_server": "ns-349.awsdns-43.com",
            "private_zone": false,
            "resource_record_set_count": 13,
            "tags": {},
            "vpc_id": null,
            "zone_id": "Z10410503O09RPLKKA1SK"
          },
          "sensitive_attributes": []
        }
      ]
    },
    {
      "mode": "managed",
      "type": "aws_cloudfront_distribution",
      "name": "s3_distribution",
      "provider": "provider[\"registry.terraform.io/hashicorp/aws\"]",
      "instances": [
        {
          "schema_version": 1,
          "attributes": {
            "aliases": [
              "deervision.studio",
              "www.deervision.studio"
            ],
            "arn": "arn:aws:cloudfront::496124100072:distribution/E2FMKW303R10B1",
            "caller_reference": "terraform-20211020081846385400000001",
            "comment": "Managed by Terraform",
            "continuous_deployment_policy_id": "",
            "custom_error_response": [
              {
                "error_caching_min_ttl": 0,
                "error_code": 404,
                "response_code": 200,
                "response_page_path": "/index.html"
              }
            ],
            "default_cache_behavior": [
              {
                "allowed_methods": [
                  "DELETE",
                  "GET",
                  "HEAD",
                  "OPTIONS",
                  "PATCH",
                  "POST",
                  "PUT"
                ],
                "cache_policy_id": "658327ea-f89d-4fab-a63d-7e88639e58f6",
                "cached_methods": [
                  "GET",
                  "HEAD"
                ],
                "compress": true,
                "default_ttl": 0,
                "field_level_encryption_id": "",
                "forwarded_values": [],
                "function_association": [],
                "lambda_function_association": [],
                "max_ttl": 0,
                "min_ttl": 0,
                "origin_request_policy_id": "",
                "realtime_log_config_arn": "",
                "response_headers_policy_id": "",
                "smooth_streaming": false,
                "target_origin_id": "website",
                "trusted_key_groups": [],
                "trusted_signers": [],
                "viewer_protocol_policy": "redirect-to-https"
              }
            ],
            "default_root_object": "index.html",
            "domain_name": "d2falsxm8wrpcf.cloudfront.net",
            "enabled": true,
            "etag": "EW5RAAHGYPGTU",
            "hosted_zone_id": "Z2FDTNDATAQYW2",
            "http_version": "http2and3",
            "id": "E2FMKW303R10B1",
            "in_progress_validation_batches": 0,
            "is_ipv6_enabled": true,
            "last_modified_time": "2023-08-01 09:12:42.423 +0000 UTC",
            "logging_config": [],
            "ordered_cache_behavior": [],
            "origin": [
              {
                "connection_attempts": 3,
                "connection_timeout": 10,
                "custom_header": [],
                "custom_origin_config": [],
                "domain_name": "deervision-frontend.s3.eu-central-1.amazonaws.com",
                "origin_access_control_id": "",
                "origin_id": "website",
                "origin_path": "",
                "origin_shield": [],
                "s3_origin_config": []
              }
            ],
            "origin_group": [],
            "price_class": "PriceClass_100",
            "restrictions": [
              {
                "geo_restriction": [
                  {
                    "locations": [],
                    "restriction_type": "none"
                  }
                ]
              }
            ],
            "retain_on_delete": false,
            "staging": false,
            "status": "Deployed",
            "tags": {},
            "tags_all": {},
            "trusted_key_groups": [
              {
                "enabled": false,
                "items": []
              }
            ],
            "trusted_signers": [
              {
                "enabled": false,
                "items": []
              }
            ],
            "viewer_certificate": [
              {
                "acm_certificate_arn": "arn:aws:acm:us-east-1:496124100072:certificate/e80b4a3f-2a93-4884-9bc4-7814a134aa01",
                "cloudfront_default_certificate": false,
                "iam_certificate_id": "",
                "minimum_protocol_version": "TLSv1.2_2019",
                "ssl_support_method": "sni-only"
              }
            ],
            "wait_for_deployment": true,
            "web_acl_id": ""
          },
          "sensitive_attributes": [],
          "private": "eyJzY2hlbWFfdmVyc2lvbiI6IjEifQ==",
          "dependencies": [
            "aws_s3_bucket.storage_frontend",
            "data.aws_acm_certificate.acm_certificate"
          ]
        }
      ]
    },
    {
      "mode": "managed",
      "type": "aws_ebs_volume",
      "name": "ebs_volume",
      "provider": "provider[\"registry.terraform.io/hashicorp/aws\"]",
      "instances": [
        {
          "schema_version": 0,
          "attributes": {
            "arn": "arn:aws:ec2:eu-central-1:496124100072:volume/vol-01a4a98778cfd0c1f",
            "availability_zone": "eu-central-1a",
            "encrypted": false,
            "final_snapshot": false,
            "id": "vol-01a4a98778cfd0c1f",
            "iops": 100,
            "kms_key_id": "",
            "multi_attach_enabled": false,
            "outpost_arn": "",
            "size": 4,
            "snapshot_id": "",
            "tags": {
              "Application": "deervision"
            },
            "tags_all": {
              "Application": "deervision"
            },
            "throughput": 0,
            "timeouts": null,
            "type": "gp2"
          },
          "sensitive_attributes": [],
          "private": "eyJlMmJmYjczMC1lY2FhLTExZTYtOGY4OC0zNDM2M2JjN2M0YzAiOnsiY3JlYXRlIjozMDAwMDAwMDAwMDAsImRlbGV0ZSI6MzAwMDAwMDAwMDAwLCJ1cGRhdGUiOjMwMDAwMDAwMDAwMH19",
          "dependencies": [
            "aws_subnet.public_subnet",
            "aws_vpc.vpc"
          ]
        }
      ]
    },
    {
      "mode": "managed",
      "type": "aws_ecr_repository",
      "name": "docker_registry",
      "provider": "provider[\"registry.terraform.io/hashicorp/aws\"]",
      "instances": [
        {
          "schema_version": 0,
          "attributes": {
            "arn": "arn:aws:ecr:eu-central-1:496124100072:repository/deervision",
            "encryption_configuration": [
              {
                "encryption_type": "AES256",
                "kms_key": ""
              }
            ],
            "force_delete": null,
            "id": "deervision",
            "image_scanning_configuration": [
              {
                "scan_on_push": false
              }
            ],
            "image_tag_mutability": "IMMUTABLE",
            "name": "deervision",
            "registry_id": "496124100072",
            "repository_url": "496124100072.dkr.ecr.eu-central-1.amazonaws.com/deervision",
            "tags": {},
            "tags_all": {},
            "timeouts": null
          },
          "sensitive_attributes": [],
          "private": "eyJlMmJmYjczMC1lY2FhLTExZTYtOGY4OC0zNDM2M2JjN2M0YzAiOnsiZGVsZXRlIjoxMjAwMDAwMDAwMDAwfX0="
        }
      ]
    },
    {
      "mode": "managed",
      "type": "aws_eip",
      "name": "eip",
      "provider": "provider[\"registry.terraform.io/hashicorp/aws\"]",
      "instances": [
        {
          "schema_version": 0,
          "attributes": {
            "address": null,
            "allocation_id": "eipalloc-c78d64c6",
            "associate_with_private_ip": null,
            "association_id": "eipassoc-0e70b9cef42e89263",
            "carrier_ip": "",
            "customer_owned_ip": "",
            "customer_owned_ipv4_pool": "",
            "domain": "vpc",
            "id": "eipalloc-c78d64c6",
            "instance": "i-035046be96abd6d9e",
            "network_border_group": "eu-central-1",
            "network_interface": "eni-04ec2860a34820238",
            "private_dns": "ip-10-0-0-11.eu-central-1.compute.internal",
            "private_ip": "10.0.0.11",
            "public_dns": "ec2-3-126-239-192.eu-central-1.compute.amazonaws.com",
            "public_ip": "3.126.239.192",
            "public_ipv4_pool": "amazon",
            "tags": {},
            "tags_all": {},
            "timeouts": null,
            "vpc": true
          },
          "sensitive_attributes": [],
          "private": "eyJlMmJmYjczMC1lY2FhLTExZTYtOGY4OC0zNDM2M2JjN2M0YzAiOnsiZGVsZXRlIjoxODAwMDAwMDAwMDAsInJlYWQiOjkwMDAwMDAwMDAwMCwidXBkYXRlIjozMDAwMDAwMDAwMDB9fQ==",
          "dependencies": [
            "aws_iam_instance_profile.instance_profile",
            "aws_iam_role.instance_role",
            "aws_instance.instance",
            "aws_network_interface.network_interface",
            "aws_security_group.instance_sg",
            "aws_subnet.public_subnet",
            "aws_vpc.vpc",
            "data.aws_ami.ubuntu"
          ]
        }
      ]
    },
    {
      "mode": "managed",
      "type": "aws_iam_instance_profile",
      "name": "instance_profile",
      "provider": "provider[\"registry.terraform.io/hashicorp/aws\"]",
      "instances": [
        {
          "schema_version": 0,
          "attributes": {
            "arn": "arn:aws:iam::496124100072:instance-profile/deervisionInstanceProfile",
            "create_date": "2021-10-20T08:18:46Z",
            "id": "deervisionInstanceProfile",
            "name": "deervisionInstanceProfile",
            "name_prefix": "",
            "path": "/",
            "role": "deervisionInstanceRole",
            "tags": {},
            "tags_all": {},
            "unique_id": "AIPAXHA2M7XUIEAL4ACZS"
          },
          "sensitive_attributes": [],
          "private": "bnVsbA==",
          "dependencies": [
            "aws_iam_role.instance_role"
          ]
        }
      ]
    },
    {
      "mode": "managed",
      "type": "aws_iam_openid_connect_provider",
      "name": "git_hub_action_provider",
      "provider": "provider[\"registry.terraform.io/hashicorp/aws\"]",
      "instances": [
        {
          "schema_version": 0,
          "attributes": {
            "arn": "arn:aws:iam::496124100072:oidc-provider/token.actions.githubusercontent.com",
            "client_id_list": [
              "sts.amazonaws.com"
            ],
            "id": "arn:aws:iam::496124100072:oidc-provider/token.actions.githubusercontent.com",
            "tags": {},
            "tags_all": {},
            "thumbprint_list": [
              "6938fd4d98bab03faadb97b34396831e3780aea1"
            ],
            "url": "token.actions.githubusercontent.com"
          },
          "sensitive_attributes": [],
          "private": "bnVsbA=="
        }
      ]
    },
    {
      "mode": "managed",
      "type": "aws_iam_role",
      "name": "git_hub_action_role",
      "provider": "provider[\"registry.terraform.io/hashicorp/aws\"]",
      "instances": [
        {
          "schema_version": 0,
          "attributes": {
            "arn": "arn:aws:iam::496124100072:role/deervisionGitHubAction",
            "assume_role_policy": "{\"Statement\":[{\"Action\":\"sts:AssumeRoleWithWebIdentity\",\"Condition\":{\"StringEquals\":{\"token.actions.githubusercontent.com:aud\":\"sts.amazonaws.com\"},\"StringLike\":{\"token.actions.githubusercontent.com:sub\":\"repo:petitg1987/*\"}},\"Effect\":\"Allow\",\"Principal\":{\"Federated\":\"arn:aws:iam::496124100072:oidc-provider/token.actions.githubusercontent.com\"}}],\"Version\":\"2012-10-17\"}",
            "create_date": "2023-11-21T20:02:44Z",
            "description": "",
            "force_detach_policies": false,
            "id": "deervisionGitHubAction",
            "inline_policy": [
              {
                "name": "deervisionCloudFrontCreateInvalidation",
                "policy": "{\"Version\":\"2012-10-17\",\"Statement\":[{\"Action\":[\"cloudfront:ListDistributions\",\"cloudfront:CreateInvalidation\"],\"Effect\":\"Allow\",\"Resource\":\"*\",\"Sid\":\"CloudFrontCreateInvalidation\"}]}"
              },
              {
                "name": "deervisionPushImagesOnECR",
                "policy": "{\"Version\":\"2012-10-17\",\"Statement\":[{\"Action\":[\"ecr:GetAuthorizationToken\"],\"Effect\":\"Allow\",\"Resource\":\"*\",\"Sid\":\"PushImagesOnECRLogin\"},{\"Action\":[\"ecr:BatchCheckLayerAvailability\",\"ecr:InitiateLayerUpload\",\"ecr:UploadLayerPart\",\"ecr:CompleteLayerUpload\",\"ecr:PutImage\"],\"Effect\":\"Allow\",\"Resource\":\"arn:aws:ecr:eu-central-1:496124100072:repository/deervision\",\"Sid\":\"PushImagesOnECR\"}]}"
              },
              {
                "name": "deervisionUpdateS3",
                "policy": "{\"Version\":\"2012-10-17\",\"Statement\":[{\"Action\":[\"s3:PutObject\",\"s3:DeleteObject\"],\"Effect\":\"Allow\",\"Resource\":\"arn:aws:s3:::deervision-frontend/*\",\"Sid\":\"UpdateS3\"}]}"
              }
            ],
            "managed_policy_arns": [
              "arn:aws:iam::aws:policy/AmazonEC2ReadOnlyAccess"
            ],
            "max_session_duration": 3600,
            "name": "deervisionGitHubAction",
            "name_prefix": "",
            "path": "/",
            "permissions_boundary": null,
            "tags": {},
            "tags_all": {},
            "unique_id": "AROAXHA2M7XUNN2QW6JR4"
          },
          "sensitive_attributes": [],
          "private": "bnVsbA==",
          "dependencies": [
            "aws_iam_openid_connect_provider.git_hub_action_provider"
          ]
        }
      ]
    },
    {
      "mode": "managed",
      "type": "aws_iam_role",
      "name": "instance_role",
      "provider": "provider[\"registry.terraform.io/hashicorp/aws\"]",
      "instances": [
        {
          "schema_version": 0,
          "attributes": {
            "arn": "arn:aws:iam::496124100072:role/deervisionInstanceRole",
            "assume_role_policy": "{\"Statement\":[{\"Action\":\"sts:AssumeRole\",\"Effect\":\"Allow\",\"Principal\":{\"Service\":\"ec2.amazonaws.com\"},\"Sid\":\"\"}],\"Version\":\"2012-10-17\"}",
            "create_date": "2021-10-20T08:10:45Z",
            "description": "Role used inside the EC2 instance",
            "force_detach_policies": false,
            "id": "deervisionInstanceRole",
            "inline_policy": [
              {
                "name": "deervisionReadParameter",
                "policy": "{\"Version\":\"2012-10-17\",\"Statement\":[{\"Action\":\"ssm:GetParameter\",\"Effect\":\"Allow\",\"Resource\":\"arn:aws:ssm:*:*:parameter/deervision*\",\"Sid\":\"VisualEditor0\"}]}"
              }
            ],
            "managed_policy_arns": [
              "arn:aws:iam::aws:policy/AmazonEC2ContainerRegistryFullAccess",
              "arn:aws:iam::aws:policy/AmazonRoute53FullAccess"
            ],
            "max_session_duration": 3600,
            "name": "deervisionInstanceRole",
            "name_prefix": "",
            "path": "/",
            "permissions_boundary": null,
            "tags": {
              "Application": "deervision"
            },
            "tags_all": {
              "Application": "deervision"
            },
            "unique_id": "AROAXHA2M7XUIG5EDFECO"
          },
          "sensitive_attributes": [],
          "private": "bnVsbA=="
        }
      ]
    },
    {
      "mode": "managed",
      "type": "aws_iam_role_policy",
      "name": "ec2_instance_system_manager",
      "provider": "provider[\"registry.terraform.io/hashicorp/aws\"]",
      "instances": [
        {
          "schema_version": 0,
          "attributes": {
            "id": "deervisionInstanceRole:deervisionReadParameter",
            "name": "deervisionReadParameter",
            "name_prefix": null,
            "policy": "{\"Version\":\"2012-10-17\",\"Statement\":[{\"Action\":\"ssm:GetParameter\",\"Effect\":\"Allow\",\"Resource\":\"arn:aws:ssm:*:*:parameter/deervision*\",\"Sid\":\"VisualEditor0\"}]}",
            "role": "deervisionInstanceRole"
          },
          "sensitive_attributes": [],
          "private": "bnVsbA==",
          "dependencies": [
            "aws_iam_role.instance_role"
          ]
        }
      ]
    },
    {
      "mode": "managed",
      "type": "aws_iam_role_policy",
      "name": "git_hub_action_cloud_front",
      "provider": "provider[\"registry.terraform.io/hashicorp/aws\"]",
      "instances": [
        {
          "schema_version": 0,
          "attributes": {
            "id": "deervisionGitHubAction:deervisionCloudFrontCreateInvalidation",
            "name": "deervisionCloudFrontCreateInvalidation",
            "name_prefix": null,
            "policy": "{\"Version\":\"2012-10-17\",\"Statement\":[{\"Action\":[\"cloudfront:ListDistributions\",\"cloudfront:CreateInvalidation\"],\"Effect\":\"Allow\",\"Resource\":\"*\",\"Sid\":\"CloudFrontCreateInvalidation\"}]}",
            "role": "deervisionGitHubAction"
          },
          "sensitive_attributes": [],
          "private": "bnVsbA==",
          "dependencies": [
            "aws_iam_openid_connect_provider.git_hub_action_provider",
            "aws_iam_role.git_hub_action_role"
          ]
        }
      ]
    },
    {
      "mode": "managed",
      "type": "aws_iam_role_policy",
      "name": "git_hub_action_ecr",
      "provider": "provider[\"registry.terraform.io/hashicorp/aws\"]",
      "instances": [
        {
          "schema_version": 0,
          "attributes": {
            "id": "deervisionGitHubAction:deervisionPushImagesOnECR",
            "name": "deervisionPushImagesOnECR",
            "name_prefix": null,
            "policy": "{\"Version\":\"2012-10-17\",\"Statement\":[{\"Action\":[\"ecr:GetAuthorizationToken\"],\"Effect\":\"Allow\",\"Resource\":\"*\",\"Sid\":\"PushImagesOnECRLogin\"},{\"Action\":[\"ecr:BatchCheckLayerAvailability\",\"ecr:InitiateLayerUpload\",\"ecr:UploadLayerPart\",\"ecr:CompleteLayerUpload\",\"ecr:PutImage\"],\"Effect\":\"Allow\",\"Resource\":\"arn:aws:ecr:eu-central-1:496124100072:repository/deervision\",\"Sid\":\"PushImagesOnECR\"}]}",
            "role": "deervisionGitHubAction"
          },
          "sensitive_attributes": [],
          "private": "bnVsbA==",
          "dependencies": [
            "aws_ecr_repository.docker_registry",
            "aws_iam_openid_connect_provider.git_hub_action_provider",
            "aws_iam_role.git_hub_action_role"
          ]
        }
      ]
    },
    {
      "mode": "managed",
      "type": "aws_iam_role_policy",
      "name": "git_hub_action_s3",
      "provider": "provider[\"registry.terraform.io/hashicorp/aws\"]",
      "instances": [
        {
          "schema_version": 0,
          "attributes": {
            "id": "deervisionGitHubAction:deervisionUpdateS3",
            "name": "deervisionUpdateS3",
            "name_prefix": null,
            "policy": "{\"Version\":\"2012-10-17\",\"Statement\":[{\"Action\":[\"s3:PutObject\",\"s3:DeleteObject\"],\"Effect\":\"Allow\",\"Resource\":\"arn:aws:s3:::deervision-frontend/*\",\"Sid\":\"UpdateS3\"}]}",
            "role": "deervisionGitHubAction"
          },
          "sensitive_attributes": [],
          "private": "bnVsbA==",
          "dependencies": [
            "aws_iam_openid_connect_provider.git_hub_action_provider",
            "aws_iam_role.git_hub_action_role",
            "aws_s3_bucket.storage_frontend"
          ]
        }
      ]
    },
    {
      "mode": "managed",
      "type": "aws_iam_role_policy_attachment",
      "name": "AmazonEC2ContainerRegistryFullAccess",
      "provider": "provider[\"registry.terraform.io/hashicorp/aws\"]",
      "instances": [
        {
          "schema_version": 0,
          "attributes": {
            "id": "deervisionInstanceRole-20231122102330878900000002",
            "policy_arn": "arn:aws:iam::aws:policy/AmazonEC2ContainerRegistryFullAccess",
            "role": "deervisionInstanceRole"
          },
          "sensitive_attributes": [],
          "private": "bnVsbA==",
          "dependencies": [
            "aws_iam_role.instance_role"
          ]
        }
      ]
    },
    {
      "mode": "managed",
      "type": "aws_iam_role_policy_attachment",
      "name": "AmazonEC2ReadOnlyAccess",
      "provider": "provider[\"registry.terraform.io/hashicorp/aws\"]",
      "instances": [
        {
          "schema_version": 0,
          "attributes": {
            "id": "deervisionGitHubAction-20231122092758195000000001",
            "policy_arn": "arn:aws:iam::aws:policy/AmazonEC2ReadOnlyAccess",
            "role": "deervisionGitHubAction"
          },
          "sensitive_attributes": [],
          "private": "bnVsbA==",
          "dependencies": [
            "aws_iam_openid_connect_provider.git_hub_action_provider",
            "aws_iam_role.git_hub_action_role"
          ]
        }
      ]
    },
    {
      "mode": "managed",
      "type": "aws_iam_role_policy_attachment",
      "name": "AmazonRoute53FullAccess",
      "provider": "provider[\"registry.terraform.io/hashicorp/aws\"]",
      "instances": [
        {
          "schema_version": 0,
          "attributes": {
            "id": "deervisionInstanceRole-20211020081046717000000003",
            "policy_arn": "arn:aws:iam::aws:policy/AmazonRoute53FullAccess",
            "role": "deervisionInstanceRole"
          },
          "sensitive_attributes": [],
          "private": "bnVsbA==",
          "dependencies": [
            "aws_iam_role.instance_role"
          ]
        }
      ]
    },
    {
      "mode": "managed",
      "type": "aws_instance",
      "name": "instance",
      "provider": "provider[\"registry.terraform.io/hashicorp/aws\"]",
      "instances": [
        {
          "schema_version": 1,
          "attributes": {
            "ami": "ami-055cb71dff2d966de",
            "arn": "arn:aws:ec2:eu-central-1:496124100072:instance/i-035046be96abd6d9e",
            "associate_public_ip_address": true,
            "availability_zone": "eu-central-1a",
            "capacity_reservation_specification": [
              {
                "capacity_reservation_preference": "open",
                "capacity_reservation_target": []
              }
            ],
            "cpu_core_count": 1,
            "cpu_options": [
              {
                "amd_sev_snp": "",
                "core_count": 1,
                "threads_per_core": 2
              }
            ],
            "cpu_threads_per_core": 2,
            "credit_specification": [
              {
                "cpu_credits": "standard"
              }
            ],
            "disable_api_stop": false,
            "disable_api_termination": false,
            "ebs_block_device": [],
            "ebs_optimized": false,
            "enclave_options": [
              {
                "enabled": false
              }
            ],
            "ephemeral_block_device": [],
            "get_password_data": false,
            "hibernation": false,
            "host_id": "",
            "host_resource_group_arn": null,
            "iam_instance_profile": "deervisionInstanceProfile",
            "id": "i-035046be96abd6d9e",
            "instance_initiated_shutdown_behavior": "stop",
            "instance_lifecycle": "",
            "instance_market_options": [],
            "instance_state": "running",
            "instance_type": "t3a.micro",
            "ipv6_address_count": 1,
            "ipv6_addresses": [
              "2a05:d014:1d77:c700::10"
            ],
            "key_name": "deervision",
            "launch_template": [],
            "maintenance_options": [
              {
                "auto_recovery": "default"
              }
            ],
            "metadata_options": [
              {
                "http_endpoint": "enabled",
                "http_protocol_ipv6": "disabled",
                "http_put_response_hop_limit": 1,
                "http_tokens": "optional",
                "instance_metadata_tags": "disabled"
              }
            ],
            "monitoring": false,
            "network_interface": [
              {
                "delete_on_termination": false,
                "device_index": 0,
                "network_card_index": 0,
                "network_interface_id": "eni-04ec2860a34820238"
              }
            ],
            "outpost_arn": "",
            "password_data": "",
            "placement_group": "",
            "placement_partition_number": 0,
            "primary_network_interface_id": "eni-04ec2860a34820238",
            "private_dns": "ip-10-0-0-11.eu-central-1.compute.internal",
            "private_dns_name_options": [
              {
                "enable_resource_name_dns_a_record": false,
                "enable_resource_name_dns_aaaa_record": false,
                "hostname_type": "ip-name"
              }
            ],
            "private_ip": "10.0.0.11",
            "public_dns": "ec2-3-126-239-192.eu-central-1.compute.amazonaws.com",
            "public_ip": "3.126.239.192",
            "root_block_device": [
              {
                "delete_on_termination": true,
                "device_name": "/dev/sda1",
                "encrypted": false,
                "iops": 100,
                "kms_key_id": "",
                "tags": null,
                "throughput": 0,
                "volume_id": "vol-02c4d2754de82ac64",
                "volume_size": 8,
                "volume_type": "gp2"
              }
            ],
            "secondary_private_ips": [],
            "security_groups": [],
            "source_dest_check": false,
            "spot_instance_request_id": "",
            "subnet_id": "subnet-0c8ad57af2ef6100f",
            "tags": {
              "Application": "deervision",
              "Name": "deervisionInstance"
            },
            "tags_all": {
              "Application": "deervision",
              "Name": "deervisionInstance"
            },
            "tenancy": "default",
            "timeouts": null,
            "user_data": "3c853582ec3162544494d40e8c7c2c13671f4ae2",
            "user_data_base64": null,
            "user_data_replace_on_change": false,
            "volume_tags": null,
            "vpc_security_group_ids": [
              "sg-0698162f7c3484fce"
            ]
          },
          "sensitive_attributes": [],
          "private": "eyJlMmJmYjczMC1lY2FhLTExZTYtOGY4OC0zNDM2M2JjN2M0YzAiOnsiY3JlYXRlIjo2MDAwMDAwMDAwMDAsImRlbGV0ZSI6MTIwMDAwMDAwMDAwMCwidXBkYXRlIjo2MDAwMDAwMDAwMDB9LCJzY2hlbWFfdmVyc2lvbiI6IjEifQ==",
          "dependencies": [
            "aws_iam_instance_profile.instance_profile",
            "aws_iam_role.instance_role",
            "aws_network_interface.network_interface",
            "aws_security_group.instance_sg",
            "aws_subnet.public_subnet",
            "aws_vpc.vpc",
            "data.aws_ami.ubuntu"
          ]
        }
      ]
    },
    {
      "mode": "managed",
      "type": "aws_internet_gateway",
      "name": "igw",
      "provider": "provider[\"registry.terraform.io/hashicorp/aws\"]",
      "instances": [
        {
          "schema_version": 0,
          "attributes": {
            "arn": "arn:aws:ec2:eu-central-1:496124100072:internet-gateway/igw-0b0669cddd4f51a2f",
            "id": "igw-0b0669cddd4f51a2f",
            "owner_id": "496124100072",
            "tags": {
              "Application": "deervision",
              "Name": "deervisionIGW"
            },
            "tags_all": {
              "Application": "deervision",
              "Name": "deervisionIGW"
            },
            "timeouts": null,
            "vpc_id": "vpc-09f704b6ef8b68c5e"
          },
          "sensitive_attributes": [],
          "private": "bnVsbA==",
          "dependencies": [
            "aws_vpc.vpc"
          ]
        }
      ]
    },
    {
      "mode": "managed",
      "type": "aws_network_acl",
      "name": "network_acl",
      "provider": "provider[\"registry.terraform.io/hashicorp/aws\"]",
      "instances": [
        {
          "schema_version": 0,
          "attributes": {
            "arn": "arn:aws:ec2:eu-central-1:496124100072:network-acl/acl-0eddefa39dfb89bc3",
            "egress": [
              {
                "action": "allow",
                "cidr_block": "",
                "from_port": 1024,
                "icmp_code": 0,
                "icmp_type": 0,
                "ipv6_cidr_block": "::/0",
                "protocol": "6",
                "rule_no": 101,
                "to_port": 65535
              },
              {
                "action": "allow",
                "cidr_block": "",
                "from_port": 443,
                "icmp_code": 0,
                "icmp_type": 0,
                "ipv6_cidr_block": "::/0",
                "protocol": "6",
                "rule_no": 111,
                "to_port": 443
              },
              {
                "action": "allow",
                "cidr_block": "",
                "from_port": 80,
                "icmp_code": 0,
                "icmp_type": 0,
                "ipv6_cidr_block": "::/0",
                "protocol": "6",
                "rule_no": 121,
                "to_port": 80
              },
              {
                "action": "allow",
                "cidr_block": "0.0.0.0/0",
                "from_port": 0,
                "icmp_code": -1,
                "icmp_type": -1,
                "ipv6_cidr_block": "",
                "protocol": "1",
                "rule_no": 130,
                "to_port": 0
              },
              {
                "action": "allow",
                "cidr_block": "0.0.0.0/0",
                "from_port": 1024,
                "icmp_code": 0,
                "icmp_type": 0,
                "ipv6_cidr_block": "",
                "protocol": "6",
                "rule_no": 100,
                "to_port": 65535
              },
              {
                "action": "allow",
                "cidr_block": "0.0.0.0/0",
                "from_port": 443,
                "icmp_code": 0,
                "icmp_type": 0,
                "ipv6_cidr_block": "",
                "protocol": "6",
                "rule_no": 110,
                "to_port": 443
              },
              {
                "action": "allow",
                "cidr_block": "0.0.0.0/0",
                "from_port": 80,
                "icmp_code": 0,
                "icmp_type": 0,
                "ipv6_cidr_block": "",
                "protocol": "6",
                "rule_no": 120,
                "to_port": 80
              }
            ],
            "id": "acl-0eddefa39dfb89bc3",
            "ingress": [
              {
                "action": "allow",
                "cidr_block": "",
                "from_port": 1024,
                "icmp_code": 0,
                "icmp_type": 0,
                "ipv6_cidr_block": "::/0",
                "protocol": "6",
                "rule_no": 131,
                "to_port": 65535
              },
              {
                "action": "allow",
                "cidr_block": "",
                "from_port": 22,
                "icmp_code": 0,
                "icmp_type": 0,
                "ipv6_cidr_block": "::/0",
                "protocol": "6",
                "rule_no": 121,
                "to_port": 22
              },
              {
                "action": "allow",
                "cidr_block": "",
                "from_port": 443,
                "icmp_code": 0,
                "icmp_type": 0,
                "ipv6_cidr_block": "::/0",
                "protocol": "6",
                "rule_no": 101,
                "to_port": 443
              },
              {
                "action": "allow",
                "cidr_block": "",
                "from_port": 80,
                "icmp_code": 0,
                "icmp_type": 0,
                "ipv6_cidr_block": "::/0",
                "protocol": "6",
                "rule_no": 111,
                "to_port": 80
              },
              {
                "action": "allow",
                "cidr_block": "0.0.0.0/0",
                "from_port": 0,
                "icmp_code": -1,
                "icmp_type": -1,
                "ipv6_cidr_block": "",
                "protocol": "1",
                "rule_no": 140,
                "to_port": 0
              },
              {
                "action": "allow",
                "cidr_block": "0.0.0.0/0",
                "from_port": 1024,
                "icmp_code": 0,
                "icmp_type": 0,
                "ipv6_cidr_block": "",
                "protocol": "6",
                "rule_no": 130,
                "to_port": 65535
              },
              {
                "action": "allow",
                "cidr_block": "0.0.0.0/0",
                "from_port": 22,
                "icmp_code": 0,
                "icmp_type": 0,
                "ipv6_cidr_block": "",
                "protocol": "6",
                "rule_no": 120,
                "to_port": 22
              },
              {
                "action": "allow",
                "cidr_block": "0.0.0.0/0",
                "from_port": 443,
                "icmp_code": 0,
                "icmp_type": 0,
                "ipv6_cidr_block": "",
                "protocol": "6",
                "rule_no": 100,
                "to_port": 443
              },
              {
                "action": "allow",
                "cidr_block": "0.0.0.0/0",
                "from_port": 80,
                "icmp_code": 0,
                "icmp_type": 0,
                "ipv6_cidr_block": "",
                "protocol": "6",
                "rule_no": 110,
                "to_port": 80
              }
            ],
            "owner_id": "496124100072",
            "subnet_ids": [
              "subnet-0c8ad57af2ef6100f",
              "subnet-0c96c82e9ab3ab6be",
              "subnet-0ff9765b26b378ccf"
            ],
            "tags": {
              "Application": "deervision",
              "Name": "deervisionNetworkACL"
            },
            "tags_all": {
              "Application": "deervision",
              "Name": "deervisionNetworkACL"
            },
            "vpc_id": "vpc-09f704b6ef8b68c5e"
          },
          "sensitive_attributes": [],
          "private": "bnVsbA==",
          "dependencies": [
            "aws_subnet.public_subnet",
            "aws_vpc.vpc"
          ]
        }
      ]
    },
    {
      "mode": "managed",
      "type": "aws_network_interface",
      "name": "network_interface",
      "provider": "provider[\"registry.terraform.io/hashicorp/aws\"]",
      "instances": [
        {
          "schema_version": 0,
          "attributes": {
            "arn": "arn:aws:ec2:eu-central-1:496124100072:network-interface/eni-04ec2860a34820238",
            "attachment": [
              {
                "attachment_id": "eni-attach-0cad09c516135afda",
                "device_index": 0,
                "instance": "i-0902a39a6657252e2"
              }
            ],
            "description": "",
            "id": "eni-04ec2860a34820238",
            "interface_type": "interface",
            "ipv4_prefix_count": 0,
            "ipv4_prefixes": [],
            "ipv6_address_count": 1,
            "ipv6_address_list": [
              "2a05:d014:1d77:c700::10"
            ],
            "ipv6_address_list_enabled": false,
            "ipv6_addresses": [
              "2a05:d014:1d77:c700::10"
            ],
            "ipv6_prefix_count": 0,
            "ipv6_prefixes": [],
            "mac_address": "02:bf:2d:a3:45:5f",
            "outpost_arn": "",
            "owner_id": "496124100072",
            "private_dns_name": "ip-10-0-0-11.eu-central-1.compute.internal",
            "private_ip": "10.0.0.11",
            "private_ip_list": [
              "10.0.0.11"
            ],
            "private_ip_list_enabled": false,
            "private_ips": [
              "10.0.0.11"
            ],
            "private_ips_count": 0,
            "security_groups": [
              "sg-0698162f7c3484fce"
            ],
            "source_dest_check": false,
            "subnet_id": "subnet-0c8ad57af2ef6100f",
            "tags": {},
            "tags_all": {}
          },
          "sensitive_attributes": [],
          "private": "bnVsbA==",
          "dependencies": [
            "aws_security_group.instance_sg",
            "aws_subnet.public_subnet",
            "aws_vpc.vpc"
          ]
        }
      ]
    },
    {
      "mode": "managed",
      "type": "aws_route53_record",
      "name": "dns_record_backend",
      "provider": "provider[\"registry.terraform.io/hashicorp/aws\"]",
      "instances": [
        {
          "schema_version": 2,
          "attributes": {
            "alias": [],
            "allow_overwrite": null,
            "cidr_routing_policy": [],
            "failover_routing_policy": [],
            "fqdn": "backend.deervision.studio",
            "geolocation_routing_policy": [],
            "health_check_id": "",
            "id": "Z10410503O09RPLKKA1SK_backend_A",
            "latency_routing_policy": [],
            "multivalue_answer_routing_policy": false,
            "name": "backend",
            "records": [
              "3.126.239.192"
            ],
            "set_identifier": "",
            "ttl": 60,
            "type": "A",
            "weighted_routing_policy": [],
            "zone_id": "Z10410503O09RPLKKA1SK"
          },
          "sensitive_attributes": [],
          "private": "eyJzY2hlbWFfdmVyc2lvbiI6IjIifQ==",
          "dependencies": [
            "aws_eip.eip",
            "aws_iam_instance_profile.instance_profile",
            "aws_iam_role.instance_role",
            "aws_instance.instance",
            "aws_network_interface.network_interface",
            "aws_security_group.instance_sg",
            "aws_subnet.public_subnet",
            "aws_vpc.vpc",
            "data.aws_ami.ubuntu",
            "data.aws_route53_zone.route53_zone_queried"
          ]
        }
      ]
    },
    {
      "mode": "managed",
      "type": "aws_route53_record",
      "name": "dns_record_front",
      "provider": "provider[\"registry.terraform.io/hashicorp/aws\"]",
      "instances": [
        {
          "schema_version": 2,
          "attributes": {
            "alias": [
              {
                "evaluate_target_health": true,
                "name": "d2falsxm8wrpcf.cloudfront.net",
                "zone_id": "Z2FDTNDATAQYW2"
              }
            ],
            "allow_overwrite": null,
            "cidr_routing_policy": [],
            "failover_routing_policy": [],
            "fqdn": "deervision.studio",
            "geolocation_routing_policy": [],
            "health_check_id": "",
            "id": "Z10410503O09RPLKKA1SK__A",
            "latency_routing_policy": [],
            "multivalue_answer_routing_policy": false,
            "name": "",
            "records": [],
            "set_identifier": "",
            "ttl": 0,
            "type": "A",
            "weighted_routing_policy": [],
            "zone_id": "Z10410503O09RPLKKA1SK"
          },
          "sensitive_attributes": [],
          "private": "eyJzY2hlbWFfdmVyc2lvbiI6IjIifQ==",
          "dependencies": [
            "aws_cloudfront_distribution.s3_distribution",
            "aws_s3_bucket.storage_frontend",
            "data.aws_acm_certificate.acm_certificate",
            "data.aws_route53_zone.route53_zone_queried"
          ]
        }
      ]
    },
    {
      "mode": "managed",
      "type": "aws_route53_record",
      "name": "dns_record_ipv6_backend",
      "provider": "provider[\"registry.terraform.io/hashicorp/aws\"]",
      "instances": [
        {
          "schema_version": 2,
          "attributes": {
            "alias": [],
            "allow_overwrite": null,
            "cidr_routing_policy": [],
            "failover_routing_policy": [],
            "fqdn": "backend.deervision.studio",
            "geolocation_routing_policy": [],
            "health_check_id": "",
            "id": "Z10410503O09RPLKKA1SK_backend_AAAA",
            "latency_routing_policy": [],
            "multivalue_answer_routing_policy": false,
            "name": "backend",
            "records": [
              "2a05:d014:1d77:c700::10"
            ],
            "set_identifier": "",
            "ttl": 60,
            "type": "AAAA",
            "weighted_routing_policy": [],
            "zone_id": "Z10410503O09RPLKKA1SK"
          },
          "sensitive_attributes": [],
          "private": "eyJzY2hlbWFfdmVyc2lvbiI6IjIifQ==",
          "dependencies": [
            "aws_network_interface.network_interface",
            "aws_security_group.instance_sg",
            "aws_subnet.public_subnet",
            "aws_vpc.vpc",
            "data.aws_route53_zone.route53_zone_queried"
          ]
        }
      ]
    },
    {
      "mode": "managed",
      "type": "aws_route53_record",
      "name": "dns_record_ipv6_front",
      "provider": "provider[\"registry.terraform.io/hashicorp/aws\"]",
      "instances": [
        {
          "schema_version": 2,
          "attributes": {
            "alias": [
              {
                "evaluate_target_health": true,
                "name": "d2falsxm8wrpcf.cloudfront.net",
                "zone_id": "Z2FDTNDATAQYW2"
              }
            ],
            "allow_overwrite": null,
            "cidr_routing_policy": [],
            "failover_routing_policy": [],
            "fqdn": "deervision.studio",
            "geolocation_routing_policy": [],
            "health_check_id": "",
            "id": "Z10410503O09RPLKKA1SK__AAAA",
            "latency_routing_policy": [],
            "multivalue_answer_routing_policy": false,
            "name": "",
            "records": [],
            "set_identifier": "",
            "ttl": 0,
            "type": "AAAA",
            "weighted_routing_policy": [],
            "zone_id": "Z10410503O09RPLKKA1SK"
          },
          "sensitive_attributes": [],
          "private": "eyJzY2hlbWFfdmVyc2lvbiI6IjIifQ==",
          "dependencies": [
            "aws_cloudfront_distribution.s3_distribution",
            "aws_s3_bucket.storage_frontend",
            "data.aws_acm_certificate.acm_certificate",
            "data.aws_route53_zone.route53_zone_queried"
          ]
        }
      ]
    },
    {
      "mode": "managed",
      "type": "aws_route53_record",
      "name": "dns_record_www_front",
      "provider": "provider[\"registry.terraform.io/hashicorp/aws\"]",
      "instances": [
        {
          "schema_version": 2,
          "attributes": {
            "alias": [
              {
                "evaluate_target_health": true,
                "name": "d2falsxm8wrpcf.cloudfront.net",
                "zone_id": "Z2FDTNDATAQYW2"
              }
            ],
            "allow_overwrite": null,
            "cidr_routing_policy": [],
            "failover_routing_policy": [],
            "fqdn": "www.deervision.studio",
            "geolocation_routing_policy": [],
            "health_check_id": "",
            "id": "Z10410503O09RPLKKA1SK_www_A",
            "latency_routing_policy": [],
            "multivalue_answer_routing_policy": false,
            "name": "www",
            "records": [],
            "set_identifier": "",
            "ttl": 0,
            "type": "A",
            "weighted_routing_policy": [],
            "zone_id": "Z10410503O09RPLKKA1SK"
          },
          "sensitive_attributes": [],
          "private": "eyJzY2hlbWFfdmVyc2lvbiI6IjIifQ==",
          "dependencies": [
            "aws_cloudfront_distribution.s3_distribution",
            "aws_s3_bucket.storage_frontend",
            "data.aws_acm_certificate.acm_certificate",
            "data.aws_route53_zone.route53_zone_queried"
          ]
        }
      ]
    },
    {
      "mode": "managed",
      "type": "aws_route53_record",
      "name": "dns_record_www_ipv6_front",
      "provider": "provider[\"registry.terraform.io/hashicorp/aws\"]",
      "instances": [
        {
          "schema_version": 2,
          "attributes": {
            "alias": [
              {
                "evaluate_target_health": true,
                "name": "d2falsxm8wrpcf.cloudfront.net",
                "zone_id": "Z2FDTNDATAQYW2"
              }
            ],
            "allow_overwrite": null,
            "cidr_routing_policy": [],
            "failover_routing_policy": [],
            "fqdn": "www.deervision.studio",
            "geolocation_routing_policy": [],
            "health_check_id": "",
            "id": "Z10410503O09RPLKKA1SK_www_AAAA",
            "latency_routing_policy": [],
            "multivalue_answer_routing_policy": false,
            "name": "www",
            "records": [],
            "set_identifier": "",
            "ttl": 0,
            "type": "AAAA",
            "weighted_routing_policy": [],
            "zone_id": "Z10410503O09RPLKKA1SK"
          },
          "sensitive_attributes": [],
          "private": "eyJzY2hlbWFfdmVyc2lvbiI6IjIifQ==",
          "dependencies": [
            "aws_cloudfront_distribution.s3_distribution",
            "aws_s3_bucket.storage_frontend",
            "data.aws_acm_certificate.acm_certificate",
            "data.aws_route53_zone.route53_zone_queried"
          ]
        }
      ]
    },
    {
      "mode": "managed",
      "type": "aws_route_table",
      "name": "route",
      "provider": "provider[\"registry.terraform.io/hashicorp/aws\"]",
      "instances": [
        {
          "schema_version": 0,
          "attributes": {
            "arn": "arn:aws:ec2:eu-central-1:496124100072:route-table/rtb-0aa6714c32719f46b",
            "id": "rtb-0aa6714c32719f46b",
            "owner_id": "496124100072",
            "propagating_vgws": [],
            "route": [
              {
                "carrier_gateway_id": "",
                "cidr_block": "",
                "core_network_arn": "",
                "destination_prefix_list_id": "",
                "egress_only_gateway_id": "",
                "gateway_id": "igw-0b0669cddd4f51a2f",
                "ipv6_cidr_block": "::/0",
                "local_gateway_id": "",
                "nat_gateway_id": "",
                "network_interface_id": "",
                "transit_gateway_id": "",
                "vpc_endpoint_id": "",
                "vpc_peering_connection_id": ""
              },
              {
                "carrier_gateway_id": "",
                "cidr_block": "0.0.0.0/0",
                "core_network_arn": "",
                "destination_prefix_list_id": "",
                "egress_only_gateway_id": "",
                "gateway_id": "igw-0b0669cddd4f51a2f",
                "ipv6_cidr_block": "",
                "local_gateway_id": "",
                "nat_gateway_id": "",
                "network_interface_id": "",
                "transit_gateway_id": "",
                "vpc_endpoint_id": "",
                "vpc_peering_connection_id": ""
              }
            ],
            "tags": {
              "Application": "deervision",
              "Name": "deervisionRoute"
            },
            "tags_all": {
              "Application": "deervision",
              "Name": "deervisionRoute"
            },
            "timeouts": null,
            "vpc_id": "vpc-09f704b6ef8b68c5e"
          },
          "sensitive_attributes": [],
          "private": "eyJlMmJmYjczMC1lY2FhLTExZTYtOGY4OC0zNDM2M2JjN2M0YzAiOnsiY3JlYXRlIjozMDAwMDAwMDAwMDAsImRlbGV0ZSI6MzAwMDAwMDAwMDAwLCJ1cGRhdGUiOjEyMDAwMDAwMDAwMH19",
          "dependencies": [
            "aws_internet_gateway.igw",
            "aws_vpc.vpc"
          ]
        }
      ]
    },
    {
      "mode": "managed",
      "type": "aws_route_table_association",
      "name": "route_association",
      "provider": "provider[\"registry.terraform.io/hashicorp/aws\"]",
      "instances": [
        {
          "index_key": 0,
          "schema_version": 0,
          "attributes": {
            "gateway_id": "",
            "id": "rtbassoc-09a3ded528f47cdb1",
            "route_table_id": "rtb-0aa6714c32719f46b",
            "subnet_id": "subnet-0c8ad57af2ef6100f",
            "timeouts": null
          },
          "sensitive_attributes": [],
          "private": "bnVsbA==",
          "dependencies": [
            "aws_internet_gateway.igw",
            "aws_route_table.route",
            "aws_subnet.public_subnet",
            "aws_vpc.vpc"
          ]
        },
        {
          "index_key": 1,
          "schema_version": 0,
          "attributes": {
            "gateway_id": "",
            "id": "rtbassoc-0c8fc66c7cb176c06",
            "route_table_id": "rtb-0aa6714c32719f46b",
            "subnet_id": "subnet-0ff9765b26b378ccf",
            "timeouts": null
          },
          "sensitive_attributes": [],
          "private": "bnVsbA==",
          "dependencies": [
            "aws_internet_gateway.igw",
            "aws_route_table.route",
            "aws_subnet.public_subnet",
            "aws_vpc.vpc"
          ]
        },
        {
          "index_key": 2,
          "schema_version": 0,
          "attributes": {
            "gateway_id": "",
            "id": "rtbassoc-0a6e7a5ffc08d39f9",
            "route_table_id": "rtb-0aa6714c32719f46b",
            "subnet_id": "subnet-0c96c82e9ab3ab6be",
            "timeouts": null
          },
          "sensitive_attributes": [],
          "private": "bnVsbA==",
          "dependencies": [
            "aws_internet_gateway.igw",
            "aws_route_table.route",
            "aws_subnet.public_subnet",
            "aws_vpc.vpc"
          ]
        }
      ]
    },
    {
      "mode": "managed",
      "type": "aws_s3_bucket",
      "name": "storage_frontend",
      "provider": "provider[\"registry.terraform.io/hashicorp/aws\"]",
      "instances": [
        {
          "schema_version": 0,
          "attributes": {
            "acceleration_status": "",
            "acl": "public-read",
            "arn": "arn:aws:s3:::deervision-frontend",
            "bucket": "deervision-frontend",
            "bucket_domain_name": "deervision-frontend.s3.amazonaws.com",
            "bucket_prefix": "",
            "bucket_regional_domain_name": "deervision-frontend.s3.eu-central-1.amazonaws.com",
            "cors_rule": [
              {
                "allowed_headers": [
                  "*"
                ],
                "allowed_methods": [
                  "POST",
                  "GET"
                ],
                "allowed_origins": [
                  "*"
                ],
                "expose_headers": [
                  "ETag"
                ],
                "max_age_seconds": 3000
              }
            ],
            "force_destroy": false,
            "grant": [
              {
                "id": "",
                "permissions": [
                  "READ"
                ],
                "type": "Group",
                "uri": "http://acs.amazonaws.com/groups/global/AllUsers"
              },
              {
                "id": "f19b0aa3841e706bc60521b6c9bbcbc5f48637c4f53f4f8e1cc4eb94a2ba77ad",
                "permissions": [
                  "FULL_CONTROL"
                ],
                "type": "CanonicalUser",
                "uri": ""
              }
            ],
            "hosted_zone_id": "Z21DNDUVLTQW6Q",
            "id": "deervision-frontend",
            "lifecycle_rule": [],
            "logging": [],
            "object_lock_configuration": [],
            "object_lock_enabled": false,
            "policy": "{\"Version\":\"2012-10-17\",\"Statement\":[{\"Sid\":\"PublicReadForGetBucketObjects\",\"Effect\":\"Allow\",\"Principal\":{\"AWS\":\"*\"},\"Action\":\"s3:GetObject\",\"Resource\":[\"arn:aws:s3:::deervision-frontend/*\",\"arn:aws:s3:::deervision-frontend\"]}]}",
            "region": "eu-central-1",
            "replication_configuration": [],
            "request_payer": "BucketOwner",
            "server_side_encryption_configuration": [
              {
                "rule": [
                  {
                    "apply_server_side_encryption_by_default": [
                      {
                        "kms_master_key_id": "",
                        "sse_algorithm": "AES256"
                      }
                    ],
                    "bucket_key_enabled": false
                  }
                ]
              }
            ],
            "tags": {
              "Name": "deervisionFrontend"
            },
            "tags_all": {
              "Name": "deervisionFrontend"
            },
            "timeouts": null,
            "versioning": [
              {
                "enabled": false,
                "mfa_delete": false
              }
            ],
            "website": [
              {
                "error_document": "error404.html",
                "index_document": "index.html",
                "redirect_all_requests_to": "",
                "routing_rules": ""
              }
            ],
            "website_domain": "s3-website.eu-central-1.amazonaws.com",
            "website_endpoint": "deervision-frontend.s3-website.eu-central-1.amazonaws.com"
          },
          "sensitive_attributes": [],
          "private": "bnVsbA=="
        }
      ]
    },
    {
      "mode": "managed",
      "type": "aws_s3_bucket_acl",
      "name": "storage_frontend_bucket_acl",
      "provider": "provider[\"registry.terraform.io/hashicorp/aws\"]",
      "instances": [
        {
          "schema_version": 0,
          "attributes": {
            "access_control_policy": [
              {
                "grant": [
                  {
                    "grantee": [
                      {
                        "display_name": "",
                        "email_address": "",
                        "id": "",
                        "type": "Group",
                        "uri": "http://acs.amazonaws.com/groups/global/AllUsers"
                      }
                    ],
                    "permission": "READ"
                  },
                  {
                    "grantee": [
                      {
                        "display_name": "",
                        "email_address": "",
                        "id": "f19b0aa3841e706bc60521b6c9bbcbc5f48637c4f53f4f8e1cc4eb94a2ba77ad",
                        "type": "CanonicalUser",
                        "uri": ""
                      }
                    ],
                    "permission": "FULL_CONTROL"
                  }
                ],
                "owner": [
                  {
                    "display_name": "",
                    "id": "f19b0aa3841e706bc60521b6c9bbcbc5f48637c4f53f4f8e1cc4eb94a2ba77ad"
                  }
                ]
              }
            ],
            "acl": "public-read",
            "bucket": "deervision-frontend",
            "expected_bucket_owner": "",
            "id": "deervision-frontend,public-read"
          },
          "sensitive_attributes": [],
          "private": "bnVsbA==",
          "dependencies": [
            "aws_s3_bucket.storage_frontend"
          ]
        }
      ]
    },
    {
      "mode": "managed",
      "type": "aws_s3_bucket_cors_configuration",
      "name": "storage_frontend_cors",
      "provider": "provider[\"registry.terraform.io/hashicorp/aws\"]",
      "instances": [
        {
          "schema_version": 0,
          "attributes": {
            "bucket": "deervision-frontend",
            "cors_rule": [
              {
                "allowed_headers": [
                  "*"
                ],
                "allowed_methods": [
                  "GET",
                  "POST"
                ],
                "allowed_origins": [
                  "*"
                ],
                "expose_headers": [
                  "ETag"
                ],
                "id": "",
                "max_age_seconds": 3000
              }
            ],
            "expected_bucket_owner": "",
            "id": "deervision-frontend"
          },
          "sensitive_attributes": [],
          "private": "bnVsbA==",
          "dependencies": [
            "aws_s3_bucket.storage_frontend"
          ]
        }
      ]
    },
    {
      "mode": "managed",
      "type": "aws_s3_bucket_policy",
      "name": "storage_frontend_policy",
      "provider": "provider[\"registry.terraform.io/hashicorp/aws\"]",
      "instances": [
        {
          "schema_version": 0,
          "attributes": {
            "bucket": "deervision-frontend",
            "id": "deervision-frontend",
            "policy": "{\"Statement\":[{\"Action\":\"s3:GetObject\",\"Effect\":\"Allow\",\"Principal\":{\"AWS\":\"*\"},\"Resource\":[\"arn:aws:s3:::deervision-frontend/*\",\"arn:aws:s3:::deervision-frontend\"],\"Sid\":\"PublicReadForGetBucketObjects\"}],\"Version\":\"2012-10-17\"}"
          },
          "sensitive_attributes": [],
          "private": "bnVsbA==",
          "dependencies": [
            "aws_s3_bucket.storage_frontend",
            "data.aws_iam_policy_document.storage_frontend_policy_document"
          ]
        }
      ]
    },
    {
      "mode": "managed",
      "type": "aws_s3_bucket_public_access_block",
      "name": "storage_access_frontend",
      "provider": "provider[\"registry.terraform.io/hashicorp/aws\"]",
      "instances": [
        {
          "schema_version": 0,
          "attributes": {
            "block_public_acls": false,
            "block_public_policy": false,
            "bucket": "deervision-frontend",
            "id": "deervision-frontend",
            "ignore_public_acls": false,
            "restrict_public_buckets": false
          },
          "sensitive_attributes": [],
          "private": "bnVsbA==",
          "dependencies": [
            "aws_s3_bucket.storage_frontend"
          ]
        }
      ]
    },
    {
      "mode": "managed",
      "type": "aws_s3_bucket_website_configuration",
      "name": "storage_frontend_website",
      "provider": "provider[\"registry.terraform.io/hashicorp/aws\"]",
      "instances": [
        {
          "schema_version": 0,
          "attributes": {
            "bucket": "deervision-frontend",
            "error_document": [
              {
                "key": "error404.html"
              }
            ],
            "expected_bucket_owner": "",
            "id": "deervision-frontend",
            "index_document": [
              {
                "suffix": "index.html"
              }
            ],
            "redirect_all_requests_to": [],
            "routing_rule": [],
            "routing_rules": "",
            "website_domain": "s3-website.eu-central-1.amazonaws.com",
            "website_endpoint": "deervision-frontend.s3-website.eu-central-1.amazonaws.com"
          },
          "sensitive_attributes": [],
          "private": "bnVsbA==",
          "dependencies": [
            "aws_s3_bucket.storage_frontend"
          ]
        }
      ]
    },
    {
      "mode": "managed",
      "type": "aws_security_group",
      "name": "instance_sg",
      "provider": "provider[\"registry.terraform.io/hashicorp/aws\"]",
      "instances": [
        {
          "schema_version": 1,
          "attributes": {
            "arn": "arn:aws:ec2:eu-central-1:496124100072:security-group/sg-0698162f7c3484fce",
            "description": "Deer Vision Instance Security Group",
            "egress": [
              {
                "cidr_blocks": [
                  "0.0.0.0/0"
                ],
                "description": "Connection from EC2 to Internet",
                "from_port": 0,
                "ipv6_cidr_blocks": [
                  "::/0"
                ],
                "prefix_list_ids": [],
                "protocol": "-1",
                "security_groups": [],
                "self": false,
                "to_port": 0
              }
            ],
            "id": "sg-0698162f7c3484fce",
            "ingress": [
              {
                "cidr_blocks": [
                  "0.0.0.0/0"
                ],
                "description": "Allow ping IPv4",
                "from_port": 8,
                "ipv6_cidr_blocks": [],
                "prefix_list_ids": [],
                "protocol": "icmp",
                "security_groups": [],
                "self": false,
                "to_port": 0
              },
              {
                "cidr_blocks": [
                  "0.0.0.0/0"
                ],
                "description": "HTTPS requests from Internet",
                "from_port": 443,
                "ipv6_cidr_blocks": [
                  "::/0"
                ],
                "prefix_list_ids": [],
                "protocol": "tcp",
                "security_groups": [],
                "self": false,
                "to_port": 443
              },
              {
                "cidr_blocks": [
                  "0.0.0.0/0"
                ],
                "description": "SSH",
                "from_port": 22,
                "ipv6_cidr_blocks": [
                  "::/0"
                ],
                "prefix_list_ids": [],
                "protocol": "tcp",
                "security_groups": [],
                "self": false,
                "to_port": 22
              }
            ],
            "name": "deervisionInstanceSG",
            "name_prefix": "",
            "owner_id": "496124100072",
            "revoke_rules_on_delete": false,
            "tags": {
              "Application": "deervision",
              "Name": "deervisionInstanceSG"
            },
            "tags_all": {
              "Application": "deervision",
              "Name": "deervisionInstanceSG"
            },
            "timeouts": null,
            "vpc_id": "vpc-09f704b6ef8b68c5e"
          },
          "sensitive_attributes": [],
          "private": "eyJlMmJmYjczMC1lY2FhLTExZTYtOGY4OC0zNDM2M2JjN2M0YzAiOnsiY3JlYXRlIjo2MDAwMDAwMDAwMDAsImRlbGV0ZSI6OTAwMDAwMDAwMDAwfSwic2NoZW1hX3ZlcnNpb24iOiIxIn0=",
          "dependencies": [
            "aws_vpc.vpc"
          ]
        }
      ]
    },
    {
      "mode": "managed",
      "type": "aws_subnet",
      "name": "public_subnet",
      "provider": "provider[\"registry.terraform.io/hashicorp/aws\"]",
      "instances": [
        {
          "index_key": 0,
          "schema_version": 1,
          "attributes": {
            "arn": "arn:aws:ec2:eu-central-1:496124100072:subnet/subnet-0c8ad57af2ef6100f",
            "assign_ipv6_address_on_creation": true,
            "availability_zone": "eu-central-1a",
            "availability_zone_id": "euc1-az2",
            "cidr_block": "10.0.0.0/24",
            "customer_owned_ipv4_pool": "",
            "enable_dns64": false,
            "enable_lni_at_device_index": 0,
            "enable_resource_name_dns_a_record_on_launch": false,
            "enable_resource_name_dns_aaaa_record_on_launch": false,
            "id": "subnet-0c8ad57af2ef6100f",
            "ipv6_cidr_block": "2a05:d014:1d77:c700::/64",
            "ipv6_cidr_block_association_id": "subnet-cidr-assoc-05eeb175be80b30a4",
            "ipv6_native": false,
            "map_customer_owned_ip_on_launch": false,
            "map_public_ip_on_launch": true,
            "outpost_arn": "",
            "owner_id": "496124100072",
            "private_dns_hostname_type_on_launch": "ip-name",
            "tags": {
              "Application": "deervision"
            },
            "tags_all": {
              "Application": "deervision"
            },
            "timeouts": null,
            "vpc_id": "vpc-09f704b6ef8b68c5e"
          },
          "sensitive_attributes": [],
          "private": "eyJlMmJmYjczMC1lY2FhLTExZTYtOGY4OC0zNDM2M2JjN2M0YzAiOnsiY3JlYXRlIjo2MDAwMDAwMDAwMDAsImRlbGV0ZSI6MTIwMDAwMDAwMDAwMH0sInNjaGVtYV92ZXJzaW9uIjoiMSJ9",
          "dependencies": [
            "aws_vpc.vpc"
          ]
        },
        {
          "index_key": 1,
          "schema_version": 1,
          "attributes": {
            "arn": "arn:aws:ec2:eu-central-1:496124100072:subnet/subnet-0ff9765b26b378ccf",
            "assign_ipv6_address_on_creation": true,
            "availability_zone": "eu-central-1b",
            "availability_zone_id": "euc1-az3",
            "cidr_block": "10.0.1.0/24",
            "customer_owned_ipv4_pool": "",
            "enable_dns64": false,
            "enable_lni_at_device_index": 0,
            "enable_resource_name_dns_a_record_on_launch": false,
            "enable_resource_name_dns_aaaa_record_on_launch": false,
            "id": "subnet-0ff9765b26b378ccf",
            "ipv6_cidr_block": "2a05:d014:1d77:c701::/64",
            "ipv6_cidr_block_association_id": "subnet-cidr-assoc-03ac5bc2f8fbc81b3",
            "ipv6_native": false,
            "map_customer_owned_ip_on_launch": false,
            "map_public_ip_on_launch": true,
            "outpost_arn": "",
            "owner_id": "496124100072",
            "private_dns_hostname_type_on_launch": "ip-name",
            "tags": {
              "Application": "deervision"
            },
            "tags_all": {
              "Application": "deervision"
            },
            "timeouts": null,
            "vpc_id": "vpc-09f704b6ef8b68c5e"
          },
          "sensitive_attributes": [],
          "private": "eyJlMmJmYjczMC1lY2FhLTExZTYtOGY4OC0zNDM2M2JjN2M0YzAiOnsiY3JlYXRlIjo2MDAwMDAwMDAwMDAsImRlbGV0ZSI6MTIwMDAwMDAwMDAwMH0sInNjaGVtYV92ZXJzaW9uIjoiMSJ9",
          "dependencies": [
            "aws_vpc.vpc"
          ]
        },
        {
          "index_key": 2,
          "schema_version": 1,
          "attributes": {
            "arn": "arn:aws:ec2:eu-central-1:496124100072:subnet/subnet-0c96c82e9ab3ab6be",
            "assign_ipv6_address_on_creation": true,
            "availability_zone": "eu-central-1c",
            "availability_zone_id": "euc1-az1",
            "cidr_block": "10.0.2.0/24",
            "customer_owned_ipv4_pool": "",
            "enable_dns64": false,
            "enable_lni_at_device_index": 0,
            "enable_resource_name_dns_a_record_on_launch": false,
            "enable_resource_name_dns_aaaa_record_on_launch": false,
            "id": "subnet-0c96c82e9ab3ab6be",
            "ipv6_cidr_block": "2a05:d014:1d77:c702::/64",
            "ipv6_cidr_block_association_id": "subnet-cidr-assoc-0b6aadb99efc69061",
            "ipv6_native": false,
            "map_customer_owned_ip_on_launch": false,
            "map_public_ip_on_launch": true,
            "outpost_arn": "",
            "owner_id": "496124100072",
            "private_dns_hostname_type_on_launch": "ip-name",
            "tags": {
              "Application": "deervision"
            },
            "tags_all": {
              "Application": "deervision"
            },
            "timeouts": null,
            "vpc_id": "vpc-09f704b6ef8b68c5e"
          },
          "sensitive_attributes": [],
          "private": "eyJlMmJmYjczMC1lY2FhLTExZTYtOGY4OC0zNDM2M2JjN2M0YzAiOnsiY3JlYXRlIjo2MDAwMDAwMDAwMDAsImRlbGV0ZSI6MTIwMDAwMDAwMDAwMH0sInNjaGVtYV92ZXJzaW9uIjoiMSJ9",
          "dependencies": [
            "aws_vpc.vpc"
          ]
        }
      ]
    },
    {
      "mode": "managed",
      "type": "aws_volume_attachment",
      "name": "volume_attachment",
      "provider": "provider[\"registry.terraform.io/hashicorp/aws\"]",
      "instances": [
        {
          "schema_version": 0,
          "attributes": {
            "device_name": "/dev/sda2",
            "force_detach": true,
            "id": "vai-2912020687",
            "instance_id": "i-035046be96abd6d9e",
            "skip_destroy": null,
            "stop_instance_before_detaching": null,
            "timeouts": null,
            "volume_id": "vol-01a4a98778cfd0c1f"
          },
          "sensitive_attributes": [],
          "private": "eyJlMmJmYjczMC1lY2FhLTExZTYtOGY4OC0zNDM2M2JjN2M0YzAiOnsiY3JlYXRlIjozMDAwMDAwMDAwMDAsImRlbGV0ZSI6MzAwMDAwMDAwMDAwfX0=",
          "dependencies": [
            "aws_ebs_volume.ebs_volume",
            "aws_iam_instance_profile.instance_profile",
            "aws_iam_role.instance_role",
            "aws_instance.instance",
            "aws_network_interface.network_interface",
            "aws_security_group.instance_sg",
            "aws_subnet.public_subnet",
            "aws_vpc.vpc",
            "data.aws_ami.ubuntu"
          ]
        }
      ]
    },
    {
      "mode": "managed",
      "type": "aws_vpc",
      "name": "vpc",
      "provider": "provider[\"registry.terraform.io/hashicorp/aws\"]",
      "instances": [
        {
          "schema_version": 1,
          "attributes": {
            "arn": "arn:aws:ec2:eu-central-1:496124100072:vpc/vpc-09f704b6ef8b68c5e",
            "assign_generated_ipv6_cidr_block": true,
            "cidr_block": "10.0.0.0/16",
            "default_network_acl_id": "acl-0169c3c3cd2a28eab",
            "default_route_table_id": "rtb-0b0b5d9b65bae72a2",
            "default_security_group_id": "sg-05d9d609c086f8a80",
            "dhcp_options_id": "dopt-79c48912",
            "enable_dns_hostnames": true,
            "enable_dns_support": true,
            "enable_network_address_usage_metrics": false,
            "id": "vpc-09f704b6ef8b68c5e",
            "instance_tenancy": "default",
            "ipv4_ipam_pool_id": null,
            "ipv4_netmask_length": null,
            "ipv6_association_id": "vpc-cidr-assoc-02487c4ae9b351249",
            "ipv6_cidr_block": "2a05:d014:1d77:c700::/56",
            "ipv6_cidr_block_network_border_group": "eu-central-1",
            "ipv6_ipam_pool_id": "",
            "ipv6_netmask_length": 0,
            "main_route_table_id": "rtb-0b0b5d9b65bae72a2",
            "owner_id": "496124100072",
            "tags": {
              "Application": "deervision",
              "Name": "deervisionVPC"
            },
            "tags_all": {
              "Application": "deervision",
              "Name": "deervisionVPC"
            }
          },
          "sensitive_attributes": [],
          "private": "eyJzY2hlbWFfdmVyc2lvbiI6IjEifQ=="
        }
      ]
    }
  ],
  "check_results": null
}
