{
  "version": 4,
  "terraform_version": "0.12.26",
  "serial": 168,
  "lineage": "36b690a8-627e-c213-4bcb-234d8b868c62",
  "outputs": {},
  "resources": [
    {
      "mode": "data",
      "type": "aws_ami",
      "name": "ubuntu",
      "provider": "provider.aws",
      "instances": [
        {
          "schema_version": 0,
          "attributes": {
            "architecture": "x86_64",
            "block_device_mappings": [
              {
                "device_name": "/dev/sda1",
                "ebs": {
                  "delete_on_termination": "true",
                  "encrypted": "false",
                  "iops": "0",
                  "snapshot_id": "snap-0bd64310aee7166bc",
                  "volume_size": "8",
                  "volume_type": "gp2"
                },
                "no_device": "",
                "virtual_name": ""
              },
              {
                "device_name": "/dev/sdb",
                "ebs": {},
                "no_device": "",
                "virtual_name": "ephemeral0"
              },
              {
                "device_name": "/dev/sdc",
                "ebs": {},
                "no_device": "",
                "virtual_name": "ephemeral1"
              }
            ],
            "creation_date": "2020-06-11T22:06:09.000Z",
            "description": "Canonical, Ubuntu, 18.04 LTS, amd64 bionic image build on 2020-06-11",
            "executable_users": null,
            "filter": [
              {
                "name": "name",
                "values": [
                  "ubuntu/images/hvm-ssd/ubuntu-bionic-18.04-amd64-server-*"
                ]
              },
              {
                "name": "virtualization-type",
                "values": [
                  "hvm"
                ]
              }
            ],
            "hypervisor": "xen",
            "id": "ami-0d359437d1756caa8",
            "image_id": "ami-0d359437d1756caa8",
            "image_location": "099720109477/ubuntu/images/hvm-ssd/ubuntu-bionic-18.04-amd64-server-20200611",
            "image_owner_alias": null,
            "image_type": "machine",
            "kernel_id": null,
            "most_recent": true,
            "name": "ubuntu/images/hvm-ssd/ubuntu-bionic-18.04-amd64-server-20200611",
            "name_regex": null,
            "owner_id": "099720109477",
            "owners": [
              "099720109477"
            ],
            "platform": null,
            "product_codes": [],
            "public": true,
            "ramdisk_id": null,
            "root_device_name": "/dev/sda1",
            "root_device_type": "ebs",
            "root_snapshot_id": "snap-0bd64310aee7166bc",
            "sriov_net_support": "simple",
            "state": "available",
            "state_reason": {
              "code": "UNSET",
              "message": "UNSET"
            },
            "tags": {},
            "virtualization_type": "hvm"
          }
        }
      ]
    },
    {
      "mode": "data",
      "type": "aws_iam_role",
      "name": "AWSServiceRoleForAutoScaling",
      "provider": "provider.aws",
      "instances": [
        {
          "schema_version": 0,
          "attributes": {
            "arn": "arn:aws:iam::496124100072:role/aws-service-role/autoscaling.amazonaws.com/AWSServiceRoleForAutoScaling",
            "assume_role_policy": "{\"Version\":\"2012-10-17\",\"Statement\":[{\"Effect\":\"Allow\",\"Principal\":{\"Service\":\"autoscaling.amazonaws.com\"},\"Action\":\"sts:AssumeRole\"}]}",
            "assume_role_policy_document": null,
            "create_date": "2018-12-01T20:36:47Z",
            "description": "Default Service-Linked Role enables access to AWS Services and Resources used or managed by Auto Scaling",
            "id": "AWSServiceRoleForAutoScaling",
            "max_session_duration": 3600,
            "name": "AWSServiceRoleForAutoScaling",
            "path": "/aws-service-role/autoscaling.amazonaws.com/",
            "permissions_boundary": "",
            "role_id": null,
            "role_name": null,
            "tags": {},
            "unique_id": "AROAJN4T75RSOCV5OHIUC"
          }
        }
      ]
    },
    {
      "mode": "data",
      "type": "aws_iam_user",
      "name": "rlmgt_user",
      "provider": "provider.aws",
      "instances": [
        {
          "schema_version": 0,
          "attributes": {
            "arn": "arn:aws:iam::496124100072:user/release-mgt-user",
            "id": "AIDAXHA2M7XUJ6RGTNLIE",
            "path": "/",
            "permissions_boundary": "",
            "user_id": "AIDAXHA2M7XUJ6RGTNLIE",
            "user_name": "release-mgt-user"
          }
        }
      ]
    },
    {
      "mode": "data",
      "type": "aws_route53_zone",
      "name": "selected",
      "provider": "provider.aws",
      "instances": [
        {
          "schema_version": 0,
          "attributes": {
            "caller_reference": "RISWorkflow-RD:85e1ee34-348b-4e78-876c-ab04fc7690c1",
            "comment": "HostedZone created by Route53 Registrar",
            "id": "Z3EJHHBK729B60",
            "linked_service_description": null,
            "linked_service_principal": null,
            "name": "releasemgt.net.",
            "name_servers": [
              "ns-1168.awsdns-18.org",
              "ns-1987.awsdns-56.co.uk",
              "ns-820.awsdns-38.net",
              "ns-44.awsdns-05.com"
            ],
            "private_zone": false,
            "resource_record_set_count": 3,
            "tags": {},
            "vpc_id": null,
            "zone_id": "Z3EJHHBK729B60"
          }
        }
      ]
    },
    {
      "mode": "managed",
      "type": "aws_cloudwatch_log_group",
      "name": "rlmgt_cloudwatch_log_group",
      "provider": "provider.aws",
      "instances": [
        {
          "schema_version": 0,
          "attributes": {
            "arn": "arn:aws:logs:eu-central-1:496124100072:log-group:greencityRelMgtLogsGroup:*",
            "id": "greencityRelMgtLogsGroup",
            "kms_key_id": "",
            "name": "greencityRelMgtLogsGroup",
            "name_prefix": null,
            "retention_in_days": 60,
            "tags": {
              "Application": "greencity"
            }
          }
        }
      ]
    },
    {
      "mode": "managed",
      "type": "aws_codedeploy_app",
      "name": "rlmgt_codedeploy_app",
      "provider": "provider.aws",
      "instances": [
        {
          "schema_version": 0,
          "attributes": {
            "compute_platform": "Server",
            "id": "39d90435-8bfc-4b51-9f88-5ef3c4a352c8:greencityRelMgtApp",
            "name": "greencityRelMgtApp",
            "unique_id": null
          }
        }
      ]
    },
    {
      "mode": "managed",
      "type": "aws_codedeploy_deployment_group",
      "name": "rlmgt_deployment_group",
      "provider": "provider.aws",
      "instances": [
        {
          "schema_version": 0,
          "attributes": {
            "alarm_configuration": [],
            "app_name": "greencityRelMgtApp",
            "auto_rollback_configuration": [],
            "autoscaling_groups": [],
            "blue_green_deployment_config": [],
            "deployment_config_name": "CodeDeployDefault.AllAtOnce",
            "deployment_group_name": "greencityRelMgtDeploymentGroup",
            "deployment_style": [
              {
                "deployment_option": "WITHOUT_TRAFFIC_CONTROL",
                "deployment_type": "IN_PLACE"
              }
            ],
            "ec2_tag_filter": [],
            "ec2_tag_set": [
              {
                "ec2_tag_filter": [
                  {
                    "key": "Application",
                    "type": "KEY_AND_VALUE",
                    "value": "greencity"
                  }
                ]
              }
            ],
            "ecs_service": [],
            "id": "f7e70a27-49c5-4f10-a31b-95c8f8ea6b76",
            "load_balancer_info": [],
            "on_premises_instance_tag_filter": [],
            "service_role_arn": "arn:aws:iam::496124100072:role/greencityRelMgtCodeDeployRole",
            "trigger_configuration": []
          },
          "dependencies": [
            "aws_codedeploy_app.rlmgt_codedeploy_app",
            "aws_iam_role.rlmgt_deployment_role"
          ]
        }
      ]
    },
    {
      "mode": "managed",
      "type": "aws_efs_file_system",
      "name": "rlmgt_efs",
      "provider": "provider.aws",
      "instances": [
        {
          "schema_version": 0,
          "attributes": {
            "arn": "arn:aws:elasticfilesystem:eu-central-1:496124100072:file-system/fs-b7c445ef",
            "creation_token": "greencityRelMgEfsToken",
            "dns_name": "fs-b7c445ef.efs.eu-central-1.amazonaws.com",
            "encrypted": false,
            "id": "fs-b7c445ef",
            "kms_key_id": "",
            "lifecycle_policy": [],
            "performance_mode": "generalPurpose",
            "provisioned_throughput_in_mibps": 0,
            "reference_name": null,
            "tags": {
              "Application": "greencity",
              "Name": "greencityRelMgtEfsName"
            },
            "throughput_mode": "bursting"
          }
        }
      ]
    },
    {
      "mode": "managed",
      "type": "aws_efs_mount_target",
      "name": "rlmgt_efs_mount_target",
      "each": "list",
      "provider": "provider.aws",
      "instances": [
        {
          "index_key": 0,
          "schema_version": 0,
          "attributes": {
            "dns_name": "fs-b7c445ef.efs.eu-central-1.amazonaws.com",
            "file_system_arn": "arn:aws:elasticfilesystem:eu-central-1:496124100072:file-system/fs-b7c445ef",
            "file_system_id": "fs-b7c445ef",
            "id": "fsmt-998dcfc0",
            "ip_address": "10.0.0.158",
            "network_interface_id": "eni-05c358bd1491296cd",
            "security_groups": [
              "sg-0888e05b1e8709872"
            ],
            "subnet_id": "subnet-02622661e961029ef"
          },
          "dependencies": [
            "aws_efs_file_system.rlmgt_efs",
            "aws_security_group.rlmgt_efs_sg",
            "aws_security_group.rlmgt_instance_sg",
            "aws_subnet.rlmgt_public_subnet",
            "aws_vpc.rlmgt_vpc"
          ]
        },
        {
          "index_key": 1,
          "schema_version": 0,
          "attributes": {
            "dns_name": "fs-b7c445ef.efs.eu-central-1.amazonaws.com",
            "file_system_arn": "arn:aws:elasticfilesystem:eu-central-1:496124100072:file-system/fs-b7c445ef",
            "file_system_id": "fs-b7c445ef",
            "id": "fsmt-9b8dcfc2",
            "ip_address": "10.0.1.141",
            "network_interface_id": "eni-03aad9bf54800db89",
            "security_groups": [
              "sg-0888e05b1e8709872"
            ],
            "subnet_id": "subnet-0e380832407c78b48"
          },
          "dependencies": [
            "aws_efs_file_system.rlmgt_efs",
            "aws_security_group.rlmgt_efs_sg",
            "aws_security_group.rlmgt_instance_sg",
            "aws_subnet.rlmgt_public_subnet",
            "aws_vpc.rlmgt_vpc"
          ]
        },
        {
          "index_key": 2,
          "schema_version": 0,
          "attributes": {
            "dns_name": "fs-b7c445ef.efs.eu-central-1.amazonaws.com",
            "file_system_arn": "arn:aws:elasticfilesystem:eu-central-1:496124100072:file-system/fs-b7c445ef",
            "file_system_id": "fs-b7c445ef",
            "id": "fsmt-e78dcfbe",
            "ip_address": "10.0.2.99",
            "network_interface_id": "eni-0facc27796845f421",
            "security_groups": [
              "sg-0888e05b1e8709872"
            ],
            "subnet_id": "subnet-03c9e94c57c63bbce"
          },
          "dependencies": [
            "aws_efs_file_system.rlmgt_efs",
            "aws_security_group.rlmgt_efs_sg",
            "aws_security_group.rlmgt_instance_sg",
            "aws_subnet.rlmgt_public_subnet",
            "aws_vpc.rlmgt_vpc"
          ]
        }
      ]
    },
    {
      "mode": "managed",
      "type": "aws_eip",
      "name": "rlmgt_eip",
      "provider": "provider.aws",
      "instances": [
        {
          "schema_version": 0,
          "attributes": {
            "allocation_id": null,
            "associate_with_private_ip": null,
            "association_id": "eipassoc-00dd0be8c4891cc21",
            "customer_owned_ip": "",
            "customer_owned_ipv4_pool": "",
            "domain": "vpc",
            "id": "eipalloc-0ee1522075157c04f",
            "instance": "i-0d05aaedbdc127729",
            "network_interface": "eni-03ed04d0bafe1b832",
            "private_dns": "ip-10-0-0-247.eu-central-1.compute.internal",
            "private_ip": "10.0.0.247",
            "public_dns": "ec2-18-184-25-197.eu-central-1.compute.amazonaws.com",
            "public_ip": "18.184.25.197",
            "public_ipv4_pool": "amazon",
            "tags": {},
            "timeouts": null,
            "vpc": true
          },
          "private": "eyJlMmJmYjczMC1lY2FhLTExZTYtOGY4OC0zNDM2M2JjN2M0YzAiOnsiZGVsZXRlIjoxODAwMDAwMDAwMDAsInJlYWQiOjkwMDAwMDAwMDAwMCwidXBkYXRlIjozMDAwMDAwMDAwMDB9fQ==",
          "dependencies": [
            "aws_efs_file_system.rlmgt_efs",
            "aws_iam_instance_profile.rlmgt_instance_profile",
            "aws_instance.rlmgt_instance",
            "aws_kms_key.rlmgt_ebs_kms_key",
            "aws_security_group.rlmgt_instance_sg",
            "aws_subnet.rlmgt_public_subnet"
          ]
        }
      ]
    },
    {
      "mode": "managed",
      "type": "aws_iam_instance_profile",
      "name": "rlmgt_instance_profile",
      "provider": "provider.aws",
      "instances": [
        {
          "schema_version": 0,
          "attributes": {
            "arn": "arn:aws:iam::496124100072:instance-profile/greencityRelMgtInstanceProfile",
            "create_date": "2020-06-14T08:34:54Z",
            "id": "greencityRelMgtInstanceProfile",
            "name": "greencityRelMgtInstanceProfile",
            "name_prefix": null,
            "path": "/",
            "role": "greencityRelMgtInstanceRole",
            "roles": [
              "greencityRelMgtInstanceRole"
            ],
            "unique_id": "AIPAXHA2M7XUGD2Z2HQPQ"
          },
          "private": "bnVsbA==",
          "dependencies": [
            "aws_iam_role.rlmgt_instance_role"
          ]
        }
      ]
    },
    {
      "mode": "managed",
      "type": "aws_iam_role",
      "name": "rlmgt_deployment_role",
      "provider": "provider.aws",
      "instances": [
        {
          "schema_version": 0,
          "attributes": {
            "arn": "arn:aws:iam::496124100072:role/greencityRelMgtCodeDeployRole",
            "assume_role_policy": "{\"Version\":\"2012-10-17\",\"Statement\":[{\"Sid\":\"\",\"Effect\":\"Allow\",\"Principal\":{\"Service\":\"codedeploy.amazonaws.com\"},\"Action\":\"sts:AssumeRole\"}]}",
            "create_date": "2020-06-14T07:18:07Z",
            "description": "Allow CodeDeploy service to access autoscale, ec2 and SNS",
            "force_detach_policies": false,
            "id": "greencityRelMgtCodeDeployRole",
            "max_session_duration": 3600,
            "name": "greencityRelMgtCodeDeployRole",
            "name_prefix": null,
            "path": "/",
            "permissions_boundary": null,
            "tags": {
              "Application": "greencity"
            },
            "unique_id": "AROAXHA2M7XUL7QZKCJ2T"
          }
        }
      ]
    },
    {
      "mode": "managed",
      "type": "aws_iam_role",
      "name": "rlmgt_instance_role",
      "provider": "provider.aws",
      "instances": [
        {
          "schema_version": 0,
          "attributes": {
            "arn": "arn:aws:iam::496124100072:role/greencityRelMgtInstanceRole",
            "assume_role_policy": "{\"Version\":\"2012-10-17\",\"Statement\":[{\"Sid\":\"\",\"Effect\":\"Allow\",\"Principal\":{\"Service\":\"ec2.amazonaws.com\"},\"Action\":\"sts:AssumeRole\"}]}",
            "create_date": "2020-06-14T07:18:07Z",
            "description": "Allow EC2 instances to access to S3/SNS/SQS (code deploy agent) and Route53 (let's encrypt)",
            "force_detach_policies": false,
            "id": "greencityRelMgtInstanceRole",
            "max_session_duration": 3600,
            "name": "greencityRelMgtInstanceRole",
            "name_prefix": null,
            "path": "/",
            "permissions_boundary": null,
            "tags": {
              "Application": "greencity"
            },
            "unique_id": "AROAXHA2M7XUJCKR7GRXC"
          },
          "private": "bnVsbA=="
        }
      ]
    },
    {
      "mode": "managed",
      "type": "aws_iam_role_policy_attachment",
      "name": "AWSCodeDeployRole",
      "provider": "provider.aws",
      "instances": [
        {
          "schema_version": 0,
          "attributes": {
            "id": "greencityRelMgtCodeDeployRole-20200614071809060500000002",
            "policy_arn": "arn:aws:iam::aws:policy/service-role/AWSCodeDeployRole",
            "role": "greencityRelMgtCodeDeployRole"
          },
          "dependencies": [
            "aws_iam_role.rlmgt_deployment_role"
          ]
        }
      ]
    },
    {
      "mode": "managed",
      "type": "aws_iam_role_policy_attachment",
      "name": "AmazonEC2RoleforAWSCodeDeploy",
      "provider": "provider.aws",
      "instances": [
        {
          "schema_version": 0,
          "attributes": {
            "id": "greencityRelMgtInstanceRole-20200614071809059500000001",
            "policy_arn": "arn:aws:iam::aws:policy/service-role/AmazonEC2RoleforAWSCodeDeploy",
            "role": "greencityRelMgtInstanceRole"
          },
          "dependencies": [
            "aws_iam_role.rlmgt_instance_role"
          ]
        }
      ]
    },
    {
      "mode": "managed",
      "type": "aws_iam_role_policy_attachment",
      "name": "AmazonRoute53FullAccess",
      "provider": "provider.aws",
      "instances": [
        {
          "schema_version": 0,
          "attributes": {
            "id": "greencityRelMgtInstanceRole-20200614151429509500000001",
            "policy_arn": "arn:aws:iam::aws:policy/AmazonRoute53FullAccess",
            "role": "greencityRelMgtInstanceRole"
          },
          "private": "bnVsbA==",
          "dependencies": [
            "aws_iam_role.rlmgt_instance_role"
          ]
        }
      ]
    },
    {
      "mode": "managed",
      "type": "aws_iam_role_policy_attachment",
      "name": "AutoScalingNotificationAccessRole",
      "provider": "provider.aws",
      "instances": [
        {
          "schema_version": 0,
          "attributes": {
            "id": "greencityRelMgtInstanceRole-20200614150729952300000001",
            "policy_arn": "arn:aws:iam::aws:policy/service-role/AutoScalingNotificationAccessRole",
            "role": "greencityRelMgtInstanceRole"
          },
          "private": "bnVsbA==",
          "dependencies": [
            "aws_iam_role.rlmgt_instance_role"
          ]
        }
      ]
    },
    {
      "mode": "managed",
      "type": "aws_iam_role_policy_attachment",
      "name": "CloudWatchAgentAdminPolicy",
      "provider": "provider.aws",
      "instances": [
        {
          "schema_version": 0,
          "attributes": {
            "id": "greencityRelMgtInstanceRole-20200614071809062100000004",
            "policy_arn": "arn:aws:iam::aws:policy/CloudWatchAgentAdminPolicy",
            "role": "greencityRelMgtInstanceRole"
          },
          "dependencies": [
            "aws_iam_role.rlmgt_instance_role"
          ]
        }
      ]
    },
    {
      "mode": "managed",
      "type": "aws_instance",
      "name": "rlmgt_instance",
      "provider": "provider.aws",
      "instances": [
        {
          "schema_version": 1,
          "attributes": {
            "ami": "ami-0d359437d1756caa8",
            "arn": "arn:aws:ec2:eu-central-1:496124100072:instance/i-0d05aaedbdc127729",
            "associate_public_ip_address": true,
            "availability_zone": "eu-central-1a",
            "cpu_core_count": 1,
            "cpu_threads_per_core": 1,
            "credit_specification": [
              {
                "cpu_credits": "standard"
              }
            ],
            "disable_api_termination": false,
            "ebs_block_device": [
              {
                "delete_on_termination": true,
                "device_name": "/dev/sda1",
                "encrypted": true,
                "iops": 100,
                "kms_key_id": "arn:aws:kms:eu-central-1:496124100072:key/807853ec-d211-4394-8acf-9649b3bb4d4d",
                "snapshot_id": "snap-0bd64310aee7166bc",
                "volume_id": "vol-0a2e37a05ee5af41e",
                "volume_size": 8,
                "volume_type": "gp2"
              }
            ],
            "ebs_optimized": false,
            "ephemeral_block_device": [],
            "get_password_data": false,
            "hibernation": false,
            "host_id": null,
            "iam_instance_profile": "greencityRelMgtInstanceProfile",
            "id": "i-0d05aaedbdc127729",
            "instance_initiated_shutdown_behavior": null,
            "instance_state": "running",
            "instance_type": "t2.micro",
            "ipv6_address_count": 0,
            "ipv6_addresses": [],
            "key_name": "releasemgt",
            "metadata_options": [
              {
                "http_endpoint": "enabled",
                "http_put_response_hop_limit": 1,
                "http_tokens": "optional"
              }
            ],
            "monitoring": false,
            "network_interface": [],
            "network_interface_id": null,
            "outpost_arn": "",
            "password_data": "",
            "placement_group": "",
            "primary_network_interface_id": "eni-03ed04d0bafe1b832",
            "private_dns": "ip-10-0-0-247.eu-central-1.compute.internal",
            "private_ip": "10.0.0.247",
            "public_dns": "ec2-18-194-36-21.eu-central-1.compute.amazonaws.com",
            "public_ip": "18.194.36.21",
            "root_block_device": [
              {
                "delete_on_termination": true,
                "device_name": "/dev/sda1",
                "encrypted": true,
                "iops": 100,
                "kms_key_id": "arn:aws:kms:eu-central-1:496124100072:key/807853ec-d211-4394-8acf-9649b3bb4d4d",
                "volume_id": "vol-0a2e37a05ee5af41e",
                "volume_size": 8,
                "volume_type": "gp2"
              }
            ],
            "security_groups": [],
            "source_dest_check": true,
            "subnet_id": "subnet-02622661e961029ef",
            "tags": {
              "Application": "greencity",
              "Name": "greencityRelMgtInstance"
            },
            "tenancy": "default",
            "timeouts": null,
            "user_data": "1dd32bc774d230ec5edc813ee3b908c9ede5d0dd",
            "user_data_base64": null,
            "volume_tags": {},
            "vpc_security_group_ids": [
              "sg-06762fbd8139ef4e3"
            ]
          },
          "private": "eyJlMmJmYjczMC1lY2FhLTExZTYtOGY4OC0zNDM2M2JjN2M0YzAiOnsiY3JlYXRlIjo2MDAwMDAwMDAwMDAsImRlbGV0ZSI6MTIwMDAwMDAwMDAwMCwidXBkYXRlIjo2MDAwMDAwMDAwMDB9LCJzY2hlbWFfdmVyc2lvbiI6IjEifQ==",
          "dependencies": [
            "aws_efs_file_system.rlmgt_efs",
            "aws_iam_instance_profile.rlmgt_instance_profile",
            "aws_kms_key.rlmgt_ebs_kms_key",
            "aws_security_group.rlmgt_instance_sg",
            "aws_subnet.rlmgt_public_subnet"
          ]
        }
      ]
    },
    {
      "mode": "managed",
      "type": "aws_internet_gateway",
      "name": "rlmgt_igw",
      "provider": "provider.aws",
      "instances": [
        {
          "schema_version": 0,
          "attributes": {
            "id": "igw-017e3ee6af59d2d7b",
            "owner_id": "496124100072",
            "tags": {
              "Application": "greencity",
              "Name": "greencityRelMgtIGW"
            },
            "vpc_id": "vpc-042de0ce382c4ddba"
          },
          "dependencies": [
            "aws_vpc.rlmgt_vpc"
          ]
        }
      ]
    },
    {
      "mode": "managed",
      "type": "aws_kms_alias",
      "name": "rlmgt_ebs_kms_key_alias",
      "provider": "provider.aws",
      "instances": [
        {
          "schema_version": 0,
          "attributes": {
            "arn": "arn:aws:kms:eu-central-1:496124100072:alias/greencityEbsKmsKey",
            "id": "alias/greencityEbsKmsKey",
            "name": "alias/greencityEbsKmsKey",
            "name_prefix": null,
            "target_key_arn": "arn:aws:kms:eu-central-1:496124100072:key/807853ec-d211-4394-8acf-9649b3bb4d4d",
            "target_key_id": "807853ec-d211-4394-8acf-9649b3bb4d4d"
          },
          "dependencies": [
            "aws_kms_key.rlmgt_ebs_kms_key"
          ]
        }
      ]
    },
    {
      "mode": "managed",
      "type": "aws_kms_key",
      "name": "rlmgt_ebs_kms_key",
      "provider": "provider.aws",
      "instances": [
        {
          "schema_version": 0,
          "attributes": {
            "arn": "arn:aws:kms:eu-central-1:496124100072:key/807853ec-d211-4394-8acf-9649b3bb4d4d",
            "customer_master_key_spec": "SYMMETRIC_DEFAULT",
            "deletion_window_in_days": null,
            "description": "greencity EBS KMS Key",
            "enable_key_rotation": false,
            "id": "807853ec-d211-4394-8acf-9649b3bb4d4d",
            "is_enabled": true,
            "key_id": "807853ec-d211-4394-8acf-9649b3bb4d4d",
            "key_usage": "ENCRYPT_DECRYPT",
            "policy": "{\"Id\":\"key-default-1\",\"Statement\":[{\"Action\":\"kms:*\",\"Effect\":\"Allow\",\"Principal\":{\"AWS\":[\"arn:aws:iam::496124100072:role/aws-service-role/autoscaling.amazonaws.com/AWSServiceRoleForAutoScaling\",\"arn:aws:iam::496124100072:user/release-mgt-user\"]},\"Resource\":\"*\",\"Sid\":\"Enable IAM User Permissions\"}],\"Version\":\"2012-10-17\"}",
            "tags": {
              "Application": "greencity"
            }
          }
        }
      ]
    },
    {
      "mode": "managed",
      "type": "aws_network_acl",
      "name": "rlmgt_network_acl",
      "provider": "provider.aws",
      "instances": [
        {
          "schema_version": 0,
          "attributes": {
            "egress": [
              {
                "action": "allow",
                "cidr_block": "0.0.0.0/0",
                "from_port": 1024,
                "icmp_code": 0,
                "icmp_type": 0,
                "ipv6_cidr_block": "",
                "protocol": "6",
                "rule_no": 100,
                "to_port": 65535
              },
              {
                "action": "allow",
                "cidr_block": "0.0.0.0/0",
                "from_port": 443,
                "icmp_code": 0,
                "icmp_type": 0,
                "ipv6_cidr_block": "",
                "protocol": "6",
                "rule_no": 110,
                "to_port": 443
              },
              {
                "action": "allow",
                "cidr_block": "0.0.0.0/0",
                "from_port": 80,
                "icmp_code": 0,
                "icmp_type": 0,
                "ipv6_cidr_block": "",
                "protocol": "6",
                "rule_no": 120,
                "to_port": 80
              }
            ],
            "id": "acl-0559c5ae68ef6d15b",
            "ingress": [
              {
                "action": "allow",
                "cidr_block": "0.0.0.0/0",
                "from_port": 1024,
                "icmp_code": 0,
                "icmp_type": 0,
                "ipv6_cidr_block": "",
                "protocol": "6",
                "rule_no": 130,
                "to_port": 65535
              },
              {
                "action": "allow",
                "cidr_block": "0.0.0.0/0",
                "from_port": 22,
                "icmp_code": 0,
                "icmp_type": 0,
                "ipv6_cidr_block": "",
                "protocol": "6",
                "rule_no": 120,
                "to_port": 22
              },
              {
                "action": "allow",
                "cidr_block": "0.0.0.0/0",
                "from_port": 443,
                "icmp_code": 0,
                "icmp_type": 0,
                "ipv6_cidr_block": "",
                "protocol": "6",
                "rule_no": 100,
                "to_port": 443
              },
              {
                "action": "allow",
                "cidr_block": "0.0.0.0/0",
                "from_port": 80,
                "icmp_code": 0,
                "icmp_type": 0,
                "ipv6_cidr_block": "",
                "protocol": "6",
                "rule_no": 110,
                "to_port": 80
              }
            ],
            "owner_id": "496124100072",
            "subnet_id": null,
            "subnet_ids": [
              "subnet-02622661e961029ef",
              "subnet-03c9e94c57c63bbce",
              "subnet-0e380832407c78b48"
            ],
            "tags": {
              "Application": "greencity",
              "Name": "greencityRelMgtNetworkACL"
            },
            "vpc_id": "vpc-042de0ce382c4ddba"
          },
          "dependencies": [
            "aws_subnet.rlmgt_public_subnet",
            "aws_vpc.rlmgt_vpc"
          ]
        }
      ]
    },
    {
      "mode": "managed",
      "type": "aws_route53_record",
      "name": "rlmgt_dns_record",
      "provider": "provider.aws",
      "instances": [
        {
          "schema_version": 2,
          "attributes": {
            "alias": [],
            "allow_overwrite": null,
            "failover_routing_policy": [],
            "fqdn": "greencity.releasemgt.net",
            "geolocation_routing_policy": [],
            "health_check_id": "",
            "id": "Z3EJHHBK729B60_greencity_A",
            "latency_routing_policy": [],
            "multivalue_answer_routing_policy": null,
            "name": "greencity",
            "records": [
              "18.184.25.197"
            ],
            "set_identifier": "",
            "ttl": 300,
            "type": "A",
            "weighted_routing_policy": [],
            "zone_id": "Z3EJHHBK729B60"
          },
          "private": "eyJzY2hlbWFfdmVyc2lvbiI6IjIifQ==",
          "dependencies": [
            "aws_efs_file_system.rlmgt_efs",
            "aws_eip.rlmgt_eip",
            "aws_iam_instance_profile.rlmgt_instance_profile",
            "aws_instance.rlmgt_instance",
            "aws_kms_key.rlmgt_ebs_kms_key",
            "aws_security_group.rlmgt_instance_sg",
            "aws_subnet.rlmgt_public_subnet"
          ]
        }
      ]
    },
    {
      "mode": "managed",
      "type": "aws_route_table",
      "name": "rlmgt_route",
      "provider": "provider.aws",
      "instances": [
        {
          "schema_version": 0,
          "attributes": {
            "id": "rtb-0e9419f2a26f61ce2",
            "owner_id": "496124100072",
            "propagating_vgws": [],
            "route": [
              {
                "cidr_block": "0.0.0.0/0",
                "egress_only_gateway_id": "",
                "gateway_id": "igw-017e3ee6af59d2d7b",
                "instance_id": "",
                "ipv6_cidr_block": "",
                "nat_gateway_id": "",
                "network_interface_id": "",
                "transit_gateway_id": "",
                "vpc_peering_connection_id": ""
              }
            ],
            "tags": {
              "Application": "greencity",
              "Name": "greencityRelMgtRoute"
            },
            "vpc_id": "vpc-042de0ce382c4ddba"
          },
          "dependencies": [
            "aws_internet_gateway.rlmgt_igw",
            "aws_vpc.rlmgt_vpc"
          ]
        }
      ]
    },
    {
      "mode": "managed",
      "type": "aws_route_table_association",
      "name": "rlmgt_route_association",
      "each": "list",
      "provider": "provider.aws",
      "instances": [
        {
          "index_key": 0,
          "schema_version": 0,
          "attributes": {
            "gateway_id": null,
            "id": "rtbassoc-0b2adc5bd3961669b",
            "route_table_id": "rtb-0e9419f2a26f61ce2",
            "subnet_id": "subnet-02622661e961029ef"
          },
          "dependencies": [
            "aws_internet_gateway.rlmgt_igw",
            "aws_route_table.rlmgt_route",
            "aws_subnet.rlmgt_public_subnet",
            "aws_vpc.rlmgt_vpc"
          ]
        },
        {
          "index_key": 1,
          "schema_version": 0,
          "attributes": {
            "gateway_id": null,
            "id": "rtbassoc-0aa5338cb64c5430d",
            "route_table_id": "rtb-0e9419f2a26f61ce2",
            "subnet_id": "subnet-0e380832407c78b48"
          },
          "dependencies": [
            "aws_internet_gateway.rlmgt_igw",
            "aws_route_table.rlmgt_route",
            "aws_subnet.rlmgt_public_subnet",
            "aws_vpc.rlmgt_vpc"
          ]
        },
        {
          "index_key": 2,
          "schema_version": 0,
          "attributes": {
            "gateway_id": null,
            "id": "rtbassoc-06c702921197d1507",
            "route_table_id": "rtb-0e9419f2a26f61ce2",
            "subnet_id": "subnet-03c9e94c57c63bbce"
          },
          "dependencies": [
            "aws_internet_gateway.rlmgt_igw",
            "aws_route_table.rlmgt_route",
            "aws_subnet.rlmgt_public_subnet",
            "aws_vpc.rlmgt_vpc"
          ]
        }
      ]
    },
    {
      "mode": "managed",
      "type": "aws_s3_bucket",
      "name": "rlmgt_storage",
      "provider": "provider.aws",
      "instances": [
        {
          "schema_version": 0,
          "attributes": {
            "acceleration_status": "",
            "acl": "private",
            "arn": "arn:aws:s3:::greencity-releasemgt",
            "bucket": "greencity-releasemgt",
            "bucket_domain_name": "greencity-releasemgt.s3.amazonaws.com",
            "bucket_prefix": null,
            "bucket_regional_domain_name": "greencity-releasemgt.s3.eu-central-1.amazonaws.com",
            "cors_rule": [],
            "force_destroy": false,
            "grant": [],
            "hosted_zone_id": "Z21DNDUVLTQW6Q",
            "id": "greencity-releasemgt",
            "lifecycle_rule": [],
            "logging": [],
            "object_lock_configuration": [],
            "policy": null,
            "region": "eu-central-1",
            "replication_configuration": [],
            "request_payer": "BucketOwner",
            "server_side_encryption_configuration": [],
            "tags": {
              "Application": "greencity",
              "Name": "greencityRelMgtStorage"
            },
            "versioning": [
              {
                "enabled": false,
                "mfa_delete": false
              }
            ],
            "website": [],
            "website_domain": null,
            "website_endpoint": null
          }
        }
      ]
    },
    {
      "mode": "managed",
      "type": "aws_s3_bucket_public_access_block",
      "name": "rlmgt_storage_access",
      "provider": "provider.aws",
      "instances": [
        {
          "schema_version": 0,
          "attributes": {
            "block_public_acls": true,
            "block_public_policy": true,
            "bucket": "greencity-releasemgt",
            "id": "greencity-releasemgt",
            "ignore_public_acls": true,
            "restrict_public_buckets": true
          },
          "dependencies": [
            "aws_s3_bucket.rlmgt_storage"
          ]
        }
      ]
    },
    {
      "mode": "managed",
      "type": "aws_security_group",
      "name": "rlmgt_efs_sg",
      "provider": "provider.aws",
      "instances": [
        {
          "schema_version": 1,
          "attributes": {
            "arn": "arn:aws:ec2:eu-central-1:496124100072:security-group/sg-0888e05b1e8709872",
            "description": "Release Mgt EFS Security Group",
            "egress": [],
            "id": "sg-0888e05b1e8709872",
            "ingress": [
              {
                "cidr_blocks": [],
                "description": "Instances can access to EFS",
                "from_port": 0,
                "ipv6_cidr_blocks": [],
                "prefix_list_ids": [],
                "protocol": "-1",
                "security_groups": [
                  "sg-06762fbd8139ef4e3"
                ],
                "self": false,
                "to_port": 0
              }
            ],
            "name": "greencityRelMgtEfsSG",
            "name_prefix": null,
            "owner_id": "496124100072",
            "revoke_rules_on_delete": false,
            "tags": {
              "Application": "greencity",
              "Name": "greencityRelMgtInstanceSG"
            },
            "timeouts": null,
            "vpc_id": "vpc-042de0ce382c4ddba"
          },
          "dependencies": [
            "aws_security_group.rlmgt_instance_sg",
            "aws_vpc.rlmgt_vpc"
          ]
        }
      ]
    },
    {
      "mode": "managed",
      "type": "aws_security_group",
      "name": "rlmgt_instance_sg",
      "provider": "provider.aws",
      "instances": [
        {
          "schema_version": 1,
          "attributes": {
            "arn": "arn:aws:ec2:eu-central-1:496124100072:security-group/sg-06762fbd8139ef4e3",
            "description": "Release Mgt Instance Security Group",
            "egress": [
              {
                "cidr_blocks": [
                  "0.0.0.0/0"
                ],
                "description": "Connection from EC2 to Internet",
                "from_port": 0,
                "ipv6_cidr_blocks": [],
                "prefix_list_ids": [],
                "protocol": "-1",
                "security_groups": [],
                "self": false,
                "to_port": 0
              }
            ],
            "id": "sg-06762fbd8139ef4e3",
            "ingress": [
              {
                "cidr_blocks": [
                  "0.0.0.0/0"
                ],
                "description": "HTTP requests from Route53",
                "from_port": 80,
                "ipv6_cidr_blocks": [],
                "prefix_list_ids": [],
                "protocol": "tcp",
                "security_groups": [],
                "self": false,
                "to_port": 80
              },
              {
                "cidr_blocks": [
                  "0.0.0.0/0"
                ],
                "description": "HTTPS requests from Route53",
                "from_port": 443,
                "ipv6_cidr_blocks": [],
                "prefix_list_ids": [],
                "protocol": "tcp",
                "security_groups": [],
                "self": false,
                "to_port": 443
              },
              {
                "cidr_blocks": [
                  "0.0.0.0/0"
                ],
                "description": "SSH",
                "from_port": 22,
                "ipv6_cidr_blocks": [],
                "prefix_list_ids": [],
                "protocol": "tcp",
                "security_groups": [],
                "self": false,
                "to_port": 22
              },
              {
                "cidr_blocks": [
                  "10.0.0.0/16"
                ],
                "description": "EFS",
                "from_port": 2049,
                "ipv6_cidr_blocks": [],
                "prefix_list_ids": [],
                "protocol": "tcp",
                "security_groups": [],
                "self": false,
                "to_port": 2049
              }
            ],
            "name": "greencityRelMgtInstanceSG",
            "name_prefix": null,
            "owner_id": "496124100072",
            "revoke_rules_on_delete": false,
            "tags": {
              "Application": "greencity",
              "Name": "greencityRelMgtInstanceSG"
            },
            "timeouts": null,
            "vpc_id": "vpc-042de0ce382c4ddba"
          },
          "private": "eyJlMmJmYjczMC1lY2FhLTExZTYtOGY4OC0zNDM2M2JjN2M0YzAiOnsiY3JlYXRlIjo2MDAwMDAwMDAwMDAsImRlbGV0ZSI6NjAwMDAwMDAwMDAwfSwic2NoZW1hX3ZlcnNpb24iOiIxIn0=",
          "dependencies": [
            "aws_vpc.rlmgt_vpc"
          ]
        }
      ]
    },
    {
      "mode": "managed",
      "type": "aws_subnet",
      "name": "rlmgt_public_subnet",
      "each": "list",
      "provider": "provider.aws",
      "instances": [
        {
          "index_key": 0,
          "schema_version": 1,
          "attributes": {
            "arn": "arn:aws:ec2:eu-central-1:496124100072:subnet/subnet-02622661e961029ef",
            "assign_ipv6_address_on_creation": false,
            "availability_zone": "eu-central-1a",
            "availability_zone_id": "euc1-az2",
            "cidr_block": "10.0.0.0/24",
            "id": "subnet-02622661e961029ef",
            "ipv6_cidr_block": "",
            "ipv6_cidr_block_association_id": "",
            "map_public_ip_on_launch": true,
            "outpost_arn": "",
            "owner_id": "496124100072",
            "tags": {
              "Application": "greencity"
            },
            "timeouts": null,
            "vpc_id": "vpc-042de0ce382c4ddba"
          },
          "dependencies": [
            "aws_vpc.rlmgt_vpc"
          ]
        },
        {
          "index_key": 1,
          "schema_version": 1,
          "attributes": {
            "arn": "arn:aws:ec2:eu-central-1:496124100072:subnet/subnet-0e380832407c78b48",
            "assign_ipv6_address_on_creation": false,
            "availability_zone": "eu-central-1b",
            "availability_zone_id": "euc1-az3",
            "cidr_block": "10.0.1.0/24",
            "id": "subnet-0e380832407c78b48",
            "ipv6_cidr_block": "",
            "ipv6_cidr_block_association_id": "",
            "map_public_ip_on_launch": true,
            "outpost_arn": "",
            "owner_id": "496124100072",
            "tags": {
              "Application": "greencity"
            },
            "timeouts": null,
            "vpc_id": "vpc-042de0ce382c4ddba"
          },
          "dependencies": [
            "aws_vpc.rlmgt_vpc"
          ]
        },
        {
          "index_key": 2,
          "schema_version": 1,
          "attributes": {
            "arn": "arn:aws:ec2:eu-central-1:496124100072:subnet/subnet-03c9e94c57c63bbce",
            "assign_ipv6_address_on_creation": false,
            "availability_zone": "eu-central-1c",
            "availability_zone_id": "euc1-az1",
            "cidr_block": "10.0.2.0/24",
            "id": "subnet-03c9e94c57c63bbce",
            "ipv6_cidr_block": "",
            "ipv6_cidr_block_association_id": "",
            "map_public_ip_on_launch": true,
            "outpost_arn": "",
            "owner_id": "496124100072",
            "tags": {
              "Application": "greencity"
            },
            "timeouts": null,
            "vpc_id": "vpc-042de0ce382c4ddba"
          },
          "dependencies": [
            "aws_vpc.rlmgt_vpc"
          ]
        }
      ]
    },
    {
      "mode": "managed",
      "type": "aws_vpc",
      "name": "rlmgt_vpc",
      "provider": "provider.aws",
      "instances": [
        {
          "schema_version": 1,
          "attributes": {
            "arn": "arn:aws:ec2:eu-central-1:496124100072:vpc/vpc-042de0ce382c4ddba",
            "assign_generated_ipv6_cidr_block": false,
            "cidr_block": "10.0.0.0/16",
            "default_network_acl_id": "acl-030861cd203c08770",
            "default_route_table_id": "rtb-08f8082fed6540ef6",
            "default_security_group_id": "sg-066ab2cb583e57758",
            "dhcp_options_id": "dopt-79c48912",
            "enable_classiclink": null,
            "enable_classiclink_dns_support": null,
            "enable_dns_hostnames": true,
            "enable_dns_support": true,
            "id": "vpc-042de0ce382c4ddba",
            "instance_tenancy": "default",
            "ipv6_association_id": "",
            "ipv6_cidr_block": "",
            "main_route_table_id": "rtb-08f8082fed6540ef6",
            "owner_id": "496124100072",
            "tags": {
              "Application": "greencity",
              "Name": "greencityRelMgtVPC"
            }
          }
        }
      ]
    }
  ]
}
