{
  "version": 4,
  "terraform_version": "0.12.0",
  "serial": 389,
  "lineage": "bf10fb97-f919-81e5-db87-453d9c013382",
  "outputs": {},
  "resources": [
    {
      "mode": "data",
      "type": "aws_acm_certificate",
      "name": "rlmgt_domain_certificate",
      "provider": "provider.aws",
      "instances": [
        {
          "schema_version": 0,
          "attributes": {
            "arn": "arn:aws:acm:eu-central-1:496124100072:certificate/0fa0b06b-902f-49d1-bbe9-7379493cbb6c",
            "domain": "releasemgt.net",
            "id": "2019-07-01 16:54:56.571033152 +0000 UTC",
            "most_recent": true,
            "statuses": null,
            "types": [
              "AMAZON_ISSUED"
            ]
          }
        }
      ]
    },
    {
      "mode": "data",
      "type": "aws_ami",
      "name": "ubuntu",
      "provider": "provider.aws",
      "instances": [
        {
          "schema_version": 0,
          "attributes": {
            "architecture": "x86_64",
            "block_device_mappings": [
              {
                "device_name": "/dev/sda1",
                "ebs": {
                  "delete_on_termination": "true",
                  "encrypted": "false",
                  "iops": "0",
                  "snapshot_id": "snap-08ab44df4fb5fdf15",
                  "volume_size": "8",
                  "volume_type": "gp2"
                },
                "no_device": "",
                "virtual_name": ""
              },
              {
                "device_name": "/dev/sdb",
                "ebs": {},
                "no_device": "",
                "virtual_name": "ephemeral0"
              },
              {
                "device_name": "/dev/sdc",
                "ebs": {},
                "no_device": "",
                "virtual_name": "ephemeral1"
              }
            ],
            "creation_date": "2019-06-27T21:46:36.000Z",
            "description": "Canonical, Ubuntu, 18.04 LTS, amd64 bionic image build on 2019-06-27",
            "executable_users": null,
            "filter": [
              {
                "name": "name",
                "values": [
                  "ubuntu/images/hvm-ssd/ubuntu-bionic-18.04-amd64-server-*"
                ]
              },
              {
                "name": "virtualization-type",
                "values": [
                  "hvm"
                ]
              }
            ],
            "hypervisor": "xen",
            "id": "ami-009c174642dba28e4",
            "image_id": "ami-009c174642dba28e4",
            "image_location": "099720109477/ubuntu/images/hvm-ssd/ubuntu-bionic-18.04-amd64-server-20190627.1",
            "image_owner_alias": null,
            "image_type": "machine",
            "kernel_id": null,
            "most_recent": true,
            "name": "ubuntu/images/hvm-ssd/ubuntu-bionic-18.04-amd64-server-20190627.1",
            "name_regex": null,
            "owner_id": "099720109477",
            "owners": [
              "099720109477"
            ],
            "platform": null,
            "product_codes": [],
            "public": true,
            "ramdisk_id": null,
            "root_device_name": "/dev/sda1",
            "root_device_type": "ebs",
            "root_snapshot_id": "snap-08ab44df4fb5fdf15",
            "sriov_net_support": "simple",
            "state": "available",
            "state_reason": {
              "code": "UNSET",
              "message": "UNSET"
            },
            "tags": {},
            "virtualization_type": "hvm"
          }
        }
      ]
    },
    {
      "mode": "data",
      "type": "aws_iam_role",
      "name": "AWSServiceRoleForAutoScaling",
      "provider": "provider.aws",
      "instances": [
        {
          "schema_version": 0,
          "attributes": {
            "arn": "arn:aws:iam::496124100072:role/aws-service-role/autoscaling.amazonaws.com/AWSServiceRoleForAutoScaling",
            "assume_role_policy": "{\"Version\":\"2012-10-17\",\"Statement\":[{\"Effect\":\"Allow\",\"Principal\":{\"Service\":\"autoscaling.amazonaws.com\"},\"Action\":\"sts:AssumeRole\"}]}",
            "assume_role_policy_document": null,
            "create_date": "2018-12-01T20:36:47Z",
            "description": "Default Service-Linked Role enables access to AWS Services and Resources used or managed by Auto Scaling",
            "id": "AWSServiceRoleForAutoScaling",
            "max_session_duration": 3600,
            "name": "AWSServiceRoleForAutoScaling",
            "path": "/aws-service-role/autoscaling.amazonaws.com/",
            "permissions_boundary": "",
            "role_id": null,
            "role_name": null,
            "unique_id": "AROAJN4T75RSOCV5OHIUC"
          }
        }
      ]
    },
    {
      "mode": "data",
      "type": "aws_iam_user",
      "name": "rlmgt_user",
      "provider": "provider.aws",
      "instances": [
        {
          "schema_version": 0,
          "attributes": {
            "arn": "arn:aws:iam::496124100072:user/release-mgt-user",
            "id": "AIDAXHA2M7XUJ6RGTNLIE",
            "path": "/",
            "permissions_boundary": "",
            "user_id": "AIDAXHA2M7XUJ6RGTNLIE",
            "user_name": "release-mgt-user"
          }
        }
      ]
    },
    {
      "mode": "data",
      "type": "aws_route53_zone",
      "name": "selected",
      "provider": "provider.aws",
      "instances": [
        {
          "schema_version": 0,
          "attributes": {
            "caller_reference": "RISWorkflow-RD:85e1ee34-348b-4e78-876c-ab04fc7690c1",
            "comment": "HostedZone created by Route53 Registrar",
            "id": "Z3EJHHBK729B60",
            "name": "releasemgt.net.",
            "name_servers": [
              "ns-1168.awsdns-18.org",
              "ns-1987.awsdns-56.co.uk",
              "ns-820.awsdns-38.net",
              "ns-44.awsdns-05.com"
            ],
            "private_zone": false,
            "resource_record_set_count": 4,
            "tags": null,
            "vpc_id": null,
            "zone_id": "Z3EJHHBK729B60"
          }
        }
      ]
    },
    {
      "mode": "managed",
      "type": "aws_autoscaling_attachment",
      "name": "rlmgt_asg_attachment",
      "provider": "provider.aws",
      "instances": [
        {
          "schema_version": 0,
          "attributes": {
            "alb_target_group_arn": "arn:aws:elasticloadbalancing:eu-central-1:496124100072:targetgroup/greencityRelMgtTargetGroup/f9d27421ed001465",
            "autoscaling_group_name": "tf-asg-20190530203654070400000006",
            "elb": null,
            "id": "tf-asg-20190530203654070400000006-20190530203742942100000007"
          },
          "depends_on": [
            "aws_autoscaling_group.rlmgt_asg",
            "aws_lb_target_group.rlmgt_elb_target_group"
          ]
        }
      ]
    },
    {
      "mode": "managed",
      "type": "aws_autoscaling_group",
      "name": "rlmgt_asg",
      "provider": "provider.aws",
      "instances": [
        {
          "schema_version": 0,
          "attributes": {
            "arn": "arn:aws:autoscaling:eu-central-1:496124100072:autoScalingGroup:dd04a481-2a9a-44eb-bc7a-fcc2d48c3f28:autoScalingGroupName/tf-asg-20190530203654070400000006",
            "availability_zones": [
              "eu-central-1a",
              "eu-central-1b",
              "eu-central-1c"
            ],
            "default_cooldown": 300,
            "desired_capacity": 1,
            "enabled_metrics": [],
            "force_delete": false,
            "health_check_grace_period": 300,
            "health_check_type": "ELB",
            "id": "tf-asg-20190530203654070400000006",
            "initial_lifecycle_hook": [],
            "launch_configuration": "",
            "launch_template": [
              {
                "id": "lt-0fff852c1b8d6963e",
                "name": "greencityRelMgtInstance20190530203653465100000004",
                "version": "$Latest"
              }
            ],
            "load_balancers": [],
            "max_size": 1,
            "metrics_granularity": "1Minute",
            "min_elb_capacity": null,
            "min_size": 1,
            "mixed_instances_policy": [],
            "name": "tf-asg-20190530203654070400000006",
            "name_prefix": null,
            "placement_group": "",
            "protect_from_scale_in": false,
            "service_linked_role_arn": "arn:aws:iam::496124100072:role/aws-service-role/autoscaling.amazonaws.com/AWSServiceRoleForAutoScaling",
            "suspended_processes": [],
            "tag": [
              {
                "key": "Name",
                "propagate_at_launch": true,
                "value": "greencityRelMgtInstance"
              }
            ],
            "tags": null,
            "target_group_arns": [
              "arn:aws:elasticloadbalancing:eu-central-1:496124100072:targetgroup/greencityRelMgtTargetGroup/f9d27421ed001465"
            ],
            "termination_policies": [],
            "timeouts": null,
            "vpc_zone_identifier": [
              "subnet-04e16ccd1d2b69c50",
              "subnet-0685932dddbc0a409",
              "subnet-0a096472ff7c51751"
            ],
            "wait_for_capacity_timeout": "10m",
            "wait_for_elb_capacity": null
          },
          "depends_on": [
            "aws_launch_template.rlmgt_launch_template",
            "aws_subnet.rlmgt_public_subnet",
            "data.aws_iam_role.AWSServiceRoleForAutoScaling"
          ]
        }
      ]
    },
    {
      "mode": "managed",
      "type": "aws_codedeploy_app",
      "name": "rlmgt_codedeploy_app",
      "provider": "provider.aws",
      "instances": [
        {
          "schema_version": 0,
          "attributes": {
            "compute_platform": "Server",
            "id": "032e666a-6bef-4e3e-b0e8-f4ab14d1160b:greencityRelMgtApp",
            "name": "greencityRelMgtApp",
            "unique_id": null
          }
        }
      ]
    },
    {
      "mode": "managed",
      "type": "aws_codedeploy_deployment_group",
      "name": "rlmgt_deployment_group",
      "provider": "provider.aws",
      "instances": [
        {
          "schema_version": 0,
          "attributes": {
            "alarm_configuration": [],
            "app_name": "greencityRelMgtApp",
            "auto_rollback_configuration": [],
            "autoscaling_groups": [
              "tf-asg-20190530203654070400000006"
            ],
            "blue_green_deployment_config": [],
            "deployment_config_name": "CodeDeployDefault.AllAtOnce",
            "deployment_group_name": "greencityRelMgtDeploymentGroup",
            "deployment_style": [
              {
                "deployment_option": "WITHOUT_TRAFFIC_CONTROL",
                "deployment_type": "IN_PLACE"
              }
            ],
            "ec2_tag_filter": [],
            "ec2_tag_set": [],
            "ecs_service": [],
            "id": "1128f224-daab-4c2c-8d8b-95276293c361",
            "load_balancer_info": [
              {
                "elb_info": [
                  {
                    "name": "greencityRelMgtElb"
                  }
                ],
                "target_group_info": [],
                "target_group_pair_info": []
              }
            ],
            "on_premises_instance_tag_filter": [],
            "service_role_arn": "arn:aws:iam::496124100072:role/greencityRelMgtCodeDeployRole",
            "trigger_configuration": []
          },
          "depends_on": [
            "aws_autoscaling_group.rlmgt_asg",
            "aws_codedeploy_app.rlmgt_codedeploy_app",
            "aws_iam_role.rlmgt_deployment_role",
            "aws_lb.rlmgt_elb"
          ]
        }
      ]
    },
    {
      "mode": "managed",
      "type": "aws_efs_file_system",
      "name": "rlmgt_efs",
      "provider": "provider.aws",
      "instances": [
        {
          "schema_version": 0,
          "attributes": {
            "arn": "arn:aws:elasticfilesystem:eu-central-1:496124100072:file-system/fs-95bff9cc",
            "creation_token": "greencityRelMgEfsToken",
            "dns_name": "fs-95bff9cc.efs.eu-central-1.amazonaws.com",
            "encrypted": false,
            "id": "fs-95bff9cc",
            "kms_key_id": "",
            "performance_mode": "generalPurpose",
            "provisioned_throughput_in_mibps": 0,
            "reference_name": null,
            "tags": {
              "Name": "greencityRelMgtEfsName"
            },
            "throughput_mode": "bursting"
          }
        }
      ]
    },
    {
      "mode": "managed",
      "type": "aws_efs_mount_target",
      "name": "rlmgt_efs_mount_target",
      "each": "list",
      "provider": "provider.aws",
      "instances": [
        {
          "index_key": 0,
          "schema_version": 0,
          "attributes": {
            "dns_name": "fs-95bff9cc.efs.eu-central-1.amazonaws.com",
            "file_system_arn": "arn:aws:elasticfilesystem:eu-central-1:496124100072:file-system/fs-95bff9cc",
            "file_system_id": "fs-95bff9cc",
            "id": "fsmt-21bc0e78",
            "ip_address": "10.0.0.153",
            "network_interface_id": "eni-0ea65bd60ac193bc1",
            "security_groups": [
              "sg-0ff3764b62c40a285"
            ],
            "subnet_id": "subnet-0a096472ff7c51751"
          },
          "depends_on": [
            "aws_efs_file_system.rlmgt_efs",
            "aws_security_group.rlmgt_efs_sg",
            "aws_subnet.rlmgt_public_subnet"
          ]
        },
        {
          "index_key": 1,
          "schema_version": 0,
          "attributes": {
            "dns_name": "fs-95bff9cc.efs.eu-central-1.amazonaws.com",
            "file_system_arn": "arn:aws:elasticfilesystem:eu-central-1:496124100072:file-system/fs-95bff9cc",
            "file_system_id": "fs-95bff9cc",
            "id": "fsmt-2fbc0e76",
            "ip_address": "10.0.1.239",
            "network_interface_id": "eni-0bed4535bb6ee0899",
            "security_groups": [
              "sg-0ff3764b62c40a285"
            ],
            "subnet_id": "subnet-04e16ccd1d2b69c50"
          },
          "depends_on": [
            "aws_efs_file_system.rlmgt_efs",
            "aws_security_group.rlmgt_efs_sg",
            "aws_subnet.rlmgt_public_subnet"
          ]
        },
        {
          "index_key": 2,
          "schema_version": 0,
          "attributes": {
            "dns_name": "fs-95bff9cc.efs.eu-central-1.amazonaws.com",
            "file_system_arn": "arn:aws:elasticfilesystem:eu-central-1:496124100072:file-system/fs-95bff9cc",
            "file_system_id": "fs-95bff9cc",
            "id": "fsmt-2ebc0e77",
            "ip_address": "10.0.2.65",
            "network_interface_id": "eni-062cd3379beaa47ad",
            "security_groups": [
              "sg-0ff3764b62c40a285"
            ],
            "subnet_id": "subnet-0685932dddbc0a409"
          },
          "depends_on": [
            "aws_efs_file_system.rlmgt_efs",
            "aws_security_group.rlmgt_efs_sg",
            "aws_subnet.rlmgt_public_subnet"
          ]
        }
      ]
    },
    {
      "mode": "managed",
      "type": "aws_iam_instance_profile",
      "name": "rlmgt_instance_profile",
      "provider": "provider.aws",
      "instances": [
        {
          "schema_version": 0,
          "attributes": {
            "arn": "arn:aws:iam::496124100072:instance-profile/greencityRelMgtInstanceProfile",
            "create_date": "2019-05-30T20:36:45Z",
            "id": "greencityRelMgtInstanceProfile",
            "name": "greencityRelMgtInstanceProfile",
            "name_prefix": null,
            "path": "/",
            "role": "greencityRelMgtInstanceRole",
            "roles": [
              "greencityRelMgtInstanceRole"
            ],
            "unique_id": "AIPAXHA2M7XUDLR5CKLA3"
          },
          "depends_on": [
            "aws_iam_role.rlmgt_instance_role"
          ]
        }
      ]
    },
    {
      "mode": "managed",
      "type": "aws_iam_role",
      "name": "rlmgt_deployment_role",
      "provider": "provider.aws",
      "instances": [
        {
          "schema_version": 0,
          "attributes": {
            "arn": "arn:aws:iam::496124100072:role/greencityRelMgtCodeDeployRole",
            "assume_role_policy": "{\"Version\":\"2012-10-17\",\"Statement\":[{\"Sid\":\"\",\"Effect\":\"Allow\",\"Principal\":{\"Service\":\"codedeploy.amazonaws.com\"},\"Action\":\"sts:AssumeRole\"}]}",
            "create_date": "2019-05-30T20:36:43Z",
            "description": "Allow CodeDeploy service to access autoscale, ec2 and SNS",
            "force_detach_policies": false,
            "id": "greencityRelMgtCodeDeployRole",
            "max_session_duration": 3600,
            "name": "greencityRelMgtCodeDeployRole",
            "name_prefix": null,
            "path": "/",
            "permissions_boundary": null,
            "tags": {},
            "unique_id": "AROAXHA2M7XUBOAOFY2RX"
          }
        }
      ]
    },
    {
      "mode": "managed",
      "type": "aws_iam_role",
      "name": "rlmgt_instance_role",
      "provider": "provider.aws",
      "instances": [
        {
          "schema_version": 0,
          "attributes": {
            "arn": "arn:aws:iam::496124100072:role/greencityRelMgtInstanceRole",
            "assume_role_policy": "{\"Version\":\"2012-10-17\",\"Statement\":[{\"Sid\":\"\",\"Effect\":\"Allow\",\"Principal\":{\"Service\":\"ec2.amazonaws.com\"},\"Action\":\"sts:AssumeRole\"}]}",
            "create_date": "2019-05-30T20:36:43Z",
            "description": "Allow EC2 instances to access to S3, SNS and SQS which are used by CodeDeploy agent",
            "force_detach_policies": false,
            "id": "greencityRelMgtInstanceRole",
            "max_session_duration": 3600,
            "name": "greencityRelMgtInstanceRole",
            "name_prefix": null,
            "path": "/",
            "permissions_boundary": null,
            "tags": {},
            "unique_id": "AROAXHA2M7XUMP425AK2K"
          }
        }
      ]
    },
    {
      "mode": "managed",
      "type": "aws_iam_role_policy_attachment",
      "name": "AWSCodeDeployRole",
      "provider": "provider.aws",
      "instances": [
        {
          "schema_version": 0,
          "attributes": {
            "id": "greencityRelMgtCodeDeployRole-20190530203644693800000001",
            "policy_arn": "arn:aws:iam::aws:policy/service-role/AWSCodeDeployRole",
            "role": "greencityRelMgtCodeDeployRole"
          },
          "depends_on": [
            "aws_iam_role.rlmgt_deployment_role"
          ]
        }
      ]
    },
    {
      "mode": "managed",
      "type": "aws_iam_role_policy_attachment",
      "name": "AmazonEC2RoleforAWSCodeDeploy",
      "provider": "provider.aws",
      "instances": [
        {
          "schema_version": 0,
          "attributes": {
            "id": "greencityRelMgtInstanceRole-20190530203645190900000003",
            "policy_arn": "arn:aws:iam::aws:policy/service-role/AmazonEC2RoleforAWSCodeDeploy",
            "role": "greencityRelMgtInstanceRole"
          },
          "depends_on": [
            "aws_iam_role.rlmgt_instance_role"
          ]
        }
      ]
    },
    {
      "mode": "managed",
      "type": "aws_iam_role_policy_attachment",
      "name": "AutoScalingNotificationAccessRole",
      "provider": "provider.aws",
      "instances": [
        {
          "schema_version": 0,
          "attributes": {
            "id": "greencityRelMgtInstanceRole-20190530203645172000000002",
            "policy_arn": "arn:aws:iam::aws:policy/service-role/AutoScalingNotificationAccessRole",
            "role": "greencityRelMgtInstanceRole"
          },
          "depends_on": [
            "aws_iam_role.rlmgt_instance_role"
          ]
        }
      ]
    },
    {
      "mode": "managed",
      "type": "aws_internet_gateway",
      "name": "rlmgt_igw",
      "provider": "provider.aws",
      "instances": [
        {
          "schema_version": 0,
          "attributes": {
            "id": "igw-0d8e773acfe49a694",
            "owner_id": "496124100072",
            "tags": {
              "Name": "greencityRelMgtIGW"
            },
            "vpc_id": "vpc-0cfd945308b8d7afb"
          },
          "depends_on": [
            "aws_vpc.rlmgt_vpc"
          ]
        }
      ]
    },
    {
      "mode": "managed",
      "type": "aws_kms_alias",
      "name": "rlmgt_ebs_kms_key_alias",
      "provider": "provider.aws",
      "instances": [
        {
          "schema_version": 0,
          "attributes": {
            "arn": "arn:aws:kms:eu-central-1:496124100072:alias/greencityEbsKmsKey",
            "id": "alias/greencityEbsKmsKey",
            "name": "alias/greencityEbsKmsKey",
            "name_prefix": null,
            "target_key_arn": "arn:aws:kms:eu-central-1:496124100072:key/6d1d3502-c761-409c-b78e-9944347f1d93",
            "target_key_id": "6d1d3502-c761-409c-b78e-9944347f1d93"
          },
          "depends_on": [
            "aws_kms_key.rlmgt_ebs_kms_key"
          ]
        }
      ]
    },
    {
      "mode": "managed",
      "type": "aws_kms_key",
      "name": "rlmgt_ebs_kms_key",
      "provider": "provider.aws",
      "instances": [
        {
          "schema_version": 0,
          "attributes": {
            "arn": "arn:aws:kms:eu-central-1:496124100072:key/6d1d3502-c761-409c-b78e-9944347f1d93",
            "deletion_window_in_days": null,
            "description": "greencity EBS KMS Key",
            "enable_key_rotation": false,
            "id": "6d1d3502-c761-409c-b78e-9944347f1d93",
            "is_enabled": true,
            "key_id": "6d1d3502-c761-409c-b78e-9944347f1d93",
            "key_usage": "ENCRYPT_DECRYPT",
            "policy": "{\"Id\":\"key-default-1\",\"Statement\":[{\"Action\":\"kms:*\",\"Effect\":\"Allow\",\"Principal\":{\"AWS\":[\"arn:aws:iam::496124100072:role/aws-service-role/autoscaling.amazonaws.com/AWSServiceRoleForAutoScaling\",\"arn:aws:iam::496124100072:user/release-mgt-user\"]},\"Resource\":\"*\",\"Sid\":\"Enable IAM User Permissions\"}],\"Version\":\"2012-10-17\"}",
            "tags": {}
          },
          "depends_on": [
            "data.aws_iam_role.AWSServiceRoleForAutoScaling",
            "data.aws_iam_user.rlmgt_user"
          ]
        }
      ]
    },
    {
      "mode": "managed",
      "type": "aws_launch_template",
      "name": "rlmgt_launch_template",
      "provider": "provider.aws",
      "instances": [
        {
          "schema_version": 0,
          "attributes": {
            "arn": "arn:aws:ec2:eu-central-1:496124100072:launch-template/lt-0fff852c1b8d6963e",
            "block_device_mappings": [
              {
                "device_name": "/dev/sda1",
                "ebs": [
                  {
                    "delete_on_termination": "true",
                    "encrypted": "true",
                    "iops": 0,
                    "kms_key_id": "6d1d3502-c761-409c-b78e-9944347f1d93",
                    "snapshot_id": "",
                    "volume_size": 8,
                    "volume_type": ""
                  }
                ],
                "no_device": "",
                "virtual_name": ""
              }
            ],
            "capacity_reservation_specification": [],
            "credit_specification": [],
            "default_version": 1,
            "description": "",
            "disable_api_termination": false,
            "ebs_optimized": "",
            "elastic_gpu_specifications": [],
            "elastic_inference_accelerator": [],
            "iam_instance_profile": [
              {
                "arn": "",
                "name": "greencityRelMgtInstanceProfile"
              }
            ],
            "id": "lt-0fff852c1b8d6963e",
            "image_id": "ami-009c174642dba28e4",
            "instance_initiated_shutdown_behavior": "",
            "instance_market_options": [],
            "instance_type": "t2.micro",
            "kernel_id": "",
            "key_name": "releasemgt",
            "latest_version": 10,
            "license_specification": [],
            "monitoring": [],
            "name": "greencityRelMgtInstance20190530203653465100000004",
            "name_prefix": "greencityRelMgtInstance",
            "network_interfaces": [],
            "placement": [],
            "ram_disk_id": "",
            "security_group_names": [],
            "tag_specifications": [
              {
                "resource_type": "volume",
                "tags": {
                  "Name": "greencityRlgMgtVolume"
                }
              }
            ],
            "tags": {},
            "user_data": "IyEvYmluL2Jhc2ggLXgKCiM9PT09PT09PT09PT09PT09PT09PT09PT09PT09PT09PT09PT09PT09PT09PT09PT09PT09PT09PT09PT09PT09PT09PT09PT09PT09PT09PT09PT09PT09PT09PT09PT09PT09PT09PT09CiMgTm90ZTogdG8gYXBwbHkgY2hhbmdlcyBwZXJmb3JtZWQgaW4gdGhpcyBzY3JpcHQ6IGZvcmNlIHJ1bm5pbmcgRUMyIGluc3RhbmNlcyB0byB0ZXJtaW5hdGUgdmlhIEFXUyBDb25zb2xlCiM9PT09PT09PT09PT09PT09PT09PT09PT09PT09PT09PT09PT09PT09PT09PT09PT09PT09PT09PT09PT09PT09PT09PT09PT09PT09PT09PT09PT09PT09PT09PT09PT09PT09PT09PT09CgojSW5zdGFsbCBDb2RlRGVwbG95IGFnZW50CnN1ZG8gYXB0LWdldCB1cGRhdGUKc3VkbyBhcHQtZ2V0IGluc3RhbGwgLXkgcnVieSB3Z2V0IGRlZmF1bHQtanJlCmNkIC9ob21lL3VidW50dS8Kd2dldCBodHRwczovL2F3cy1jb2RlZGVwbG95LWV1LWNlbnRyYWwtMS5zMy5ldS1jZW50cmFsLTEuYW1hem9uYXdzLmNvbS9sYXRlc3QvaW5zdGFsbApjaG1vZCAreCAuL2luc3RhbGwKc3VkbyAuL2luc3RhbGwgYXV0bwpybSAuL2luc3RhbGwKc3VkbyBzZXJ2aWNlIGNvZGVkZXBsb3ktYWdlbnQgc3RhcnQKCiNJbnN0YWxsIEphdmEKc3VkbyBhcHQtZ2V0IGluc3RhbGwgLXkgZGVmYXVsdC1qcmUKCiNTZXR1cCBFRlMKc3VkbyBhcHQtZ2V0IGluc3RhbGwgLXkgbmZzLWNvbW1vbgpzdWRvIG1rZGlyIC4vZWZzCnN1ZG8gbW91bnQgLXQgbmZzNCAtbyBuZnN2ZXJzPTQuMSxyc2l6ZT0xMDQ4NTc2LHdzaXplPTEwNDg1NzYsaGFyZCx0aW1lbz02MDAscmV0cmFucz0yLG5vcmVzdnBvcnQgZnMtOTViZmY5Y2MuZWZzLmV1LWNlbnRyYWwtMS5hbWF6b25hd3MuY29tOi8gLi9lZnMKc3VkbyBjaG93biB1YnVudHU6dWJ1bnR1IC1SIC4vZWZzCg==",
            "vpc_security_group_ids": [
              "sg-0408be63a7d812ec2"
            ]
          },
          "depends_on": [
            "aws_efs_file_system.rlmgt_efs",
            "aws_iam_instance_profile.rlmgt_instance_profile",
            "aws_kms_key.rlmgt_ebs_kms_key",
            "aws_security_group.rlmgt_instance_sg",
            "data.aws_ami.ubuntu"
          ]
        }
      ]
    },
    {
      "mode": "managed",
      "type": "aws_lb",
      "name": "rlmgt_elb",
      "provider": "provider.aws",
      "instances": [
        {
          "schema_version": 0,
          "attributes": {
            "access_logs": [
              {
                "bucket": "",
                "enabled": false,
                "prefix": ""
              }
            ],
            "arn": "arn:aws:elasticloadbalancing:eu-central-1:496124100072:loadbalancer/app/greencityRelMgtElb/86d040bc62da81aa",
            "arn_suffix": "app/greencityRelMgtElb/86d040bc62da81aa",
            "dns_name": "greencityRelMgtElb-1156186967.eu-central-1.elb.amazonaws.com",
            "enable_cross_zone_load_balancing": null,
            "enable_deletion_protection": false,
            "enable_http2": true,
            "id": "arn:aws:elasticloadbalancing:eu-central-1:496124100072:loadbalancer/app/greencityRelMgtElb/86d040bc62da81aa",
            "idle_timeout": 60,
            "internal": false,
            "ip_address_type": "ipv4",
            "load_balancer_type": "application",
            "name": "greencityRelMgtElb",
            "name_prefix": null,
            "security_groups": [
              "sg-0c9d9c01fd1257cd1"
            ],
            "subnet_mapping": [
              {
                "allocation_id": "",
                "subnet_id": "subnet-04e16ccd1d2b69c50"
              },
              {
                "allocation_id": "",
                "subnet_id": "subnet-0685932dddbc0a409"
              },
              {
                "allocation_id": "",
                "subnet_id": "subnet-0a096472ff7c51751"
              }
            ],
            "subnets": [
              "subnet-04e16ccd1d2b69c50",
              "subnet-0685932dddbc0a409",
              "subnet-0a096472ff7c51751"
            ],
            "tags": {},
            "timeouts": null,
            "vpc_id": "vpc-0cfd945308b8d7afb",
            "zone_id": "Z215JYRZR1TBD5"
          },
          "depends_on": [
            "aws_security_group.rlmgt_elb_sg",
            "aws_subnet.rlmgt_public_subnet"
          ]
        }
      ]
    },
    {
      "mode": "managed",
      "type": "aws_lb_listener",
      "name": "rlmgt_elb_listener_http",
      "provider": "provider.aws",
      "instances": [
        {
          "schema_version": 0,
          "attributes": {
            "arn": "arn:aws:elasticloadbalancing:eu-central-1:496124100072:listener/app/greencityRelMgtElb/86d040bc62da81aa/32e0af471ee60619",
            "certificate_arn": null,
            "default_action": [
              {
                "authenticate_cognito": [],
                "authenticate_oidc": [],
                "fixed_response": [],
                "order": 1,
                "redirect": [
                  {
                    "host": "#{host}",
                    "path": "/#{path}",
                    "port": "443",
                    "protocol": "HTTPS",
                    "query": "#{query}",
                    "status_code": "HTTP_301"
                  }
                ],
                "target_group_arn": "",
                "type": "redirect"
              }
            ],
            "id": "arn:aws:elasticloadbalancing:eu-central-1:496124100072:listener/app/greencityRelMgtElb/86d040bc62da81aa/32e0af471ee60619",
            "load_balancer_arn": "arn:aws:elasticloadbalancing:eu-central-1:496124100072:loadbalancer/app/greencityRelMgtElb/86d040bc62da81aa",
            "port": 80,
            "protocol": "HTTP",
            "ssl_policy": "",
            "timeouts": null
          },
          "depends_on": [
            "aws_lb.rlmgt_elb"
          ]
        }
      ]
    },
    {
      "mode": "managed",
      "type": "aws_lb_listener",
      "name": "rlmgt_elb_listener_https",
      "provider": "provider.aws",
      "instances": [
        {
          "schema_version": 0,
          "attributes": {
            "arn": "arn:aws:elasticloadbalancing:eu-central-1:496124100072:listener/app/greencityRelMgtElb/86d040bc62da81aa/86f6a890ae77a20a",
            "certificate_arn": "arn:aws:acm:eu-central-1:496124100072:certificate/0fa0b06b-902f-49d1-bbe9-7379493cbb6c",
            "default_action": [
              {
                "authenticate_cognito": [],
                "authenticate_oidc": [],
                "fixed_response": [],
                "order": 1,
                "redirect": [],
                "target_group_arn": "arn:aws:elasticloadbalancing:eu-central-1:496124100072:targetgroup/greencityRelMgtTargetGroup/f9d27421ed001465",
                "type": "forward"
              }
            ],
            "id": "arn:aws:elasticloadbalancing:eu-central-1:496124100072:listener/app/greencityRelMgtElb/86d040bc62da81aa/86f6a890ae77a20a",
            "load_balancer_arn": "arn:aws:elasticloadbalancing:eu-central-1:496124100072:loadbalancer/app/greencityRelMgtElb/86d040bc62da81aa",
            "port": 443,
            "protocol": "HTTPS",
            "ssl_policy": "ELBSecurityPolicy-2016-08",
            "timeouts": null
          },
          "depends_on": [
            "aws_lb.rlmgt_elb",
            "aws_lb_target_group.rlmgt_elb_target_group",
            "data.aws_acm_certificate.rlmgt_domain_certificate"
          ]
        }
      ]
    },
    {
      "mode": "managed",
      "type": "aws_lb_target_group",
      "name": "rlmgt_elb_target_group",
      "provider": "provider.aws",
      "instances": [
        {
          "schema_version": 0,
          "attributes": {
            "arn": "arn:aws:elasticloadbalancing:eu-central-1:496124100072:targetgroup/greencityRelMgtTargetGroup/f9d27421ed001465",
            "arn_suffix": "targetgroup/greencityRelMgtTargetGroup/f9d27421ed001465",
            "deregistration_delay": 300,
            "health_check": [
              {
                "enabled": true,
                "healthy_threshold": 3,
                "interval": 30,
                "matcher": "200",
                "path": "/login",
                "port": "80",
                "protocol": "HTTP",
                "timeout": 5,
                "unhealthy_threshold": 3
              }
            ],
            "id": "arn:aws:elasticloadbalancing:eu-central-1:496124100072:targetgroup/greencityRelMgtTargetGroup/f9d27421ed001465",
            "lambda_multi_value_headers_enabled": false,
            "name": "greencityRelMgtTargetGroup",
            "name_prefix": null,
            "port": 80,
            "protocol": "HTTP",
            "proxy_protocol_v2": false,
            "slow_start": 0,
            "stickiness": [
              {
                "cookie_duration": 86400,
                "enabled": false,
                "type": "lb_cookie"
              }
            ],
            "tags": {},
            "target_type": "instance",
            "vpc_id": "vpc-0cfd945308b8d7afb"
          },
          "depends_on": [
            "aws_vpc.rlmgt_vpc"
          ]
        }
      ]
    },
    {
      "mode": "managed",
      "type": "aws_route53_record",
      "name": "rlmgt_dns_record",
      "provider": "provider.aws",
      "instances": [
        {
          "schema_version": 2,
          "attributes": {
            "alias": [
              {
                "evaluate_target_health": false,
                "name": "greencityrelmgtelb-1156186967.eu-central-1.elb.amazonaws.com",
                "zone_id": "Z215JYRZR1TBD5"
              }
            ],
            "allow_overwrite": null,
            "failover_routing_policy": [],
            "fqdn": "greencity.releasemgt.net",
            "geolocation_routing_policy": [],
            "health_check_id": "",
            "id": "Z3EJHHBK729B60_greencity_A",
            "latency_routing_policy": [],
            "multivalue_answer_routing_policy": null,
            "name": "greencity",
            "records": [],
            "set_identifier": "",
            "ttl": 0,
            "type": "A",
            "weighted_routing_policy": [],
            "zone_id": "Z3EJHHBK729B60"
          },
          "depends_on": [
            "aws_lb.rlmgt_elb",
            "data.aws_route53_zone.selected"
          ]
        }
      ]
    },
    {
      "mode": "managed",
      "type": "aws_route_table",
      "name": "rlmgt_route",
      "provider": "provider.aws",
      "instances": [
        {
          "schema_version": 0,
          "attributes": {
            "id": "rtb-0c81d007a8da6f7cd",
            "owner_id": "496124100072",
            "propagating_vgws": [],
            "route": [
              {
                "cidr_block": "0.0.0.0/0",
                "egress_only_gateway_id": "",
                "gateway_id": "igw-0d8e773acfe49a694",
                "instance_id": "",
                "ipv6_cidr_block": "",
                "nat_gateway_id": "",
                "network_interface_id": "",
                "transit_gateway_id": "",
                "vpc_peering_connection_id": ""
              }
            ],
            "tags": {
              "Name": "greencityRelMgtRoute"
            },
            "vpc_id": "vpc-0cfd945308b8d7afb"
          },
          "depends_on": [
            "aws_internet_gateway.rlmgt_igw",
            "aws_vpc.rlmgt_vpc"
          ]
        }
      ]
    },
    {
      "mode": "managed",
      "type": "aws_route_table_association",
      "name": "rlmgt_route_association",
      "each": "list",
      "provider": "provider.aws",
      "instances": [
        {
          "index_key": 0,
          "schema_version": 0,
          "attributes": {
            "id": "rtbassoc-0f452891200c5ce1b",
            "route_table_id": "rtb-0c81d007a8da6f7cd",
            "subnet_id": "subnet-0a096472ff7c51751"
          },
          "depends_on": [
            "aws_route_table.rlmgt_route",
            "aws_subnet.rlmgt_public_subnet"
          ]
        },
        {
          "index_key": 1,
          "schema_version": 0,
          "attributes": {
            "id": "rtbassoc-0f4cadb2d33e83e28",
            "route_table_id": "rtb-0c81d007a8da6f7cd",
            "subnet_id": "subnet-04e16ccd1d2b69c50"
          },
          "depends_on": [
            "aws_route_table.rlmgt_route",
            "aws_subnet.rlmgt_public_subnet"
          ]
        },
        {
          "index_key": 2,
          "schema_version": 0,
          "attributes": {
            "id": "rtbassoc-006dd2573e30694fe",
            "route_table_id": "rtb-0c81d007a8da6f7cd",
            "subnet_id": "subnet-0685932dddbc0a409"
          },
          "depends_on": [
            "aws_route_table.rlmgt_route",
            "aws_subnet.rlmgt_public_subnet"
          ]
        }
      ]
    },
    {
      "mode": "managed",
      "type": "aws_s3_bucket",
      "name": "rlmgt_storage",
      "provider": "provider.aws",
      "instances": [
        {
          "schema_version": 0,
          "attributes": {
            "acceleration_status": "",
            "acl": "private",
            "arn": "arn:aws:s3:::greencity-releasemgt",
            "bucket": "greencity-releasemgt",
            "bucket_domain_name": "greencity-releasemgt.s3.amazonaws.com",
            "bucket_prefix": null,
            "bucket_regional_domain_name": "greencity-releasemgt.s3.eu-central-1.amazonaws.com",
            "cors_rule": [],
            "force_destroy": false,
            "hosted_zone_id": "Z21DNDUVLTQW6Q",
            "id": "greencity-releasemgt",
            "lifecycle_rule": [],
            "logging": [],
            "object_lock_configuration": [],
            "policy": null,
            "region": "eu-central-1",
            "replication_configuration": [],
            "request_payer": "BucketOwner",
            "server_side_encryption_configuration": [],
            "tags": {
              "Name": "greencityRelMgtStorage"
            },
            "versioning": [
              {
                "enabled": false,
                "mfa_delete": false
              }
            ],
            "website": [],
            "website_domain": null,
            "website_endpoint": null
          }
        }
      ]
    },
    {
      "mode": "managed",
      "type": "aws_s3_bucket_public_access_block",
      "name": "rlmgt_storage_access",
      "provider": "provider.aws",
      "instances": [
        {
          "schema_version": 0,
          "attributes": {
            "block_public_acls": true,
            "block_public_policy": true,
            "bucket": "greencity-releasemgt",
            "id": "greencity-releasemgt",
            "ignore_public_acls": true,
            "restrict_public_buckets": true
          },
          "depends_on": [
            "aws_s3_bucket.rlmgt_storage"
          ]
        }
      ]
    },
    {
      "mode": "managed",
      "type": "aws_security_group",
      "name": "rlmgt_efs_sg",
      "provider": "provider.aws",
      "instances": [
        {
          "schema_version": 1,
          "attributes": {
            "arn": "arn:aws:ec2:eu-central-1:496124100072:security-group/sg-0ff3764b62c40a285",
            "description": "Release Mgt EFS Security Group",
            "egress": [],
            "id": "sg-0ff3764b62c40a285",
            "ingress": [
              {
                "cidr_blocks": [],
                "description": "Instances can access to EFS",
                "from_port": 0,
                "ipv6_cidr_blocks": [],
                "prefix_list_ids": [],
                "protocol": "-1",
                "security_groups": [
                  "sg-0408be63a7d812ec2"
                ],
                "self": false,
                "to_port": 0
              }
            ],
            "name": "greencityRelMgtEfsSG",
            "name_prefix": null,
            "owner_id": "496124100072",
            "revoke_rules_on_delete": false,
            "tags": {
              "Name": "greencityRelMgtInstanceSG"
            },
            "timeouts": null,
            "vpc_id": "vpc-0cfd945308b8d7afb"
          },
          "depends_on": [
            "aws_security_group.rlmgt_instance_sg",
            "aws_vpc.rlmgt_vpc"
          ]
        }
      ]
    },
    {
      "mode": "managed",
      "type": "aws_security_group",
      "name": "rlmgt_elb_sg",
      "provider": "provider.aws",
      "instances": [
        {
          "schema_version": 1,
          "attributes": {
            "arn": "arn:aws:ec2:eu-central-1:496124100072:security-group/sg-0c9d9c01fd1257cd1",
            "description": "Release Mgt ELB Security Group",
            "egress": [
              {
                "cidr_blocks": [
                  "0.0.0.0/0"
                ],
                "description": "Instances access (Web page and health check)",
                "from_port": 80,
                "ipv6_cidr_blocks": [
                  "::/0"
                ],
                "prefix_list_ids": [],
                "protocol": "tcp",
                "security_groups": [],
                "self": false,
                "to_port": 80
              }
            ],
            "id": "sg-0c9d9c01fd1257cd1",
            "ingress": [
              {
                "cidr_blocks": [
                  "0.0.0.0/0"
                ],
                "description": "HTTP",
                "from_port": 80,
                "ipv6_cidr_blocks": [
                  "::/0"
                ],
                "prefix_list_ids": [],
                "protocol": "tcp",
                "security_groups": [],
                "self": false,
                "to_port": 80
              },
              {
                "cidr_blocks": [
                  "0.0.0.0/0"
                ],
                "description": "HTTPS",
                "from_port": 443,
                "ipv6_cidr_blocks": [
                  "::/0"
                ],
                "prefix_list_ids": [],
                "protocol": "tcp",
                "security_groups": [],
                "self": false,
                "to_port": 443
              },
              {
                "cidr_blocks": [
                  "0.0.0.0/0"
                ],
                "description": "Ping",
                "from_port": 8,
                "ipv6_cidr_blocks": [],
                "prefix_list_ids": [],
                "protocol": "icmp",
                "security_groups": [],
                "self": false,
                "to_port": 0
              }
            ],
            "name": "greencityRelMgtElbSG",
            "name_prefix": null,
            "owner_id": "496124100072",
            "revoke_rules_on_delete": false,
            "tags": {
              "Name": "greencityRelMgtElbSG"
            },
            "timeouts": null,
            "vpc_id": "vpc-0cfd945308b8d7afb"
          },
          "depends_on": [
            "aws_vpc.rlmgt_vpc"
          ]
        }
      ]
    },
    {
      "mode": "managed",
      "type": "aws_security_group",
      "name": "rlmgt_instance_sg",
      "provider": "provider.aws",
      "instances": [
        {
          "schema_version": 1,
          "attributes": {
            "arn": "arn:aws:ec2:eu-central-1:496124100072:security-group/sg-0408be63a7d812ec2",
            "description": "Release Mgt Instance Security Group",
            "egress": [
              {
                "cidr_blocks": [
                  "0.0.0.0/0"
                ],
                "description": "Connection from EC2 to Internet",
                "from_port": 0,
                "ipv6_cidr_blocks": [],
                "prefix_list_ids": [],
                "protocol": "-1",
                "security_groups": [],
                "self": false,
                "to_port": 0
              }
            ],
            "id": "sg-0408be63a7d812ec2",
            "ingress": [
              {
                "cidr_blocks": [
                  "0.0.0.0/0"
                ],
                "description": "Ping",
                "from_port": 8,
                "ipv6_cidr_blocks": [],
                "prefix_list_ids": [],
                "protocol": "icmp",
                "security_groups": [],
                "self": false,
                "to_port": 0
              },
              {
                "cidr_blocks": [
                  "0.0.0.0/0"
                ],
                "description": "SSH",
                "from_port": 22,
                "ipv6_cidr_blocks": [],
                "prefix_list_ids": [],
                "protocol": "tcp",
                "security_groups": [],
                "self": false,
                "to_port": 22
              },
              {
                "cidr_blocks": [
                  "10.0.0.0/16"
                ],
                "description": "EFS",
                "from_port": 2049,
                "ipv6_cidr_blocks": [],
                "prefix_list_ids": [],
                "protocol": "tcp",
                "security_groups": [],
                "self": false,
                "to_port": 2049
              },
              {
                "cidr_blocks": [],
                "description": "HTTP requests from ELB",
                "from_port": 80,
                "ipv6_cidr_blocks": [],
                "prefix_list_ids": [],
                "protocol": "tcp",
                "security_groups": [
                  "sg-0c9d9c01fd1257cd1"
                ],
                "self": false,
                "to_port": 80
              }
            ],
            "name": "greencityRelMgtInstanceSG",
            "name_prefix": null,
            "owner_id": "496124100072",
            "revoke_rules_on_delete": false,
            "tags": {
              "Name": "greencityRelMgtInstanceSG"
            },
            "timeouts": null,
            "vpc_id": "vpc-0cfd945308b8d7afb"
          },
          "depends_on": [
            "aws_security_group.rlmgt_elb_sg",
            "aws_vpc.rlmgt_vpc"
          ]
        }
      ]
    },
    {
      "mode": "managed",
      "type": "aws_subnet",
      "name": "rlmgt_public_subnet",
      "each": "list",
      "provider": "provider.aws",
      "instances": [
        {
          "index_key": 0,
          "schema_version": 1,
          "attributes": {
            "arn": "arn:aws:ec2:eu-central-1:496124100072:subnet/subnet-0a096472ff7c51751",
            "assign_ipv6_address_on_creation": false,
            "availability_zone": "eu-central-1a",
            "availability_zone_id": "euc1-az2",
            "cidr_block": "10.0.0.0/24",
            "id": "subnet-0a096472ff7c51751",
            "ipv6_cidr_block": "",
            "ipv6_cidr_block_association_id": "",
            "map_public_ip_on_launch": true,
            "owner_id": "496124100072",
            "tags": {},
            "timeouts": null,
            "vpc_id": "vpc-0cfd945308b8d7afb"
          },
          "depends_on": [
            "aws_vpc.rlmgt_vpc"
          ]
        },
        {
          "index_key": 1,
          "schema_version": 1,
          "attributes": {
            "arn": "arn:aws:ec2:eu-central-1:496124100072:subnet/subnet-04e16ccd1d2b69c50",
            "assign_ipv6_address_on_creation": false,
            "availability_zone": "eu-central-1b",
            "availability_zone_id": "euc1-az3",
            "cidr_block": "10.0.1.0/24",
            "id": "subnet-04e16ccd1d2b69c50",
            "ipv6_cidr_block": "",
            "ipv6_cidr_block_association_id": "",
            "map_public_ip_on_launch": true,
            "owner_id": "496124100072",
            "tags": {},
            "timeouts": null,
            "vpc_id": "vpc-0cfd945308b8d7afb"
          },
          "depends_on": [
            "aws_vpc.rlmgt_vpc"
          ]
        },
        {
          "index_key": 2,
          "schema_version": 1,
          "attributes": {
            "arn": "arn:aws:ec2:eu-central-1:496124100072:subnet/subnet-0685932dddbc0a409",
            "assign_ipv6_address_on_creation": false,
            "availability_zone": "eu-central-1c",
            "availability_zone_id": "euc1-az1",
            "cidr_block": "10.0.2.0/24",
            "id": "subnet-0685932dddbc0a409",
            "ipv6_cidr_block": "",
            "ipv6_cidr_block_association_id": "",
            "map_public_ip_on_launch": true,
            "owner_id": "496124100072",
            "tags": {},
            "timeouts": null,
            "vpc_id": "vpc-0cfd945308b8d7afb"
          },
          "depends_on": [
            "aws_vpc.rlmgt_vpc"
          ]
        }
      ]
    },
    {
      "mode": "managed",
      "type": "aws_vpc",
      "name": "rlmgt_vpc",
      "provider": "provider.aws",
      "instances": [
        {
          "schema_version": 1,
          "attributes": {
            "arn": "arn:aws:ec2:eu-central-1:496124100072:vpc/vpc-0cfd945308b8d7afb",
            "assign_generated_ipv6_cidr_block": false,
            "cidr_block": "10.0.0.0/16",
            "default_network_acl_id": "acl-0f0219f364c63d09c",
            "default_route_table_id": "rtb-0b5615a0bc2b61752",
            "default_security_group_id": "sg-0379819e59eafd1b6",
            "dhcp_options_id": "dopt-79c48912",
            "enable_classiclink": null,
            "enable_classiclink_dns_support": null,
            "enable_dns_hostnames": true,
            "enable_dns_support": true,
            "id": "vpc-0cfd945308b8d7afb",
            "instance_tenancy": "default",
            "ipv6_association_id": "",
            "ipv6_cidr_block": "",
            "main_route_table_id": "rtb-0b5615a0bc2b61752",
            "owner_id": "496124100072",
            "tags": {
              "Name": "greencityRelMgtVPC"
            }
          }
        }
      ]
    }
  ]
}
