{
  "version": 4,
  "terraform_version": "0.12.0",
  "serial": 305,
  "lineage": "bf10fb97-f919-81e5-db87-453d9c013382",
  "outputs": {},
  "resources": [
    {
      "mode": "managed",
      "type": "aws_efs_mount_target",
      "name": "rlmgt_efs_mount_target",
      "each": "list",
      "provider": "provider.aws",
      "instances": []
    },
    {
      "mode": "managed",
      "type": "aws_route_table_association",
      "name": "rlmgt_route_association",
      "each": "list",
      "provider": "provider.aws",
      "instances": []
    },
    {
      "mode": "managed",
      "type": "aws_s3_bucket",
      "name": "rlmgt_storage",
      "provider": "provider.aws",
      "instances": [
        {
          "schema_version": 0,
          "attributes": {
            "acceleration_status": "",
            "acl": "private",
            "arn": "arn:aws:s3:::greencity-releasemgt",
            "bucket": "greencity-releasemgt",
            "bucket_domain_name": "greencity-releasemgt.s3.amazonaws.com",
            "bucket_prefix": null,
            "bucket_regional_domain_name": "greencity-releasemgt.s3.eu-central-1.amazonaws.com",
            "cors_rule": [],
            "force_destroy": false,
            "hosted_zone_id": "Z21DNDUVLTQW6Q",
            "id": "greencity-releasemgt",
            "lifecycle_rule": [],
            "logging": [],
            "object_lock_configuration": [],
            "policy": null,
            "region": "eu-central-1",
            "replication_configuration": [],
            "request_payer": "BucketOwner",
            "server_side_encryption_configuration": [],
            "tags": {
              "Name": "greencityRelMgtStorage"
            },
            "versioning": [
              {
                "enabled": false,
                "mfa_delete": false
              }
            ],
            "website": [],
            "website_domain": null,
            "website_endpoint": null
          }
        }
      ]
    },
    {
      "mode": "managed",
      "type": "aws_subnet",
      "name": "rlmgt_public_subnet",
      "each": "list",
      "provider": "provider.aws",
      "instances": []
    }
  ]
}
